PODS:
  - Mixpanel (3.3.3)
  - React (0.55.4):
    - React/Core (= 0.55.4)
  - react-native-camera (1.2.0):
    - React
    - react-native-camera/RCT (= 1.2.0)
    - react-native-camera/RN (= 1.2.0)
  - react-native-camera/RCT (1.2.0):
    - React
  - react-native-camera/RN (1.2.0):
    - React
  - react-native-config (0.11.5):
    - React
  - react-native-mixpanel (0.0.6):
    - Mixpanel
    - React
  - react-native-splash-screen (3.1.1):
    - React
  - React/ART (0.55.4):
    - React/Core
  - React/Core (0.55.4):
    - yoga (= 0.55.4.React)
  - React/DevSupport (0.55.4):
    - React/Core
    - React/RCTWebSocket
  - React/fishhook (0.55.4)
  - React/RCTActionSheet (0.55.4):
    - React/Core
  - React/RCTAnimation (0.55.4):
    - React/Core
  - React/RCTBlob (0.55.4):
    - React/Core
  - React/RCTCameraRoll (0.55.4):
    - React/Core
    - React/RCTImage
  - React/RCTGeolocation (0.55.4):
    - React/Core
  - React/RCTImage (0.55.4):
    - React/Core
    - React/RCTNetwork
  - React/RCTNetwork (0.55.4):
    - React/Core
  - React/RCTPushNotification (0.55.4):
    - React/Core
  - React/RCTText (0.55.4):
    - React/Core
  - React/RCTVibration (0.55.4):
    - React/Core
  - React/RCTWebSocket (0.55.4):
    - React/Core
    - React/fishhook
    - React/RCTBlob
  - ReactNativePermissions (1.1.1):
    - React
  - RNDeviceInfo (0.21.5):
    - React
  - RNFS (2.11.15):
    - React
  - RNI18n (2.0.12):
    - React
  - RNKeychain (3.0.0):
    - React
  - RNVectorIcons (4.6.0):
    - React
  - yoga (0.55.4.React)

DEPENDENCIES:
  - react-native-camera (from `../node_modules/react-native-camera`)
  - react-native-config (from `../node_modules/react-native-config`)
  - react-native-mixpanel (from `../node_modules/react-native-mixpanel`)
  - react-native-splash-screen (from `../node_modules/react-native-splash-screen`)
  - React/ART (from `../node_modules/react-native`)
  - React/Core (from `../node_modules/react-native`)
  - React/DevSupport (from `../node_modules/react-native`)
  - React/RCTActionSheet (from `../node_modules/react-native`)
  - React/RCTAnimation (from `../node_modules/react-native`)
  - React/RCTCameraRoll (from `../node_modules/react-native`)
  - React/RCTGeolocation (from `../node_modules/react-native`)
  - React/RCTImage (from `../node_modules/react-native`)
  - React/RCTNetwork (from `../node_modules/react-native`)
  - React/RCTPushNotification (from `../node_modules/react-native`)
  - React/RCTText (from `../node_modules/react-native`)
  - React/RCTVibration (from `../node_modules/react-native`)
  - React/RCTWebSocket (from `../node_modules/react-native`)
  - ReactNativePermissions (from `../node_modules/react-native-permissions`)
  - RNDeviceInfo (from `../node_modules/react-native-device-info`)
  - RNFS (from `../node_modules/react-native-fs`)
  - RNI18n (from `../node_modules/react-native-i18n`)
  - RNKeychain (from `../node_modules/react-native-keychain`)
  - RNVectorIcons (from `../node_modules/react-native-vector-icons`)
  - yoga (from `../node_modules/react-native/ReactCommon/yoga`)

SPEC REPOS:
  https://github.com/cocoapods/specs.git:
    - Mixpanel

EXTERNAL SOURCES:
  React:
    :path: "../node_modules/react-native"
  react-native-camera:
    :path: "../node_modules/react-native-camera"
  react-native-config:
    :path: "../node_modules/react-native-config"
  react-native-mixpanel:
    :path: "../node_modules/react-native-mixpanel"
  react-native-splash-screen:
    :path: "../node_modules/react-native-splash-screen"
  ReactNativePermissions:
    :path: "../node_modules/react-native-permissions"
  RNDeviceInfo:
    :path: "../node_modules/react-native-device-info"
  RNFS:
    :path: "../node_modules/react-native-fs"
  RNI18n:
    :path: "../node_modules/react-native-i18n"
  RNKeychain:
    :path: "../node_modules/react-native-keychain"
  RNVectorIcons:
    :path: "../node_modules/react-native-vector-icons"
  yoga:
    :path: "../node_modules/react-native/ReactCommon/yoga"

SPEC CHECKSUMS:
  Mixpanel: 3c3925c27f7a321d5978319a72f53f8f0885afc5
  React: aa2040dbb6f317b95314968021bd2888816e03d5
  react-native-camera: 68ad5143d2d0636236d46c7de8d2a6455ca52a36
  react-native-config: 408003951fd9d8b1dfd7ebf535f67c315f44d823
  react-native-mixpanel: 0683bc3f3f8db8f9d79a8ba8584ee51030338a2f
  react-native-splash-screen: 8e3f866dc79bfe533baeffd0a38c33f7a7eae7f8
  ReactNativePermissions: 9f2d9c45c98800795e6c2ed330e25d11a66a8169
  RNDeviceInfo: 568c5641057313b4912d08a7742ff0b2f753ed5c
  RNFS: bbb1a64eb245763daf34aea86f97c97c4e85f74c
  RNI18n: db9be06a40336f04d136f24dd5de3f5eb9f3207c
  RNKeychain: 627c6095cef215dd3d9804a9a9cf45ab96aa3997
  RNVectorIcons: c0dbfbf6068fefa240c37b0f71bd03b45dddac44
  yoga: a23273df0088bf7f2bb7e5d7b00044ea57a2a54a

PODFILE CHECKSUM: a9fdeb39d802169700709bce945bd8dd8536b4bf

COCOAPODS: 1.5.3
