PODS:
  - boost (1.76.0)
  - BVLinearGradient (2.5.6):
    - React
  - CocoaAsyncSocket (7.6.5)
  - DoubleConversion (1.1.6)
  - FBLazyVector (0.69.9)
  - FBReactNativeSpec (0.69.9):
    - RCT-Folly (= 2021.06.28.00-v2)
    - RCTRequired (= 0.69.9)
    - RCTTypeSafety (= 0.69.9)
    - React-Core (= 0.69.9)
    - React-jsi (= 0.69.9)
    - ReactCommon/turbomodule/core (= 0.69.9)
  - Flipper (0.154.0):
    - Flipper-Folly (~> 2.6)
  - Flipper-Boost-iOSX (1.76.0.1.11)
  - Flipper-DoubleConversion (3.2.0.1)
  - Flipper-Fmt (7.1.7)
  - Flipper-Folly (2.6.10):
    - Flipper-Boost-iOSX
    - Flipper-DoubleConversion
    - Flipper-Fmt (= 7.1.7)
    - Flipper-Glog
    - libevent (~> 2.1.12)
    - OpenSSL-Universal (= 1.1.1100)
  - Flipper-Glog (0.5.0.5)
  - Flipper-PeerTalk (0.0.4)
  - Flipper-RSocket (1.4.3):
    - Flipper-Folly (~> 2.6)
  - FlipperKit (0.154.0):
    - FlipperKit/Core (= 0.154.0)
  - FlipperKit/Core (0.154.0):
    - Flipper (~> 0.154.0)
    - FlipperKit/CppBridge
    - FlipperKit/FBCxxFollyDynamicConvert
    - FlipperKit/FBDefines
    - FlipperKit/FKPortForwarding
    - SocketRocket (~> 0.6.0)
  - FlipperKit/CppBridge (0.154.0):
    - Flipper (~> 0.154.0)
  - FlipperKit/FBCxxFollyDynamicConvert (0.154.0):
    - Flipper-Folly (~> 2.6)
  - FlipperKit/FBDefines (0.154.0)
  - FlipperKit/FKPortForwarding (0.154.0):
    - CocoaAsyncSocket (~> 7.6)
    - Flipper-PeerTalk (~> 0.0.4)
  - FlipperKit/FlipperKitHighlightOverlay (0.154.0)
  - FlipperKit/FlipperKitLayoutHelpers (0.154.0):
    - FlipperKit/Core
    - FlipperKit/FlipperKitHighlightOverlay
    - FlipperKit/FlipperKitLayoutTextSearchable
  - FlipperKit/FlipperKitLayoutIOSDescriptors (0.154.0):
    - FlipperKit/Core
    - FlipperKit/FlipperKitHighlightOverlay
    - FlipperKit/FlipperKitLayoutHelpers
    - YogaKit (~> 1.18)
  - FlipperKit/FlipperKitLayoutPlugin (0.154.0):
    - FlipperKit/Core
    - FlipperKit/FlipperKitHighlightOverlay
    - FlipperKit/FlipperKitLayoutHelpers
    - FlipperKit/FlipperKitLayoutIOSDescriptors
    - FlipperKit/FlipperKitLayoutTextSearchable
    - YogaKit (~> 1.18)
  - FlipperKit/FlipperKitLayoutTextSearchable (0.154.0)
  - FlipperKit/FlipperKitNetworkPlugin (0.154.0):
    - FlipperKit/Core
  - FlipperKit/FlipperKitReactPlugin (0.154.0):
    - FlipperKit/Core
  - FlipperKit/FlipperKitUserDefaultsPlugin (0.154.0):
    - FlipperKit/Core
  - FlipperKit/SKIOSNetworkPlugin (0.154.0):
    - FlipperKit/Core
    - FlipperKit/FlipperKitNetworkPlugin
  - fmt (6.2.1)
  - glog (0.3.5)
  - GoogleDataTransport (9.1.2):
    - GoogleUtilities/Environment (~> 7.2)
    - nanopb (~> 2.30908.0)
    - PromisesObjC (< 3.0, >= 1.2)
  - GoogleMLKit/BarcodeScanning (2.5.0):
    - GoogleMLKit/MLKitCore
    - MLKitBarcodeScanning (~> 1.6.0)
  - GoogleMLKit/MLKitCore (2.5.0):
    - MLKitCommon (~> 5.0.0)
  - GoogleToolboxForMac/DebugUtils (2.3.2):
    - GoogleToolboxForMac/Defines (= 2.3.2)
  - GoogleToolboxForMac/Defines (2.3.2)
  - GoogleToolboxForMac/Logger (2.3.2):
    - GoogleToolboxForMac/Defines (= 2.3.2)
  - "GoogleToolboxForMac/NSData+zlib (2.3.2)":
    - GoogleToolboxForMac/Defines (= 2.3.2)
  - "GoogleToolboxForMac/NSDictionary+URLArguments (2.3.2)":
    - GoogleToolboxForMac/DebugUtils (= 2.3.2)
    - GoogleToolboxForMac/Defines (= 2.3.2)
    - "GoogleToolboxForMac/NSString+URLArguments (= 2.3.2)"
  - "GoogleToolboxForMac/NSString+URLArguments (2.3.2)"
  - GoogleUtilities/Environment (7.7.0):
    - PromisesObjC (< 3.0, >= 1.2)
  - GoogleUtilities/Logger (7.7.0):
    - GoogleUtilities/Environment
  - GoogleUtilities/UserDefaults (7.7.0):
    - GoogleUtilities/Logger
  - GoogleUtilitiesComponents (1.1.0):
    - GoogleUtilities/Logger
  - GTMSessionFetcher/Core (1.7.0)
  - hermes-engine (0.69.9)
  - jail-monkey (2.3.2):
    - React
  - libevent (2.1.12)
  - Mixpanel (3.6.5)
  - MLImage (1.0.0-beta2)
  - MLKitBarcodeScanning (1.6.0):
    - MLKitCommon (~> 5.0)
    - MLKitVision (~> 3.0)
  - MLKitCommon (5.0.0):
    - GoogleDataTransport (~> 9.0)
    - GoogleToolboxForMac/Logger (~> 2.1)
    - "GoogleToolboxForMac/NSData+zlib (~> 2.1)"
    - "GoogleToolboxForMac/NSDictionary+URLArguments (~> 2.1)"
    - GoogleUtilities/UserDefaults (~> 7.0)
    - GoogleUtilitiesComponents (~> 1.0)
    - GTMSessionFetcher/Core (~> 1.1)
    - Protobuf (~> 3.12)
  - MLKitVision (3.0.0):
    - GoogleToolboxForMac/Logger (~> 2.1)
    - "GoogleToolboxForMac/NSData+zlib (~> 2.1)"
    - GTMSessionFetcher/Core (~> 1.1)
    - MLImage (= 1.0.0-beta2)
    - MLKitCommon (~> 5.0)
    - Protobuf (~> 3.12)
  - nanopb (2.30908.0):
    - nanopb/decode (= 2.30908.0)
    - nanopb/encode (= 2.30908.0)
  - nanopb/decode (2.30908.0)
  - nanopb/encode (2.30908.0)
  - OpenSSL-Universal (1.1.1100)
  - pagopa-io-react-native-crypto (0.2.1):
    - React-Core
  - pagopa-io-react-native-login-utils (0.2.0):
    - React-Core
  - PromisesObjC (2.0.0)
  - Protobuf (3.19.1)
  - RCT-Folly (2021.06.28.00-v2):
    - boost
    - DoubleConversion
    - fmt (~> 6.2.1)
    - glog
    - RCT-Folly/Default (= 2021.06.28.00-v2)
  - RCT-Folly/Default (2021.06.28.00-v2):
    - boost
    - DoubleConversion
    - fmt (~> 6.2.1)
    - glog
  - RCT-Folly/Futures (2021.06.28.00-v2):
    - boost
    - DoubleConversion
    - fmt (~> 6.2.1)
    - glog
    - libevent
  - RCTRequired (0.69.9)
  - RCTTypeSafety (0.69.9):
    - FBLazyVector (= 0.69.9)
    - RCTRequired (= 0.69.9)
    - React-Core (= 0.69.9)
  - React (0.69.9):
    - React-Core (= 0.69.9)
    - React-Core/DevSupport (= 0.69.9)
    - React-Core/RCTWebSocket (= 0.69.9)
    - React-RCTActionSheet (= 0.69.9)
    - React-RCTAnimation (= 0.69.9)
    - React-RCTBlob (= 0.69.9)
    - React-RCTImage (= 0.69.9)
    - React-RCTLinking (= 0.69.9)
    - React-RCTNetwork (= 0.69.9)
    - React-RCTSettings (= 0.69.9)
    - React-RCTText (= 0.69.9)
    - React-RCTVibration (= 0.69.9)
  - React-bridging (0.69.9):
    - RCT-Folly (= 2021.06.28.00-v2)
    - React-jsi (= 0.69.9)
  - React-callinvoker (0.69.9)
  - React-Codegen (0.69.9):
    - FBReactNativeSpec (= 0.69.9)
    - RCT-Folly (= 2021.06.28.00-v2)
    - RCTRequired (= 0.69.9)
    - RCTTypeSafety (= 0.69.9)
    - React-Core (= 0.69.9)
    - React-jsi (= 0.69.9)
    - React-jsiexecutor (= 0.69.9)
    - ReactCommon/turbomodule/core (= 0.69.9)
  - React-Core (0.69.9):
    - glog
    - RCT-Folly (= 2021.06.28.00-v2)
    - React-Core/Default (= 0.69.9)
    - React-cxxreact (= 0.69.9)
    - React-jsi (= 0.69.9)
    - React-jsiexecutor (= 0.69.9)
    - React-perflogger (= 0.69.9)
    - Yoga
  - React-Core/CoreModulesHeaders (0.69.9):
    - glog
    - RCT-Folly (= 2021.06.28.00-v2)
    - React-Core/Default
    - React-cxxreact (= 0.69.9)
    - React-jsi (= 0.69.9)
    - React-jsiexecutor (= 0.69.9)
    - React-perflogger (= 0.69.9)
    - Yoga
  - React-Core/Default (0.69.9):
    - glog
    - RCT-Folly (= 2021.06.28.00-v2)
    - React-cxxreact (= 0.69.9)
    - React-jsi (= 0.69.9)
    - React-jsiexecutor (= 0.69.9)
    - React-perflogger (= 0.69.9)
    - Yoga
  - React-Core/DevSupport (0.69.9):
    - glog
    - RCT-Folly (= 2021.06.28.00-v2)
    - React-Core/Default (= 0.69.9)
    - React-Core/RCTWebSocket (= 0.69.9)
    - React-cxxreact (= 0.69.9)
    - React-jsi (= 0.69.9)
    - React-jsiexecutor (= 0.69.9)
    - React-jsinspector (= 0.69.9)
    - React-perflogger (= 0.69.9)
    - Yoga
  - React-Core/RCTActionSheetHeaders (0.69.9):
    - glog
    - RCT-Folly (= 2021.06.28.00-v2)
    - React-Core/Default
    - React-cxxreact (= 0.69.9)
    - React-jsi (= 0.69.9)
    - React-jsiexecutor (= 0.69.9)
    - React-perflogger (= 0.69.9)
    - Yoga
  - React-Core/RCTAnimationHeaders (0.69.9):
    - glog
    - RCT-Folly (= 2021.06.28.00-v2)
    - React-Core/Default
    - React-cxxreact (= 0.69.9)
    - React-jsi (= 0.69.9)
    - React-jsiexecutor (= 0.69.9)
    - React-perflogger (= 0.69.9)
    - Yoga
  - React-Core/RCTBlobHeaders (0.69.9):
    - glog
    - RCT-Folly (= 2021.06.28.00-v2)
    - React-Core/Default
    - React-cxxreact (= 0.69.9)
    - React-jsi (= 0.69.9)
    - React-jsiexecutor (= 0.69.9)
    - React-perflogger (= 0.69.9)
    - Yoga
  - React-Core/RCTImageHeaders (0.69.9):
    - glog
    - RCT-Folly (= 2021.06.28.00-v2)
    - React-Core/Default
    - React-cxxreact (= 0.69.9)
    - React-jsi (= 0.69.9)
    - React-jsiexecutor (= 0.69.9)
    - React-perflogger (= 0.69.9)
    - Yoga
  - React-Core/RCTLinkingHeaders (0.69.9):
    - glog
    - RCT-Folly (= 2021.06.28.00-v2)
    - React-Core/Default
    - React-cxxreact (= 0.69.9)
    - React-jsi (= 0.69.9)
    - React-jsiexecutor (= 0.69.9)
    - React-perflogger (= 0.69.9)
    - Yoga
  - React-Core/RCTNetworkHeaders (0.69.9):
    - glog
    - RCT-Folly (= 2021.06.28.00-v2)
    - React-Core/Default
    - React-cxxreact (= 0.69.9)
    - React-jsi (= 0.69.9)
    - React-jsiexecutor (= 0.69.9)
    - React-perflogger (= 0.69.9)
    - Yoga
  - React-Core/RCTSettingsHeaders (0.69.9):
    - glog
    - RCT-Folly (= 2021.06.28.00-v2)
    - React-Core/Default
    - React-cxxreact (= 0.69.9)
    - React-jsi (= 0.69.9)
    - React-jsiexecutor (= 0.69.9)
    - React-perflogger (= 0.69.9)
    - Yoga
  - React-Core/RCTTextHeaders (0.69.9):
    - glog
    - RCT-Folly (= 2021.06.28.00-v2)
    - React-Core/Default
    - React-cxxreact (= 0.69.9)
    - React-jsi (= 0.69.9)
    - React-jsiexecutor (= 0.69.9)
    - React-perflogger (= 0.69.9)
    - Yoga
  - React-Core/RCTVibrationHeaders (0.69.9):
    - glog
    - RCT-Folly (= 2021.06.28.00-v2)
    - React-Core/Default
    - React-cxxreact (= 0.69.9)
    - React-jsi (= 0.69.9)
    - React-jsiexecutor (= 0.69.9)
    - React-perflogger (= 0.69.9)
    - Yoga
  - React-Core/RCTWebSocket (0.69.9):
    - glog
    - RCT-Folly (= 2021.06.28.00-v2)
    - React-Core/Default (= 0.69.9)
    - React-cxxreact (= 0.69.9)
    - React-jsi (= 0.69.9)
    - React-jsiexecutor (= 0.69.9)
    - React-perflogger (= 0.69.9)
    - Yoga
  - React-CoreModules (0.69.9):
    - RCT-Folly (= 2021.06.28.00-v2)
    - RCTTypeSafety (= 0.69.9)
    - React-Codegen (= 0.69.9)
    - React-Core/CoreModulesHeaders (= 0.69.9)
    - React-jsi (= 0.69.9)
    - React-RCTImage (= 0.69.9)
    - ReactCommon/turbomodule/core (= 0.69.9)
  - React-cxxreact (0.69.9):
    - boost (= 1.76.0)
    - DoubleConversion
    - glog
    - RCT-Folly (= 2021.06.28.00-v2)
    - React-callinvoker (= 0.69.9)
    - React-jsi (= 0.69.9)
    - React-jsinspector (= 0.69.9)
    - React-logger (= 0.69.9)
    - React-perflogger (= 0.69.9)
    - React-runtimeexecutor (= 0.69.9)
  - React-hermes (0.69.9):
    - DoubleConversion
    - glog
    - hermes-engine
    - RCT-Folly (= 2021.06.28.00-v2)
    - RCT-Folly/Futures (= 2021.06.28.00-v2)
    - React-cxxreact (= 0.69.9)
    - React-jsi (= 0.69.9)
    - React-jsiexecutor (= 0.69.9)
    - React-jsinspector (= 0.69.9)
    - React-perflogger (= 0.69.9)
  - React-jsi (0.69.9):
    - boost (= 1.76.0)
    - DoubleConversion
    - glog
    - RCT-Folly (= 2021.06.28.00-v2)
    - React-jsi/Default (= 0.69.9)
  - React-jsi/Default (0.69.9):
    - boost (= 1.76.0)
    - DoubleConversion
    - glog
    - RCT-Folly (= 2021.06.28.00-v2)
  - React-jsiexecutor (0.69.9):
    - DoubleConversion
    - glog
    - RCT-Folly (= 2021.06.28.00-v2)
    - React-cxxreact (= 0.69.9)
    - React-jsi (= 0.69.9)
    - React-perflogger (= 0.69.9)
  - React-jsinspector (0.69.9)
  - React-logger (0.69.9):
    - glog
  - react-native-background-timer (2.1.1):
    - React
  - react-native-blob-util (0.15.0):
    - React-Core
  - react-native-cameraroll (4.0.0):
    - React
  - react-native-config (1.4.5):
    - react-native-config/App (= 1.4.5)
  - react-native-config/App (1.4.5):
    - React-Core
  - react-native-cookies (6.2.1):
    - React-Core
  - react-native-document-picker (9.0.1):
    - React-Core
  - react-native-fingerprint-scanner (6.0.0):
    - React
  - react-native-flipper (0.154.0):
    - React-Core
  - react-native-get-random-values (1.7.0):
    - React-Core
  - react-native-image-picker (4.0.6):
    - React-Core
  - react-native-mixpanel (1.2.0):
    - Mixpanel (~> 3.6.0)
    - React
  - react-native-pdf (6.4.0):
    - React-Core
  - react-native-pdf-thumbnail (1.2.1):
    - React-Core
  - react-native-render-html (6.3.1):
    - React-Core
  - react-native-safe-area-context (3.3.2):
    - React-Core
  - react-native-screen-brightness (2.0.0-alpha):
    - React
  - react-native-slider (3.0.3):
    - React
  - react-native-splash-screen (3.2.0):
    - React
  - react-native-view-shot (3.1.2):
    - React
  - react-native-webview (11.13.0):
    - React-Core
  - React-perflogger (0.69.9)
  - React-RCTActionSheet (0.69.9):
    - React-Core/RCTActionSheetHeaders (= 0.69.9)
  - React-RCTAnimation (0.69.9):
    - RCT-Folly (= 2021.06.28.00-v2)
    - RCTTypeSafety (= 0.69.9)
    - React-Codegen (= 0.69.9)
    - React-Core/RCTAnimationHeaders (= 0.69.9)
    - React-jsi (= 0.69.9)
    - ReactCommon/turbomodule/core (= 0.69.9)
  - React-RCTBlob (0.69.9):
    - RCT-Folly (= 2021.06.28.00-v2)
    - React-Codegen (= 0.69.9)
    - React-Core/RCTBlobHeaders (= 0.69.9)
    - React-Core/RCTWebSocket (= 0.69.9)
    - React-jsi (= 0.69.9)
    - React-RCTNetwork (= 0.69.9)
    - ReactCommon/turbomodule/core (= 0.69.9)
  - React-RCTImage (0.69.9):
    - RCT-Folly (= 2021.06.28.00-v2)
    - RCTTypeSafety (= 0.69.9)
    - React-Codegen (= 0.69.9)
    - React-Core/RCTImageHeaders (= 0.69.9)
    - React-jsi (= 0.69.9)
    - React-RCTNetwork (= 0.69.9)
    - ReactCommon/turbomodule/core (= 0.69.9)
  - React-RCTLinking (0.69.9):
    - React-Codegen (= 0.69.9)
    - React-Core/RCTLinkingHeaders (= 0.69.9)
    - React-jsi (= 0.69.9)
    - ReactCommon/turbomodule/core (= 0.69.9)
  - React-RCTNetwork (0.69.9):
    - RCT-Folly (= 2021.06.28.00-v2)
    - RCTTypeSafety (= 0.69.9)
    - React-Codegen (= 0.69.9)
    - React-Core/RCTNetworkHeaders (= 0.69.9)
    - React-jsi (= 0.69.9)
    - ReactCommon/turbomodule/core (= 0.69.9)
  - React-RCTSettings (0.69.9):
    - RCT-Folly (= 2021.06.28.00-v2)
    - RCTTypeSafety (= 0.69.9)
    - React-Codegen (= 0.69.9)
    - React-Core/RCTSettingsHeaders (= 0.69.9)
    - React-jsi (= 0.69.9)
    - ReactCommon/turbomodule/core (= 0.69.9)
  - React-RCTText (0.69.9):
    - React-Core/RCTTextHeaders (= 0.69.9)
  - React-RCTVibration (0.69.9):
    - RCT-Folly (= 2021.06.28.00-v2)
    - React-Codegen (= 0.69.9)
    - React-Core/RCTVibrationHeaders (= 0.69.9)
    - React-jsi (= 0.69.9)
    - ReactCommon/turbomodule/core (= 0.69.9)
  - React-runtimeexecutor (0.69.9):
    - React-jsi (= 0.69.9)
  - ReactCommon/turbomodule/core (0.69.9):
    - DoubleConversion
    - glog
    - RCT-Folly (= 2021.06.28.00-v2)
    - React-bridging (= 0.69.9)
    - React-callinvoker (= 0.69.9)
    - React-Core (= 0.69.9)
    - React-cxxreact (= 0.69.9)
    - React-jsi (= 0.69.9)
    - React-logger (= 0.69.9)
    - React-perflogger (= 0.69.9)
  - ReactNativeART (1.2.0):
    - React
  - ReactNativeExceptionHandler (2.10.8):
    - React
  - RNCalendarEvents (2.2.0):
    - React
  - RNCAsyncStorage (1.17.10):
    - React-Core
  - RNCClipboard (1.10.0):
    - React-Core
  - RNCPicker (2.4.1):
    - React-Core
  - RNCPushNotificationIOS (1.8.0):
    - React-Core
  - RNDateTimePicker (3.5.2):
    - React-Core
  - RNDeviceInfo (10.3.0):
    - React-Core
  - RNFS (2.18.0):
    - React
  - RNGestureHandler (2.1.1):
    - React-Core
  - RNI18n (2.0.15):
    - React
  - RNKeychain (4.0.5):
    - React
  - RNQrGenerator (1.3.0):
    - React
    - ZXingObjC
  - RNReactNativeHapticFeedback (2.0.2):
    - React-Core
  - RNReanimated (2.10.0):
    - DoubleConversion
    - FBLazyVector
    - FBReactNativeSpec
    - glog
    - RCT-Folly
    - RCTRequired
    - RCTTypeSafety
    - React-callinvoker
    - React-Core
    - React-Core/DevSupport
    - React-Core/RCTWebSocket
    - React-CoreModules
    - React-cxxreact
    - React-jsi
    - React-jsiexecutor
    - React-jsinspector
    - React-RCTActionSheet
    - React-RCTAnimation
    - React-RCTBlob
    - React-RCTImage
    - React-RCTLinking
    - React-RCTNetwork
    - React-RCTSettings
    - React-RCTText
    - ReactCommon/turbomodule/core
    - Yoga
  - RNScreens (2.18.1):
    - React-Core
  - RNSha256 (1.2.3):
    - React
  - RNShare (7.3.9):
    - React-Core
  - RNSVG (12.3.0):
    - React-Core
  - RNVectorIcons (7.0.0):
    - React
  - RNZendeskChat (0.3.23):
    - React
    - ZendeskAnswerBotSDK (~> 3.0.0)
    - ZendeskChatSDK (~> 3.0.0)
    - ZendeskMessagingAPISDK (~> 4.0.0)
    - ZendeskSupportSDK (~> 6.0.0)
  - SocketRocket (0.6.0)
  - vision-camera-code-scanner (0.2.0):
    - GoogleMLKit/BarcodeScanning
    - React-Core
  - VisionCamera (2.15.4):
    - React
    - React-callinvoker
    - React-Core
  - Yoga (1.14.0)
  - YogaKit (1.18.1):
    - Yoga (~> 1.14)
  - ZendeskAnswerBotProvidersSDK (3.0.0):
    - ZendeskSupportProvidersSDK (= 6.0.0)
  - ZendeskAnswerBotSDK (3.0.0):
    - ZendeskAnswerBotProvidersSDK (= 3.0.0)
    - ZendeskMessagingSDK (= 4.0.0)
  - ZendeskChatProvidersSDK (3.0.0)
  - ZendeskChatSDK (3.0.0):
    - ZendeskChatProvidersSDK (= 3.0.0)
    - ZendeskMessagingSDK (= 4.0.0)
  - ZendeskCommonUISDK (7.0.0)
  - ZendeskCoreSDK (3.0.0)
  - ZendeskMessagingAPISDK (4.0.0):
    - ZendeskSDKConfigurationsSDK (= 2.0.0)
  - ZendeskMessagingSDK (4.0.0):
    - ZendeskCommonUISDK (= 7.0.0)
    - ZendeskMessagingAPISDK (= 4.0.0)
  - ZendeskSDKConfigurationsSDK (2.0.0)
  - ZendeskSupportProvidersSDK (6.0.0):
    - ZendeskCoreSDK (= 3.0.0)
  - ZendeskSupportSDK (6.0.0):
    - ZendeskMessagingSDK (= 4.0.0)
    - ZendeskSupportProvidersSDK (= 6.0.0)
  - ZXingObjC (3.6.5):
    - ZXingObjC/All (= 3.6.5)
  - ZXingObjC/All (3.6.5)

DEPENDENCIES:
  - boost (from `../node_modules/react-native/third-party-podspecs/boost.podspec`)
  - BVLinearGradient (from `../node_modules/react-native-linear-gradient`)
  - DoubleConversion (from `../node_modules/react-native/third-party-podspecs/DoubleConversion.podspec`)
  - FBLazyVector (from `../node_modules/react-native/Libraries/FBLazyVector`)
  - FBReactNativeSpec (from `../node_modules/react-native/React/FBReactNativeSpec`)
  - Flipper (= 0.154.0)
  - Flipper-Boost-iOSX (= 1.76.0.1.11)
  - Flipper-DoubleConversion (= 3.2.0.1)
  - Flipper-Fmt (= 7.1.7)
  - Flipper-Folly (= 2.6.10)
  - Flipper-Glog (= 0.5.0.5)
  - Flipper-PeerTalk (= 0.0.4)
  - Flipper-RSocket (= 1.4.3)
  - FlipperKit (= 0.154.0)
  - FlipperKit/Core (= 0.154.0)
  - FlipperKit/CppBridge (= 0.154.0)
  - FlipperKit/FBCxxFollyDynamicConvert (= 0.154.0)
  - FlipperKit/FBDefines (= 0.154.0)
  - FlipperKit/FKPortForwarding (= 0.154.0)
  - FlipperKit/FlipperKitHighlightOverlay (= 0.154.0)
  - FlipperKit/FlipperKitLayoutPlugin (= 0.154.0)
  - FlipperKit/FlipperKitLayoutTextSearchable (= 0.154.0)
  - FlipperKit/FlipperKitNetworkPlugin (= 0.154.0)
  - FlipperKit/FlipperKitReactPlugin (= 0.154.0)
  - FlipperKit/FlipperKitUserDefaultsPlugin (= 0.154.0)
  - FlipperKit/SKIOSNetworkPlugin (= 0.154.0)
  - glog (from `../node_modules/react-native/third-party-podspecs/glog.podspec`)
  - hermes-engine (from `../node_modules/react-native/sdks/hermes/hermes-engine.podspec`)
  - jail-monkey (from `../node_modules/jail-monkey`)
  - libevent (~> 2.1.12)
  - OpenSSL-Universal (= 1.1.1100)
  - "pagopa-io-react-native-crypto (from `../node_modules/@pagopa/io-react-native-crypto`)"
  - "pagopa-io-react-native-login-utils (from `../node_modules/@pagopa/io-react-native-login-utils`)"
  - RCT-Folly (from `../node_modules/react-native/third-party-podspecs/RCT-Folly.podspec`)
  - RCTRequired (from `../node_modules/react-native/Libraries/RCTRequired`)
  - RCTTypeSafety (from `../node_modules/react-native/Libraries/TypeSafety`)
  - React (from `../node_modules/react-native/`)
  - React-bridging (from `../node_modules/react-native/ReactCommon`)
  - React-callinvoker (from `../node_modules/react-native/ReactCommon/callinvoker`)
  - React-Codegen (from `build/generated/ios`)
  - React-Core (from `../node_modules/react-native/`)
  - React-Core/RCTWebSocket (from `../node_modules/react-native/`)
  - React-CoreModules (from `../node_modules/react-native/React/CoreModules`)
  - React-cxxreact (from `../node_modules/react-native/ReactCommon/cxxreact`)
  - React-hermes (from `../node_modules/react-native/ReactCommon/hermes`)
  - React-jsi (from `../node_modules/react-native/ReactCommon/jsi`)
  - React-jsiexecutor (from `../node_modules/react-native/ReactCommon/jsiexecutor`)
  - React-jsinspector (from `../node_modules/react-native/ReactCommon/jsinspector`)
  - React-logger (from `../node_modules/react-native/ReactCommon/logger`)
  - react-native-background-timer (from `../node_modules/react-native-background-timer`)
  - react-native-blob-util (from `../node_modules/react-native-blob-util`)
  - "react-native-cameraroll (from `../node_modules/@react-native-community/cameraroll`)"
  - react-native-config (from `../node_modules/react-native-config`)
  - "react-native-cookies (from `../node_modules/@react-native-cookies/cookies`)"
  - react-native-document-picker (from `../node_modules/react-native-document-picker`)
  - react-native-fingerprint-scanner (from `../node_modules/react-native-fingerprint-scanner`)
  - react-native-flipper (from `../node_modules/react-native-flipper`)
  - react-native-get-random-values (from `../node_modules/react-native-get-random-values`)
  - react-native-image-picker (from `../node_modules/react-native-image-picker`)
  - react-native-mixpanel (from `../node_modules/react-native-mixpanel`)
  - react-native-pdf (from `../node_modules/react-native-pdf`)
  - react-native-pdf-thumbnail (from `../node_modules/react-native-pdf-thumbnail`)
  - react-native-render-html (from `../node_modules/react-native-render-html`)
  - react-native-safe-area-context (from `../node_modules/react-native-safe-area-context`)
  - react-native-screen-brightness (from `../node_modules/react-native-screen-brightness`)
  - "react-native-slider (from `../node_modules/@react-native-community/slider`)"
  - react-native-splash-screen (from `../node_modules/react-native-splash-screen`)
  - react-native-view-shot (from `../node_modules/react-native-view-shot`)
  - react-native-webview (from `../node_modules/react-native-webview`)
  - React-perflogger (from `../node_modules/react-native/ReactCommon/reactperflogger`)
  - React-RCTActionSheet (from `../node_modules/react-native/Libraries/ActionSheetIOS`)
  - React-RCTAnimation (from `../node_modules/react-native/Libraries/NativeAnimation`)
  - React-RCTBlob (from `../node_modules/react-native/Libraries/Blob`)
  - React-RCTImage (from `../node_modules/react-native/Libraries/Image`)
  - React-RCTLinking (from `../node_modules/react-native/Libraries/LinkingIOS`)
  - React-RCTNetwork (from `../node_modules/react-native/Libraries/Network`)
  - React-RCTSettings (from `../node_modules/react-native/Libraries/Settings`)
  - React-RCTText (from `../node_modules/react-native/Libraries/Text`)
  - React-RCTVibration (from `../node_modules/react-native/Libraries/Vibration`)
  - React-runtimeexecutor (from `../node_modules/react-native/ReactCommon/runtimeexecutor`)
  - ReactCommon/turbomodule/core (from `../node_modules/react-native/ReactCommon`)
  - "ReactNativeART (from `../node_modules/@react-native-community/art/ReactNativeART.podspec`)"
  - ReactNativeExceptionHandler (from `../node_modules/react-native-exception-handler`)
  - RNCalendarEvents (from `../node_modules/react-native-calendar-events`)
  - "RNCAsyncStorage (from `../node_modules/@react-native-async-storage/async-storage`)"
  - "RNCClipboard (from `../node_modules/@react-native-clipboard/clipboard`)"
  - "RNCPicker (from `../node_modules/@react-native-picker/picker`)"
  - "RNCPushNotificationIOS (from `../node_modules/@react-native-community/push-notification-ios`)"
  - "RNDateTimePicker (from `../node_modules/@react-native-community/datetimepicker`)"
  - RNDeviceInfo (from `../node_modules/react-native-device-info`)
  - RNFS (from `../node_modules/react-native-fs`)
  - RNGestureHandler (from `../node_modules/react-native-gesture-handler`)
  - RNI18n (from `../node_modules/react-native-i18n`)
  - RNKeychain (from `../node_modules/react-native-keychain`)
  - RNQrGenerator (from `../node_modules/rn-qr-generator`)
  - RNReactNativeHapticFeedback (from `../node_modules/react-native-haptic-feedback`)
  - RNReanimated (from `../node_modules/react-native-reanimated`)
  - RNScreens (from `../node_modules/react-native-screens`)
  - RNSha256 (from `../node_modules/react-native-sha256`)
  - RNShare (from `../node_modules/react-native-share`)
  - RNSVG (from `../node_modules/react-native-svg`)
  - RNVectorIcons (from `../node_modules/react-native-vector-icons`)
  - RNZendeskChat (from `../node_modules/io-react-native-zendesk`)
  - vision-camera-code-scanner (from `../node_modules/vision-camera-code-scanner`)
  - VisionCamera (from `../node_modules/react-native-vision-camera`)
  - Yoga (from `../node_modules/react-native/ReactCommon/yoga`)

SPEC REPOS:
  trunk:
    - CocoaAsyncSocket
    - Flipper
    - Flipper-Boost-iOSX
    - Flipper-DoubleConversion
    - Flipper-Fmt
    - Flipper-Folly
    - Flipper-Glog
    - Flipper-PeerTalk
    - Flipper-RSocket
    - FlipperKit
    - fmt
    - GoogleDataTransport
    - GoogleMLKit
    - GoogleToolboxForMac
    - GoogleUtilities
    - GoogleUtilitiesComponents
    - GTMSessionFetcher
    - libevent
    - Mixpanel
    - MLImage
    - MLKitBarcodeScanning
    - MLKitCommon
    - MLKitVision
    - nanopb
    - OpenSSL-Universal
    - PromisesObjC
    - Protobuf
    - SocketRocket
    - YogaKit
    - ZendeskAnswerBotProvidersSDK
    - ZendeskAnswerBotSDK
    - ZendeskChatProvidersSDK
    - ZendeskChatSDK
    - ZendeskCommonUISDK
    - ZendeskCoreSDK
    - ZendeskMessagingAPISDK
    - ZendeskMessagingSDK
    - ZendeskSDKConfigurationsSDK
    - ZendeskSupportProvidersSDK
    - ZendeskSupportSDK
    - ZXingObjC

EXTERNAL SOURCES:
  boost:
    :podspec: "../node_modules/react-native/third-party-podspecs/boost.podspec"
  BVLinearGradient:
    :path: "../node_modules/react-native-linear-gradient"
  DoubleConversion:
    :podspec: "../node_modules/react-native/third-party-podspecs/DoubleConversion.podspec"
  FBLazyVector:
    :path: "../node_modules/react-native/Libraries/FBLazyVector"
  FBReactNativeSpec:
    :path: "../node_modules/react-native/React/FBReactNativeSpec"
  glog:
    :podspec: "../node_modules/react-native/third-party-podspecs/glog.podspec"
  hermes-engine:
    :podspec: "../node_modules/react-native/sdks/hermes/hermes-engine.podspec"
  jail-monkey:
    :path: "../node_modules/jail-monkey"
  pagopa-io-react-native-crypto:
    :path: "../node_modules/@pagopa/io-react-native-crypto"
  pagopa-io-react-native-login-utils:
    :path: "../node_modules/@pagopa/io-react-native-login-utils"
  RCT-Folly:
    :podspec: "../node_modules/react-native/third-party-podspecs/RCT-Folly.podspec"
  RCTRequired:
    :path: "../node_modules/react-native/Libraries/RCTRequired"
  RCTTypeSafety:
    :path: "../node_modules/react-native/Libraries/TypeSafety"
  React:
    :path: "../node_modules/react-native/"
  React-bridging:
    :path: "../node_modules/react-native/ReactCommon"
  React-callinvoker:
    :path: "../node_modules/react-native/ReactCommon/callinvoker"
  React-Codegen:
    :path: build/generated/ios
  React-Core:
    :path: "../node_modules/react-native/"
  React-CoreModules:
    :path: "../node_modules/react-native/React/CoreModules"
  React-cxxreact:
    :path: "../node_modules/react-native/ReactCommon/cxxreact"
  React-hermes:
    :path: "../node_modules/react-native/ReactCommon/hermes"
  React-jsi:
    :path: "../node_modules/react-native/ReactCommon/jsi"
  React-jsiexecutor:
    :path: "../node_modules/react-native/ReactCommon/jsiexecutor"
  React-jsinspector:
    :path: "../node_modules/react-native/ReactCommon/jsinspector"
  React-logger:
    :path: "../node_modules/react-native/ReactCommon/logger"
  react-native-background-timer:
    :path: "../node_modules/react-native-background-timer"
  react-native-blob-util:
    :path: "../node_modules/react-native-blob-util"
  react-native-cameraroll:
    :path: "../node_modules/@react-native-community/cameraroll"
  react-native-config:
    :path: "../node_modules/react-native-config"
  react-native-cookies:
    :path: "../node_modules/@react-native-cookies/cookies"
  react-native-document-picker:
    :path: "../node_modules/react-native-document-picker"
  react-native-fingerprint-scanner:
    :path: "../node_modules/react-native-fingerprint-scanner"
  react-native-flipper:
    :path: "../node_modules/react-native-flipper"
  react-native-get-random-values:
    :path: "../node_modules/react-native-get-random-values"
  react-native-image-picker:
    :path: "../node_modules/react-native-image-picker"
  react-native-mixpanel:
    :path: "../node_modules/react-native-mixpanel"
  react-native-pdf:
    :path: "../node_modules/react-native-pdf"
  react-native-pdf-thumbnail:
    :path: "../node_modules/react-native-pdf-thumbnail"
  react-native-render-html:
    :path: "../node_modules/react-native-render-html"
  react-native-safe-area-context:
    :path: "../node_modules/react-native-safe-area-context"
  react-native-screen-brightness:
    :path: "../node_modules/react-native-screen-brightness"
  react-native-slider:
    :path: "../node_modules/@react-native-community/slider"
  react-native-splash-screen:
    :path: "../node_modules/react-native-splash-screen"
  react-native-view-shot:
    :path: "../node_modules/react-native-view-shot"
  react-native-webview:
    :path: "../node_modules/react-native-webview"
  React-perflogger:
    :path: "../node_modules/react-native/ReactCommon/reactperflogger"
  React-RCTActionSheet:
    :path: "../node_modules/react-native/Libraries/ActionSheetIOS"
  React-RCTAnimation:
    :path: "../node_modules/react-native/Libraries/NativeAnimation"
  React-RCTBlob:
    :path: "../node_modules/react-native/Libraries/Blob"
  React-RCTImage:
    :path: "../node_modules/react-native/Libraries/Image"
  React-RCTLinking:
    :path: "../node_modules/react-native/Libraries/LinkingIOS"
  React-RCTNetwork:
    :path: "../node_modules/react-native/Libraries/Network"
  React-RCTSettings:
    :path: "../node_modules/react-native/Libraries/Settings"
  React-RCTText:
    :path: "../node_modules/react-native/Libraries/Text"
  React-RCTVibration:
    :path: "../node_modules/react-native/Libraries/Vibration"
  React-runtimeexecutor:
    :path: "../node_modules/react-native/ReactCommon/runtimeexecutor"
  ReactCommon:
    :path: "../node_modules/react-native/ReactCommon"
  ReactNativeART:
    :podspec: "../node_modules/@react-native-community/art/ReactNativeART.podspec"
  ReactNativeExceptionHandler:
    :path: "../node_modules/react-native-exception-handler"
  RNCalendarEvents:
    :path: "../node_modules/react-native-calendar-events"
  RNCAsyncStorage:
    :path: "../node_modules/@react-native-async-storage/async-storage"
  RNCClipboard:
    :path: "../node_modules/@react-native-clipboard/clipboard"
  RNCPicker:
    :path: "../node_modules/@react-native-picker/picker"
  RNCPushNotificationIOS:
    :path: "../node_modules/@react-native-community/push-notification-ios"
  RNDateTimePicker:
    :path: "../node_modules/@react-native-community/datetimepicker"
  RNDeviceInfo:
    :path: "../node_modules/react-native-device-info"
  RNFS:
    :path: "../node_modules/react-native-fs"
  RNGestureHandler:
    :path: "../node_modules/react-native-gesture-handler"
  RNI18n:
    :path: "../node_modules/react-native-i18n"
  RNKeychain:
    :path: "../node_modules/react-native-keychain"
  RNQrGenerator:
    :path: "../node_modules/rn-qr-generator"
  RNReactNativeHapticFeedback:
    :path: "../node_modules/react-native-haptic-feedback"
  RNReanimated:
    :path: "../node_modules/react-native-reanimated"
  RNScreens:
    :path: "../node_modules/react-native-screens"
  RNSha256:
    :path: "../node_modules/react-native-sha256"
  RNShare:
    :path: "../node_modules/react-native-share"
  RNSVG:
    :path: "../node_modules/react-native-svg"
  RNVectorIcons:
    :path: "../node_modules/react-native-vector-icons"
  RNZendeskChat:
    :path: "../node_modules/io-react-native-zendesk"
  vision-camera-code-scanner:
    :path: "../node_modules/vision-camera-code-scanner"
  VisionCamera:
    :path: "../node_modules/react-native-vision-camera"
  Yoga:
    :path: "../node_modules/react-native/ReactCommon/yoga"

SPEC CHECKSUMS:
  boost: a7c83b31436843459a1961bfd74b96033dc77234
  BVLinearGradient: e3aad03778a456d77928f594a649e96995f1c872
  CocoaAsyncSocket: 065fd1e645c7abab64f7a6a2007a48038fdc6a99
  DoubleConversion: 5189b271737e1565bdce30deb4a08d647e3f5f54
  FBLazyVector: d3c1d2923b1009f4e709e8f1b793dedf5b323454
  FBReactNativeSpec: d460df7d796ed4979c6cd4e092145b63eb28b5bb
  Flipper: 53851f5b89559bb6e251572589dc166d1f8d6e2e
  Flipper-Boost-iOSX: fd1e2b8cbef7e662a122412d7ac5f5bea715403c
  Flipper-DoubleConversion: 2dc99b02f658daf147069aad9dbd29d8feb06d30
  Flipper-Fmt: 60cbdd92fc254826e61d669a5d87ef7015396a9b
  Flipper-Folly: 584845625005ff068a6ebf41f857f468decd26b3
  Flipper-Glog: 70c50ce58ddaf67dc35180db05f191692570f446
  Flipper-PeerTalk: 116d8f857dc6ef55c7a5a75ea3ceaafe878aadc9
  Flipper-RSocket: d9d9ade67cbecf6ac10730304bf5607266dd2541
  FlipperKit: 51cf8b6f5b0931e251c57d4d60a15a1c2ba546aa
  fmt: ff9d55029c625d3757ed641535fd4a75fedc7ce9
  glog: 3d02b25ca00c2d456734d0bcff864cbc62f6ae1a
  GoogleDataTransport: 629c20a4d363167143f30ea78320d5a7eb8bd940
  GoogleMLKit: 0d7f5aa2f8a2f2ea9d849a05abdbe80974b0ec83
  GoogleToolboxForMac: 8bef7c7c5cf7291c687cf5354f39f9db6399ad34
  GoogleUtilities: e0913149f6b0625b553d70dae12b49fc62914fd1
  GoogleUtilitiesComponents: 679b2c881db3b615a2777504623df6122dd20afe
  GTMSessionFetcher: 43748f93435c2aa068b1cbe39655aaf600652e91
  hermes-engine: f648f65e30dd2ef478c08024259c881f0a1522bf
  jail-monkey: d7c5048b2336f22ee9c9e0efa145f1f917338ea9
  libevent: 4049cae6c81cdb3654a443be001fb9bdceff7913
  Mixpanel: de8296d8568806ab17bfced0f823c908b808e1e0
  MLImage: a454f9f8ecfd537783a12f9488f5be1a68820829
  MLKitBarcodeScanning: 867463093fe27a31260898e239d5d8305be29b28
  MLKitCommon: 3bc17c6f7d25ce3660f030350b46ae7ec9ebca6e
  MLKitVision: e87dc3f2e456a6ab32361ebd985e078dd2746143
  nanopb: a0ba3315591a9ae0a16a309ee504766e90db0c96
  OpenSSL-Universal: ebc357f1e6bc71fa463ccb2fe676756aff50e88c
  pagopa-io-react-native-crypto: 644fece16966f2e1ea1f872344ee5a3c6c8761a1
  pagopa-io-react-native-login-utils: 929e584c817572ce7a3e41e0c6f96c7990bd314d
  PromisesObjC: 68159ce6952d93e17b2dfe273b8c40907db5ba58
  Protobuf: 3724efa50cb2846d7ccebc8691c574e85fd74471
  RCT-Folly: b9d9fe1fc70114b751c076104e52f3b1b5e5a95a
  RCTRequired: fe80e9f71dd15939e5399dd94d0aa0e5e069d592
  RCTTypeSafety: 4c802f7c4b9e7c55470e7fc56d50385cbfcce89b
  React: efe0b6d0b7401a208d2d1bf8320c0b6a0dcd593b
  React-bridging: 11a324da43d8467cfe528ccff0e00ab43bdf1cf4
  React-callinvoker: d4d34002df449053784f1131a6382e526d172395
  React-Codegen: 63eb91553568558cbd6fb2f336c3ff2fea66b37a
  React-Core: 2875b1749729d07ef7cacef36e8b1381f27cc86e
  React-CoreModules: 8b6665f9b128b875660d75a7144122c742ad4af9
  React-cxxreact: 76d426551a4d1d6f623ef8f87a26690d5a6be93e
  React-hermes: 9adb1d978e6d6b39fb6f4a4b340e50bf1fcfdf08
  React-jsi: 47b65f4f789f198004c47e5b6ceaae95ea3f3659
  React-jsiexecutor: 3b506d7fc50275bf44f8fd5624f23eaedd78bf78
  React-jsinspector: 5b92a5a30e02e1a21802f293cc71e05d887c7378
  React-logger: 96d904c5bc87c2660d48e6a36fb2edf65f9cfb11
  react-native-background-timer: 1b6e6b4e10f1b74c367a1fdc3c72b67c619b222b
  react-native-blob-util: a5d3561045ed98cfb2fb80cbbff600fae0e8edee
  react-native-cameraroll: ae0a7c0cc8462508855707ff623b1e789b692865
  react-native-config: 6502b1879f97ed5ac570a029961fc35ea606cd14
  react-native-cookies: f54fcded06bb0cda05c11d86788020b43528a26c
  react-native-document-picker: 2b8f18667caee73a96708a82b284a4f40b30a156
  react-native-fingerprint-scanner: ac6656f18c8e45a7459302b84da41a44ad96dbbe
  react-native-flipper: 97d537d855e0e7f6ac26a065e01bf1aecc8ba41c
  react-native-get-random-values: 237bffb1c7e05fb142092681531810a29ba53015
  react-native-image-picker: a6e56460d34905c849ada551db30897dc7f3d535
  react-native-mixpanel: d644efe1ca33d2646d5cba29e24a13ebc9b37209
  react-native-pdf: a6a5a3f0bdf340eb2eed6c96034424d2cc3f84b0
  react-native-pdf-thumbnail: 65d349b78029c3fe95e13ebec835987d5ccc4ca9
  react-native-render-html: 96c979fe7452a0a41559685d2f83b12b93edac8c
  react-native-safe-area-context: 584dc04881deb49474363f3be89e4ca0e854c057
  react-native-screen-brightness: 9eefe6db96a5d757e63cdfce8e48d7c9039f2af2
  react-native-slider: e99fc201cefe81270fc9d81714a7a0f5e566b168
  react-native-splash-screen: 200d11d188e2e78cea3ad319964f6142b6384865
  react-native-view-shot: 4475fde003fe8a210053d1f98fb9e06c1d834e1c
  react-native-webview: 133a6a5149f963259646e710b4545c67ef35d7c9
  React-perflogger: f6f4b3c63629ead2e8a5a22eaedd06368c31617a
  React-RCTActionSheet: 5e95058e99c53313d778d96b7f37697ce3a9418e
  React-RCTAnimation: c4f86d756d8398c674f61d00075993a368d83480
  React-RCTBlob: c74cb1350831866b3b23c2379ccc3a5909593bc5
  React-RCTImage: cc72e4092e08c7070d1dce7704fbdcdfc9e0a721
  React-RCTLinking: dca79b9df468980462a399a630156f5a5fc0b5bc
  React-RCTNetwork: 0dfb918fd237b6fa4e3820769c57a6a0ad61f934
  React-RCTSettings: a9fb6736139ddf8e7d11842c8a948c47c1ae603d
  React-RCTText: 87456d45e8bcc0c831b7c7fcfcfd860a54f54a79
  React-RCTVibration: ea899478e6f10ee526f476f769ab33211be2addd
  React-runtimeexecutor: df1518d092e8c74cafddc56690d1ac386ec24d7a
  ReactCommon: fac40473e2c4117522384027ab33ad0cb6717dc5
  ReactNativeART: 78edc68dd4a1e675338cd0cd113319cf3a65f2ab
  ReactNativeExceptionHandler: 8025d98049c25f186835a3af732dd7c9974d6dce
  RNCalendarEvents: 7e65eb4a94f53c1744d1e275f7fafcfaa619f7a3
  RNCAsyncStorage: 0c357f3156fcb16c8589ede67cc036330b6698ca
  RNCClipboard: f1736c75ab85b627a4d57587edb4b60999c4dd80
  RNCPicker: abc646b53a3d28ccfa3232c927a0ca52e0cf024d
  RNCPushNotificationIOS: 61a7c72bd1ebad3568025957d001e0f0e7b32191
  RNDateTimePicker: 7658208086d86d09e1627b5c34ba0cf237c60140
  RNDeviceInfo: 4701f0bf2a06b34654745053db0ce4cb0c53ada7
  RNFS: 3ab21fa6c56d65566d1fb26c2228e2b6132e5e32
  RNGestureHandler: e1ad51d31a580755079d5124d3ab66f0fcaa8311
  RNI18n: e2f7e76389fcc6e84f2c8733ea89b92502351fd8
  RNKeychain: 840f8e6f13be0576202aefcdffd26a4f54bfe7b5
  RNQrGenerator: 0957859af25635e39d522a38af03b23b16e6d969
  RNReactNativeHapticFeedback: 6d24decfa94e037c2ecc312407d2a057b7933f10
  RNReanimated: 7faa787e8d4493fbc95fab2ad331fa7625828cfa
  RNScreens: f7ad633b2e0190b77b6a7aab7f914fad6f198d8d
  RNSha256: ab608b2185fb806185a2cc112e0474065842e085
  RNShare: 807d6f8231b8ebcf6dd839294b877342eb93d4e5
  RNSVG: 302bfc9905bd8122f08966dc2ce2d07b7b52b9f8
  RNVectorIcons: da6fe858f5a65d7bbc3379540a889b0b12aa5976
  RNZendeskChat: 338c369def4e1552a533d9d34155b4b491aaf3d7
  SocketRocket: fccef3f9c5cedea1353a9ef6ada904fde10d6608
  vision-camera-code-scanner: dda884a7f3ec8243a2a6d6489b91860648371bca
  VisionCamera: 5fc30ecebdfd0335d11123ec9511dcbc27ee4046
  Yoga: 7a4d48cfb35dfa542151e615fa73c1a0d88caf21
  YogaKit: f782866e155069a2cca2517aafea43200b01fd5a
  ZendeskAnswerBotProvidersSDK: 7eca94f07f10a567c631321601a645b2ba35c2da
  ZendeskAnswerBotSDK: 31bd28c7c9732243d4bf3b850c441a3cdd6eba50
  ZendeskChatProvidersSDK: af93e02e2058875f92e6ad86e74ee51203b4079e
  ZendeskChatSDK: fe03650a5ebe3d35fd1f4da90792021f809bcf11
  ZendeskCommonUISDK: f06dbac6c9e74c3afff75ecdc6bec3832b23258c
  ZendeskCoreSDK: ce6dbb5eb4d61d2d061547a92bd0b0fe98602e9d
  ZendeskMessagingAPISDK: 95a99f1eab9482b4106ec88466b93a89f9f7c5fa
  ZendeskMessagingSDK: 4f5f3d43766bb3b2ea6411d1331cfe609ff33618
  ZendeskSDKConfigurationsSDK: a5c21010e17b71d02bc2cfe73dcc9da1efa0a7b2
  ZendeskSupportProvidersSDK: 685b5d185af47ced0ec40564ec46355c838bbd06
  ZendeskSupportSDK: 92e6f9d334e81e9186f8a17583862350460a5393
  ZXingObjC: fdbb269f25dd2032da343e06f10224d62f537bdb

PODFILE CHECKSUM: 0d78c2a7f58353c7eed2163b7e3b3747b00ff101

COCOAPODS: 1.12.0
