// !$*UTF8*$!
{
	archiveVersion = 1;
	classes = {
	};
	objectVersion = 46;
	objects = {

/* Begin PBXBuildFile section */
		00E356F31AD99517003FC87E /* ItaliaAppTests.m in Sources */ = {isa = PBXBuildFile; fileRef = 00E356F21AD99517003FC87E /* ItaliaAppTests.m */; };
		133638FA213D788900B0C079 /* InfoPlist.strings in Resources */ = {isa = PBXBuildFile; fileRef = 133638FC213D788900B0C079 /* InfoPlist.strings */; };
		13B07FBC1A68108700A75B9A /* AppDelegate.mm in Sources */ = {isa = PBXBuildFile; fileRef = 13B07FB01A68108700A75B9A /* AppDelegate.mm */; };
		13B07FBF1A68108700A75B9A /* Images.xcassets in Resources */ = {isa = PBXBuildFile; fileRef = 13B07FB51A68108700A75B9A /* Images.xcassets */; };
		13B07FC11A68108700A75B9A /* main.m in Sources */ = {isa = PBXBuildFile; fileRef = 13B07FB71A68108700A75B9A /* main.m */; };
		16E38CBD19D4437A9C020B21 /* RobotoMono-Regular.ttf in Resources */ = {isa = PBXBuildFile; fileRef = 76E4CEA78E3F4060ABB59808 /* RobotoMono-Regular.ttf */; };
		194A5D2B1F027F5A0078620E /* Podfile in Resources */ = {isa = PBXBuildFile; fileRef = 194A5D2A1F027F5A0078620E /* Podfile */; };
		1CD9CAEA755BFC30AE893F46 /* libPods-ItaliaApp-ItaliaAppTests.a in Frameworks */ = {isa = PBXBuildFile; fileRef = 3A0A336CDDAE56472931AD9F /* libPods-ItaliaApp-ItaliaAppTests.a */; };
		28E4866232804051B865FC10 /* RobotoMono-RegularItalic.ttf in Resources */ = {isa = PBXBuildFile; fileRef = 5389C36762A04AE69D762289 /* RobotoMono-RegularItalic.ttf */; };
		2AD40B9924CB049500E4124A /* LaunchScreen.storyboard in Resources */ = {isa = PBXBuildFile; fileRef = 2AD40B9824CB049500E4124A /* LaunchScreen.storyboard */; };
		3A3CA4696BA44782A02FE37E /* TitilliumWeb-SemiBold.ttf in Resources */ = {isa = PBXBuildFile; fileRef = B021D4CC17ED4D54B7944FED /* TitilliumWeb-SemiBold.ttf */; };
		4D331CF68DAC4800A6D6297A /* TitilliumWeb-Regular.ttf in Resources */ = {isa = PBXBuildFile; fileRef = 11C2483C363E432BB4D0A583 /* TitilliumWeb-Regular.ttf */; };
		570BBC8FC70C4A76ABF035AC /* TitilliumWeb-Light.ttf in Resources */ = {isa = PBXBuildFile; fileRef = 163BC670599B42509D4D138E /* TitilliumWeb-Light.ttf */; };
		69A5E1839C924EE5B8CD9470 /* ReadexPro-Regular.ttf in Resources */ = {isa = PBXBuildFile; fileRef = 2C584AD92CB24628B1AA76DE /* ReadexPro-Regular.ttf */; };
		6B44A74498354CC19B90FE9C /* TitilliumWeb-ExtraLightItalic.ttf in Resources */ = {isa = PBXBuildFile; fileRef = 6754714BBEF54AA59833C0EB /* TitilliumWeb-ExtraLightItalic.ttf */; };
		72E4B1EFF7D4414483079F91 /* TitilliumWeb-SemiBoldItalic.ttf in Resources */ = {isa = PBXBuildFile; fileRef = CED8B1FF1E254583BB3F285F /* TitilliumWeb-SemiBoldItalic.ttf */; };
		859781B477BB45579FB9A9F2 /* TitilliumWeb-Italic.ttf in Resources */ = {isa = PBXBuildFile; fileRef = F709D4AE20E44EFAAB255A8E /* TitilliumWeb-Italic.ttf */; };
		862C0E693C864E76BADCDFCC /* TitilliumWeb-Black.ttf in Resources */ = {isa = PBXBuildFile; fileRef = 6A786CC45B2D4B77BDF55C1D /* TitilliumWeb-Black.ttf */; };
		8788744508D34396942D3DB4 /* RobotoMono-Light.ttf in Resources */ = {isa = PBXBuildFile; fileRef = AFE8D23873DE458BB54EB46B /* RobotoMono-Light.ttf */; };
		8C7948EB37334D2DADB1E7AE /* TitilliumWeb-ExtraLight.ttf in Resources */ = {isa = PBXBuildFile; fileRef = EE4F83DB63254F5285C36A40 /* TitilliumWeb-ExtraLight.ttf */; };
		8D109BF3B47F46FDA6B105CE /* TitilliumWeb-BoldItalic.ttf in Resources */ = {isa = PBXBuildFile; fileRef = 1E4EECD1122B401CAC190472 /* TitilliumWeb-BoldItalic.ttf */; };
		8E7BB01F1A6D4D79B17B4210 /* RobotoMono-BoldItalic.ttf in Resources */ = {isa = PBXBuildFile; fileRef = 2A1DC2C4323E417BBBAE8817 /* RobotoMono-BoldItalic.ttf */; };
		9975E38DE95949D28D07A275 /* RobotoMono-Bold.ttf in Resources */ = {isa = PBXBuildFile; fileRef = B7088D9B42BA4275A767BEFF /* RobotoMono-Bold.ttf */; };
		9AA4918716C04270861750C9 /* io-icon-font.ttf in Resources */ = {isa = PBXBuildFile; fileRef = FB6C250A30844C039ED2913E /* io-icon-font.ttf */; };
		BE1A42156484487BABBC4DED /* TitilliumWeb-Bold.ttf in Resources */ = {isa = PBXBuildFile; fileRef = 309BA0207AA24FE9A0EBE61C /* TitilliumWeb-Bold.ttf */; };
		C2CF038002D24FEEAB41B336 /* RobotoMono-LightItalic.ttf in Resources */ = {isa = PBXBuildFile; fileRef = 640E574519CA4183B230AF22 /* RobotoMono-LightItalic.ttf */; };
		CD4FC1EC91E60128F3E01292 /* libPods-ItaliaApp.a in Frameworks */ = {isa = PBXBuildFile; fileRef = A6F417D3B8F84EA607A5C6F3 /* libPods-ItaliaApp.a */; };
		D18E075B28304466B6CA2381 /* TitilliumWeb-LightItalic.ttf in Resources */ = {isa = PBXBuildFile; fileRef = B65D221FCB5A461FBC44285D /* TitilliumWeb-LightItalic.ttf */; };
		EFFA620FCD2D46F6B942663B /* LICENSE.txt in Resources */ = {isa = PBXBuildFile; fileRef = 2D52800996AA471A87A7F975 /* LICENSE.txt */; };
		F0625E7F2326825600EDEF90 /* JavaScriptCore.framework in Frameworks */ = {isa = PBXBuildFile; fileRef = ED297162215061F000B7C4FE /* JavaScriptCore.framework */; };
		F09FEB3C231818E3007071DB /* Localizable.strings in Resources */ = {isa = PBXBuildFile; fileRef = F09FEB0D231818E3007071DB /* Localizable.strings */; };
/* End PBXBuildFile section */

/* Begin PBXContainerItemProxy section */
		00E356F41AD99517003FC87E /* PBXContainerItemProxy */ = {
			isa = PBXContainerItemProxy;
			containerPortal = 83CBB9F71A601CBA00E9B192 /* Project object */;
			proxyType = 1;
			remoteGlobalIDString = 13B07F861A680F5B00A75B9A;
			remoteInfo = ItaliaApp;
		};
/* End PBXContainerItemProxy section */

/* Begin PBXCopyFilesBuildPhase section */
		61CC933C2135818C00206602 /* Embed Frameworks */ = {
			isa = PBXCopyFilesBuildPhase;
			buildActionMask = 2147483647;
			dstPath = "";
			dstSubfolderSpec = 10;
			files = (
			);
			name = "Embed Frameworks";
			runOnlyForDeploymentPostprocessing = 0;
		};
/* End PBXCopyFilesBuildPhase section */

/* Begin PBXFileReference section */
		008F07F21AC5B25A0029DE68 /* main.jsbundle */ = {isa = PBXFileReference; fileEncoding = 4; lastKnownFileType = text; path = main.jsbundle; sourceTree = "<group>"; };
		00E356EE1AD99517003FC87E /* ItaliaAppTests.xctest */ = {isa = PBXFileReference; explicitFileType = wrapper.cfbundle; includeInIndex = 0; path = ItaliaAppTests.xctest; sourceTree = BUILT_PRODUCTS_DIR; };
		00E356F11AD99517003FC87E /* Info.plist */ = {isa = PBXFileReference; lastKnownFileType = text.plist.xml; path = Info.plist; sourceTree = "<group>"; };
		00E356F21AD99517003FC87E /* ItaliaAppTests.m */ = {isa = PBXFileReference; lastKnownFileType = sourcecode.c.objc; path = ItaliaAppTests.m; sourceTree = "<group>"; };
		11C2483C363E432BB4D0A583 /* TitilliumWeb-Regular.ttf */ = {isa = PBXFileReference; explicitFileType = undefined; fileEncoding = 9; includeInIndex = 0; lastKnownFileType = unknown; name = "TitilliumWeb-Regular.ttf"; path = "../assets/fonts/TitilliumWeb/TitilliumWeb-Regular.ttf"; sourceTree = "<group>"; };
		133638FB213D788900B0C079 /* en */ = {isa = PBXFileReference; lastKnownFileType = text.plist.strings; name = en; path = en.lproj/InfoPlist.strings; sourceTree = "<group>"; };
		133638FD213D78DB00B0C079 /* it */ = {isa = PBXFileReference; lastKnownFileType = text.plist.strings; name = it; path = it.lproj/InfoPlist.strings; sourceTree = "<group>"; };
		13B07F961A680F5B00A75B9A /* ItaliaApp.app */ = {isa = PBXFileReference; explicitFileType = wrapper.application; includeInIndex = 0; path = ItaliaApp.app; sourceTree = BUILT_PRODUCTS_DIR; };
		13B07FAF1A68108700A75B9A /* AppDelegate.h */ = {isa = PBXFileReference; fileEncoding = 4; lastKnownFileType = sourcecode.c.h; name = AppDelegate.h; path = ItaliaApp/AppDelegate.h; sourceTree = "<group>"; };
		13B07FB01A68108700A75B9A /* AppDelegate.mm */ = {isa = PBXFileReference; fileEncoding = 4; lastKnownFileType = sourcecode.c.objc; name = AppDelegate.mm; path = ItaliaApp/AppDelegate.mm; sourceTree = "<group>"; };
		13B07FB51A68108700A75B9A /* Images.xcassets */ = {isa = PBXFileReference; lastKnownFileType = folder.assetcatalog; name = Images.xcassets; path = ItaliaApp/Images.xcassets; sourceTree = "<group>"; };
		13B07FB61A68108700A75B9A /* Info.plist */ = {isa = PBXFileReference; fileEncoding = 4; lastKnownFileType = text.plist.xml; name = Info.plist; path = ItaliaApp/Info.plist; sourceTree = "<group>"; };
		13B07FB71A68108700A75B9A /* main.m */ = {isa = PBXFileReference; fileEncoding = 4; lastKnownFileType = sourcecode.c.objc; name = main.m; path = ItaliaApp/main.m; sourceTree = "<group>"; };
		163BC670599B42509D4D138E /* TitilliumWeb-Light.ttf */ = {isa = PBXFileReference; explicitFileType = undefined; fileEncoding = 9; includeInIndex = 0; lastKnownFileType = unknown; name = "TitilliumWeb-Light.ttf"; path = "../assets/fonts/TitilliumWeb/TitilliumWeb-Light.ttf"; sourceTree = "<group>"; };
		194A5D2A1F027F5A0078620E /* Podfile */ = {isa = PBXFileReference; fileEncoding = 4; lastKnownFileType = text; path = Podfile; sourceTree = "<group>"; };
		1E4EECD1122B401CAC190472 /* TitilliumWeb-BoldItalic.ttf */ = {isa = PBXFileReference; explicitFileType = undefined; fileEncoding = 9; includeInIndex = 0; lastKnownFileType = unknown; name = "TitilliumWeb-BoldItalic.ttf"; path = "../assets/fonts/TitilliumWeb/TitilliumWeb-BoldItalic.ttf"; sourceTree = "<group>"; };
		2A1DC2C4323E417BBBAE8817 /* RobotoMono-BoldItalic.ttf */ = {isa = PBXFileReference; explicitFileType = undefined; fileEncoding = 9; includeInIndex = 0; lastKnownFileType = unknown; name = "RobotoMono-BoldItalic.ttf"; path = "../assets/fonts/RobotoMono/RobotoMono-BoldItalic.ttf"; sourceTree = "<group>"; };
		2AD40B9824CB049500E4124A /* LaunchScreen.storyboard */ = {isa = PBXFileReference; fileEncoding = 4; lastKnownFileType = file.storyboard; name = LaunchScreen.storyboard; path = ItaliaApp/LaunchScreen.storyboard; sourceTree = "<group>"; };
		2AFAC65324C9B7C300E85199 /* ItaliaApp-Bridging-Header.h */ = {isa = PBXFileReference; lastKnownFileType = sourcecode.c.h; path = "ItaliaApp-Bridging-Header.h"; sourceTree = "<group>"; };
		2C584AD92CB24628B1AA76DE /* ReadexPro-Regular.ttf */ = {isa = PBXFileReference; explicitFileType = undefined; fileEncoding = undefined; includeInIndex = 0; lastKnownFileType = unknown; name = "ReadexPro-Regular.ttf"; path = "../assets/fonts/ReadexPro/ReadexPro-Regular.ttf"; sourceTree = "<group>"; };
		2D52800996AA471A87A7F975 /* LICENSE.txt */ = {isa = PBXFileReference; explicitFileType = undefined; fileEncoding = 9; includeInIndex = 0; lastKnownFileType = unknown; name = LICENSE.txt; path = ../assets/fonts/RobotoMono/LICENSE.txt; sourceTree = "<group>"; };
		309BA0207AA24FE9A0EBE61C /* TitilliumWeb-Bold.ttf */ = {isa = PBXFileReference; explicitFileType = undefined; fileEncoding = 9; includeInIndex = 0; lastKnownFileType = unknown; name = "TitilliumWeb-Bold.ttf"; path = "../assets/fonts/TitilliumWeb/TitilliumWeb-Bold.ttf"; sourceTree = "<group>"; };
		3A0A336CDDAE56472931AD9F /* libPods-ItaliaApp-ItaliaAppTests.a */ = {isa = PBXFileReference; explicitFileType = archive.ar; includeInIndex = 0; path = "libPods-ItaliaApp-ItaliaAppTests.a"; sourceTree = BUILT_PRODUCTS_DIR; };
		4F044D1214BF98AC6510D261 /* Pods-ItaliaApp.debug.xcconfig */ = {isa = PBXFileReference; includeInIndex = 1; lastKnownFileType = text.xcconfig; name = "Pods-ItaliaApp.debug.xcconfig"; path = "Target Support Files/Pods-ItaliaApp/Pods-ItaliaApp.debug.xcconfig"; sourceTree = "<group>"; };
		5389C36762A04AE69D762289 /* RobotoMono-RegularItalic.ttf */ = {isa = PBXFileReference; explicitFileType = undefined; fileEncoding = 9; includeInIndex = 0; lastKnownFileType = unknown; name = "RobotoMono-RegularItalic.ttf"; path = "../assets/fonts/RobotoMono/RobotoMono-RegularItalic.ttf"; sourceTree = "<group>"; };
		640E574519CA4183B230AF22 /* RobotoMono-LightItalic.ttf */ = {isa = PBXFileReference; explicitFileType = undefined; fileEncoding = 9; includeInIndex = 0; lastKnownFileType = unknown; name = "RobotoMono-LightItalic.ttf"; path = "../assets/fonts/RobotoMono/RobotoMono-LightItalic.ttf"; sourceTree = "<group>"; };
		6754714BBEF54AA59833C0EB /* TitilliumWeb-ExtraLightItalic.ttf */ = {isa = PBXFileReference; explicitFileType = undefined; fileEncoding = 9; includeInIndex = 0; lastKnownFileType = unknown; name = "TitilliumWeb-ExtraLightItalic.ttf"; path = "../assets/fonts/TitilliumWeb/TitilliumWeb-ExtraLightItalic.ttf"; sourceTree = "<group>"; };
		69DDBDD712454186B7493CEC /* Ionicons.ttf */ = {isa = PBXFileReference; explicitFileType = undefined; fileEncoding = 9; includeInIndex = 0; lastKnownFileType = unknown; name = Ionicons.ttf; path = ../assets/fonts/Ionicons/Ionicons.ttf; sourceTree = "<group>"; };
		6A786CC45B2D4B77BDF55C1D /* TitilliumWeb-Black.ttf */ = {isa = PBXFileReference; explicitFileType = undefined; fileEncoding = 9; includeInIndex = 0; lastKnownFileType = unknown; name = "TitilliumWeb-Black.ttf"; path = "../assets/fonts/TitilliumWeb/TitilliumWeb-Black.ttf"; sourceTree = "<group>"; };
		6C4A0A2AB90C8575993DF1E1 /* Instabug.framework */ = {isa = PBXFileReference; lastKnownFileType = wrapper.framework; name = Instabug.framework; path = "../node_modules/instabug-reactnative/ios/Instabug.framework"; sourceTree = "<group>"; };
		76E4CEA78E3F4060ABB59808 /* RobotoMono-Regular.ttf */ = {isa = PBXFileReference; explicitFileType = undefined; fileEncoding = 9; includeInIndex = 0; lastKnownFileType = unknown; name = "RobotoMono-Regular.ttf"; path = "../assets/fonts/RobotoMono/RobotoMono-Regular.ttf"; sourceTree = "<group>"; };
		7A83F0572152B12C000C6389 /* ItaliaApp.entitlements */ = {isa = PBXFileReference; lastKnownFileType = text.plist.entitlements; name = ItaliaApp.entitlements; path = ItaliaApp/ItaliaApp.entitlements; sourceTree = "<group>"; };
		A6F417D3B8F84EA607A5C6F3 /* libPods-ItaliaApp.a */ = {isa = PBXFileReference; explicitFileType = archive.ar; includeInIndex = 0; path = "libPods-ItaliaApp.a"; sourceTree = BUILT_PRODUCTS_DIR; };
		AE2A89F5F6A57BDBD22D81D9 /* Pods-ItaliaApp-ItaliaAppTests.release.xcconfig */ = {isa = PBXFileReference; includeInIndex = 1; lastKnownFileType = text.xcconfig; name = "Pods-ItaliaApp-ItaliaAppTests.release.xcconfig"; path = "Target Support Files/Pods-ItaliaApp-ItaliaAppTests/Pods-ItaliaApp-ItaliaAppTests.release.xcconfig"; sourceTree = "<group>"; };
		AFE8D23873DE458BB54EB46B /* RobotoMono-Light.ttf */ = {isa = PBXFileReference; explicitFileType = undefined; fileEncoding = 9; includeInIndex = 0; lastKnownFileType = unknown; name = "RobotoMono-Light.ttf"; path = "../assets/fonts/RobotoMono/RobotoMono-Light.ttf"; sourceTree = "<group>"; };
		B021D4CC17ED4D54B7944FED /* TitilliumWeb-SemiBold.ttf */ = {isa = PBXFileReference; explicitFileType = undefined; fileEncoding = 9; includeInIndex = 0; lastKnownFileType = unknown; name = "TitilliumWeb-SemiBold.ttf"; path = "../assets/fonts/TitilliumWeb/TitilliumWeb-SemiBold.ttf"; sourceTree = "<group>"; };
		B65D221FCB5A461FBC44285D /* TitilliumWeb-LightItalic.ttf */ = {isa = PBXFileReference; explicitFileType = undefined; fileEncoding = 9; includeInIndex = 0; lastKnownFileType = unknown; name = "TitilliumWeb-LightItalic.ttf"; path = "../assets/fonts/TitilliumWeb/TitilliumWeb-LightItalic.ttf"; sourceTree = "<group>"; };
		B7088D9B42BA4275A767BEFF /* RobotoMono-Bold.ttf */ = {isa = PBXFileReference; explicitFileType = undefined; fileEncoding = 9; includeInIndex = 0; lastKnownFileType = unknown; name = "RobotoMono-Bold.ttf"; path = "../assets/fonts/RobotoMono/RobotoMono-Bold.ttf"; sourceTree = "<group>"; };
		B7EF7760029EB39299B837EA /* Pods-ItaliaApp.release.xcconfig */ = {isa = PBXFileReference; includeInIndex = 1; lastKnownFileType = text.xcconfig; name = "Pods-ItaliaApp.release.xcconfig"; path = "Target Support Files/Pods-ItaliaApp/Pods-ItaliaApp.release.xcconfig"; sourceTree = "<group>"; };
		CED8B1FF1E254583BB3F285F /* TitilliumWeb-SemiBoldItalic.ttf */ = {isa = PBXFileReference; explicitFileType = undefined; fileEncoding = 9; includeInIndex = 0; lastKnownFileType = unknown; name = "TitilliumWeb-SemiBoldItalic.ttf"; path = "../assets/fonts/TitilliumWeb/TitilliumWeb-SemiBoldItalic.ttf"; sourceTree = "<group>"; };
		ED297162215061F000B7C4FE /* JavaScriptCore.framework */ = {isa = PBXFileReference; lastKnownFileType = wrapper.framework; name = JavaScriptCore.framework; path = System/Library/Frameworks/JavaScriptCore.framework; sourceTree = SDKROOT; };
		EE4F83DB63254F5285C36A40 /* TitilliumWeb-ExtraLight.ttf */ = {isa = PBXFileReference; explicitFileType = undefined; fileEncoding = 9; includeInIndex = 0; lastKnownFileType = unknown; name = "TitilliumWeb-ExtraLight.ttf"; path = "../assets/fonts/TitilliumWeb/TitilliumWeb-ExtraLight.ttf"; sourceTree = "<group>"; };
		F0625E792326820B00EDEF90 /* libReact-RCTImage.a */ = {isa = PBXFileReference; explicitFileType = archive.ar; path = "libReact-RCTImage.a"; sourceTree = BUILT_PRODUCTS_DIR; };
		F0625E7B2326822400EDEF90 /* libReact-RCTImage.a */ = {isa = PBXFileReference; explicitFileType = archive.ar; path = "libReact-RCTImage.a"; sourceTree = BUILT_PRODUCTS_DIR; };
		F09FEB0E231818E3007071DB /* en */ = {isa = PBXFileReference; lastKnownFileType = text.plist.strings; name = en; path = ItaliaApp/en.lproj/Localizable.strings; sourceTree = "<group>"; };
		F09FEB3D231818F0007071DB /* it */ = {isa = PBXFileReference; lastKnownFileType = text.plist.strings; name = it; path = ItaliaApp/it.lproj/Localizable.strings; sourceTree = "<group>"; };
		F709D4AE20E44EFAAB255A8E /* TitilliumWeb-Italic.ttf */ = {isa = PBXFileReference; explicitFileType = undefined; fileEncoding = 9; includeInIndex = 0; lastKnownFileType = unknown; name = "TitilliumWeb-Italic.ttf"; path = "../assets/fonts/TitilliumWeb/TitilliumWeb-Italic.ttf"; sourceTree = "<group>"; };
		FB6C250A30844C039ED2913E /* io-icon-font.ttf */ = {isa = PBXFileReference; explicitFileType = undefined; fileEncoding = 9; includeInIndex = 0; lastKnownFileType = unknown; name = "io-icon-font.ttf"; path = "../assets/fonts/io-icon-font/io-icon-font.ttf"; sourceTree = "<group>"; };
		FCE075AF22EBCD57D83AD630 /* Pods-ItaliaApp-ItaliaAppTests.debug.xcconfig */ = {isa = PBXFileReference; includeInIndex = 1; lastKnownFileType = text.xcconfig; name = "Pods-ItaliaApp-ItaliaAppTests.debug.xcconfig"; path = "Target Support Files/Pods-ItaliaApp-ItaliaAppTests/Pods-ItaliaApp-ItaliaAppTests.debug.xcconfig"; sourceTree = "<group>"; };
/* End PBXFileReference section */

/* Begin PBXFrameworksBuildPhase section */
		00E356EB1AD99517003FC87E /* Frameworks */ = {
			isa = PBXFrameworksBuildPhase;
			buildActionMask = 2147483647;
			files = (
				1CD9CAEA755BFC30AE893F46 /* libPods-ItaliaApp-ItaliaAppTests.a in Frameworks */,
			);
			runOnlyForDeploymentPostprocessing = 0;
		};
		13B07F8C1A680F5B00A75B9A /* Frameworks */ = {
			isa = PBXFrameworksBuildPhase;
			buildActionMask = 2147483647;
			files = (
				F0625E7F2326825600EDEF90 /* JavaScriptCore.framework in Frameworks */,
				CD4FC1EC91E60128F3E01292 /* libPods-ItaliaApp.a in Frameworks */,
			);
			runOnlyForDeploymentPostprocessing = 0;
		};
/* End PBXFrameworksBuildPhase section */

/* Begin PBXGroup section */
		00E356EF1AD99517003FC87E /* ItaliaAppTests */ = {
			isa = PBXGroup;
			children = (
				00E356F21AD99517003FC87E /* ItaliaAppTests.m */,
				00E356F01AD99517003FC87E /* Supporting Files */,
			);
			path = ItaliaAppTests;
			sourceTree = "<group>";
		};
		00E356F01AD99517003FC87E /* Supporting Files */ = {
			isa = PBXGroup;
			children = (
				00E356F11AD99517003FC87E /* Info.plist */,
			);
			name = "Supporting Files";
			sourceTree = "<group>";
		};
		132A5D6B2032B79F00AB7333 /* Recovered References */ = {
			isa = PBXGroup;
			children = (
				ED297162215061F000B7C4FE /* JavaScriptCore.framework */,
			);
			name = "Recovered References";
			sourceTree = "<group>";
		};
		13B07FAE1A68108700A75B9A /* ItaliaApp */ = {
			isa = PBXGroup;
			children = (
				2AD40B9824CB049500E4124A /* LaunchScreen.storyboard */,
				7A83F0572152B12C000C6389 /* ItaliaApp.entitlements */,
				133638FC213D788900B0C079 /* InfoPlist.strings */,
				008F07F21AC5B25A0029DE68 /* main.jsbundle */,
				13B07FAF1A68108700A75B9A /* AppDelegate.h */,
				13B07FB01A68108700A75B9A /* AppDelegate.mm */,
				13B07FB51A68108700A75B9A /* Images.xcassets */,
				13B07FB61A68108700A75B9A /* Info.plist */,
				F09FEB0D231818E3007071DB /* Localizable.strings */,
				13B07FB71A68108700A75B9A /* main.m */,
				2AFAC65324C9B7C300E85199 /* ItaliaApp-Bridging-Header.h */,
			);
			name = ItaliaApp;
			sourceTree = "<group>";
		};
		36F229EFB63F4CD98EF610EC /* Resources */ = {
			isa = PBXGroup;
			children = (
				6A786CC45B2D4B77BDF55C1D /* TitilliumWeb-Black.ttf */,
				309BA0207AA24FE9A0EBE61C /* TitilliumWeb-Bold.ttf */,
				1E4EECD1122B401CAC190472 /* TitilliumWeb-BoldItalic.ttf */,
				EE4F83DB63254F5285C36A40 /* TitilliumWeb-ExtraLight.ttf */,
				6754714BBEF54AA59833C0EB /* TitilliumWeb-ExtraLightItalic.ttf */,
				F709D4AE20E44EFAAB255A8E /* TitilliumWeb-Italic.ttf */,
				163BC670599B42509D4D138E /* TitilliumWeb-Light.ttf */,
				B65D221FCB5A461FBC44285D /* TitilliumWeb-LightItalic.ttf */,
				11C2483C363E432BB4D0A583 /* TitilliumWeb-Regular.ttf */,
				B021D4CC17ED4D54B7944FED /* TitilliumWeb-SemiBold.ttf */,
				CED8B1FF1E254583BB3F285F /* TitilliumWeb-SemiBoldItalic.ttf */,
				2D52800996AA471A87A7F975 /* LICENSE.txt */,
				69DDBDD712454186B7493CEC /* Ionicons.ttf */,
				B7088D9B42BA4275A767BEFF /* RobotoMono-Bold.ttf */,
				2A1DC2C4323E417BBBAE8817 /* RobotoMono-BoldItalic.ttf */,
				AFE8D23873DE458BB54EB46B /* RobotoMono-Light.ttf */,
				640E574519CA4183B230AF22 /* RobotoMono-LightItalic.ttf */,
				76E4CEA78E3F4060ABB59808 /* RobotoMono-Regular.ttf */,
				5389C36762A04AE69D762289 /* RobotoMono-RegularItalic.ttf */,
				FB6C250A30844C039ED2913E /* io-icon-font.ttf */,
				2C584AD92CB24628B1AA76DE /* ReadexPro-Regular.ttf */,
			);
			name = Resources;
			sourceTree = "<group>";
		};
		591602A69619994F43D34A93 /* Pods */ = {
			isa = PBXGroup;
			children = (
				4F044D1214BF98AC6510D261 /* Pods-ItaliaApp.debug.xcconfig */,
				B7EF7760029EB39299B837EA /* Pods-ItaliaApp.release.xcconfig */,
				FCE075AF22EBCD57D83AD630 /* Pods-ItaliaApp-ItaliaAppTests.debug.xcconfig */,
				AE2A89F5F6A57BDBD22D81D9 /* Pods-ItaliaApp-ItaliaAppTests.release.xcconfig */,
			);
			path = Pods;
			sourceTree = "<group>";
		};
		832341AE1AAA6A7D00B99B32 /* Libraries */ = {
			isa = PBXGroup;
			children = (
			);
			name = Libraries;
			sourceTree = "<group>";
		};
		83CBB9F61A601CBA00E9B192 = {
			isa = PBXGroup;
			children = (
				194A5D2A1F027F5A0078620E /* Podfile */,
				13B07FAE1A68108700A75B9A /* ItaliaApp */,
				832341AE1AAA6A7D00B99B32 /* Libraries */,
				00E356EF1AD99517003FC87E /* ItaliaAppTests */,
				83CBBA001A601CBA00E9B192 /* Products */,
				36F229EFB63F4CD98EF610EC /* Resources */,
				132A5D6B2032B79F00AB7333 /* Recovered References */,
				D4DC8E1B3B2C5EA1E4968752 /* Frameworks */,
				591602A69619994F43D34A93 /* Pods */,
			);
			indentWidth = 2;
			sourceTree = "<group>";
			tabWidth = 2;
			usesTabs = 0;
		};
		83CBBA001A601CBA00E9B192 /* Products */ = {
			isa = PBXGroup;
			children = (
				13B07F961A680F5B00A75B9A /* ItaliaApp.app */,
				00E356EE1AD99517003FC87E /* ItaliaAppTests.xctest */,
			);
			name = Products;
			sourceTree = "<group>";
		};
		D4DC8E1B3B2C5EA1E4968752 /* Frameworks */ = {
			isa = PBXGroup;
			children = (
				F0625E7B2326822400EDEF90 /* libReact-RCTImage.a */,
				F0625E792326820B00EDEF90 /* libReact-RCTImage.a */,
				6C4A0A2AB90C8575993DF1E1 /* Instabug.framework */,
				A6F417D3B8F84EA607A5C6F3 /* libPods-ItaliaApp.a */,
				3A0A336CDDAE56472931AD9F /* libPods-ItaliaApp-ItaliaAppTests.a */,
			);
			name = Frameworks;
			sourceTree = "<group>";
		};
/* End PBXGroup section */

/* Begin PBXNativeTarget section */
		00E356ED1AD99517003FC87E /* ItaliaAppTests */ = {
			isa = PBXNativeTarget;
			buildConfigurationList = 00E357021AD99517003FC87E /* Build configuration list for PBXNativeTarget "ItaliaAppTests" */;
			buildPhases = (
				CC25A055C342FAAE3D4A7914 /* [CP] Check Pods Manifest.lock */,
				00E356EA1AD99517003FC87E /* Sources */,
				00E356EB1AD99517003FC87E /* Frameworks */,
				00E356EC1AD99517003FC87E /* Resources */,
				798F586C1A40477B6340BEA7 /* [CP] Embed Pods Frameworks */,
				F162F3AB6F2574EDC5D74D51 /* [CP] Copy Pods Resources */,
			);
			buildRules = (
			);
			dependencies = (
				00E356F51AD99517003FC87E /* PBXTargetDependency */,
			);
			name = ItaliaAppTests;
			productName = ItaliaAppTests;
			productReference = 00E356EE1AD99517003FC87E /* ItaliaAppTests.xctest */;
			productType = "com.apple.product-type.bundle.unit-test";
		};
		13B07F861A680F5B00A75B9A /* ItaliaApp */ = {
			isa = PBXNativeTarget;
			buildConfigurationList = 13B07F931A680F5B00A75B9A /* Build configuration list for PBXNativeTarget "ItaliaApp" */;
			buildPhases = (
				02908AF96918A81891FE2AAA /* [CP] Check Pods Manifest.lock */,
				95AEBF4A23D0A295000598A9 /* Start Packager */,
				13B07F871A680F5B00A75B9A /* Sources */,
				13B07F8C1A680F5B00A75B9A /* Frameworks */,
				13B07F8E1A680F5B00A75B9A /* Resources */,
				00DD1BFF1BD5951E006B06BC /* Bundle React Native code and images */,
				61CC933C2135818C00206602 /* Embed Frameworks */,
				7A034949213D55CA0064B689 /* Work around InputMask.xcodeproj embedding an extra set of Swift libraries */,
				78409FB602D7E5A8BB0D890D /* [CP] Embed Pods Frameworks */,
				93CC51473253477B8DB84D24 /* [CP] Copy Pods Resources */,
			);
			buildRules = (
			);
			dependencies = (
			);
			name = ItaliaApp;
			productName = "Hello World";
			productReference = 13B07F961A680F5B00A75B9A /* ItaliaApp.app */;
			productType = "com.apple.product-type.application";
		};
/* End PBXNativeTarget section */

/* Begin PBXProject section */
		83CBB9F71A601CBA00E9B192 /* Project object */ = {
			isa = PBXProject;
			attributes = {
				LastUpgradeCheck = 1160;
				ORGANIZATIONNAME = "";
				TargetAttributes = {
					00E356ED1AD99517003FC87E = {
						CreatedOnToolsVersion = 6.2;
						DevelopmentTeam = M2X5YQ4BJ7;
						TestTargetID = 13B07F861A680F5B00A75B9A;
					};
					13B07F861A680F5B00A75B9A = {
						DevelopmentTeam = M2X5YQ4BJ7;
						LastSwiftMigration = 1160;
						ProvisioningStyle = Manual;
						SystemCapabilities = {
							com.apple.Push = {
								enabled = 1;
							};
						};
					};
				};
			};
			buildConfigurationList = 83CBB9FA1A601CBA00E9B192 /* Build configuration list for PBXProject "ItaliaApp" */;
			compatibilityVersion = "Xcode 3.2";
			developmentRegion = en;
			hasScannedForEncodings = 0;
			knownRegions = (
				en,
				Base,
				it,
			);
			mainGroup = 83CBB9F61A601CBA00E9B192;
			productRefGroup = 83CBBA001A601CBA00E9B192 /* Products */;
			projectDirPath = "";
			projectRoot = "";
			targets = (
				13B07F861A680F5B00A75B9A /* ItaliaApp */,
				00E356ED1AD99517003FC87E /* ItaliaAppTests */,
			);
		};
/* End PBXProject section */

/* Begin PBXResourcesBuildPhase section */
		00E356EC1AD99517003FC87E /* Resources */ = {
			isa = PBXResourcesBuildPhase;
			buildActionMask = 2147483647;
			files = (
			);
			runOnlyForDeploymentPostprocessing = 0;
		};
		13B07F8E1A680F5B00A75B9A /* Resources */ = {
			isa = PBXResourcesBuildPhase;
			buildActionMask = 2147483647;
			files = (
				13B07FBF1A68108700A75B9A /* Images.xcassets in Resources */,
				133638FA213D788900B0C079 /* InfoPlist.strings in Resources */,
				194A5D2B1F027F5A0078620E /* Podfile in Resources */,
				862C0E693C864E76BADCDFCC /* TitilliumWeb-Black.ttf in Resources */,
				BE1A42156484487BABBC4DED /* TitilliumWeb-Bold.ttf in Resources */,
				8D109BF3B47F46FDA6B105CE /* TitilliumWeb-BoldItalic.ttf in Resources */,
				8C7948EB37334D2DADB1E7AE /* TitilliumWeb-ExtraLight.ttf in Resources */,
				6B44A74498354CC19B90FE9C /* TitilliumWeb-ExtraLightItalic.ttf in Resources */,
				859781B477BB45579FB9A9F2 /* TitilliumWeb-Italic.ttf in Resources */,
				2AD40B9924CB049500E4124A /* LaunchScreen.storyboard in Resources */,
				F09FEB3C231818E3007071DB /* Localizable.strings in Resources */,
				570BBC8FC70C4A76ABF035AC /* TitilliumWeb-Light.ttf in Resources */,
				D18E075B28304466B6CA2381 /* TitilliumWeb-LightItalic.ttf in Resources */,
				4D331CF68DAC4800A6D6297A /* TitilliumWeb-Regular.ttf in Resources */,
				3A3CA4696BA44782A02FE37E /* TitilliumWeb-SemiBold.ttf in Resources */,
				72E4B1EFF7D4414483079F91 /* TitilliumWeb-SemiBoldItalic.ttf in Resources */,
				EFFA620FCD2D46F6B942663B /* LICENSE.txt in Resources */,
				9975E38DE95949D28D07A275 /* RobotoMono-Bold.ttf in Resources */,
				8E7BB01F1A6D4D79B17B4210 /* RobotoMono-BoldItalic.ttf in Resources */,
				8788744508D34396942D3DB4 /* RobotoMono-Light.ttf in Resources */,
				C2CF038002D24FEEAB41B336 /* RobotoMono-LightItalic.ttf in Resources */,
				16E38CBD19D4437A9C020B21 /* RobotoMono-Regular.ttf in Resources */,
				28E4866232804051B865FC10 /* RobotoMono-RegularItalic.ttf in Resources */,
				9AA4918716C04270861750C9 /* io-icon-font.ttf in Resources */,
				69A5E1839C924EE5B8CD9470 /* ReadexPro-Regular.ttf in Resources */,
			);
			runOnlyForDeploymentPostprocessing = 0;
		};
/* End PBXResourcesBuildPhase section */

/* Begin PBXShellScriptBuildPhase section */
		00DD1BFF1BD5951E006B06BC /* Bundle React Native code and images */ = {
			isa = PBXShellScriptBuildPhase;
			buildActionMask = 2147483647;
			files = (
			);
			inputPaths = (
			);
			name = "Bundle React Native code and images";
			outputPaths = (
			);
			runOnlyForDeploymentPostprocessing = 0;
			shellPath = /bin/sh;
			shellScript = "export NODE_BINARY=node\n../node_modules/react-native/scripts/react-native-xcode.sh\n";
		};
		02908AF96918A81891FE2AAA /* [CP] Check Pods Manifest.lock */ = {
			isa = PBXShellScriptBuildPhase;
			buildActionMask = 2147483647;
			files = (
			);
			inputFileListPaths = (
			);
			inputPaths = (
				"${PODS_PODFILE_DIR_PATH}/Podfile.lock",
				"${PODS_ROOT}/Manifest.lock",
			);
			name = "[CP] Check Pods Manifest.lock";
			outputFileListPaths = (
			);
			outputPaths = (
				"$(DERIVED_FILE_DIR)/Pods-ItaliaApp-checkManifestLockResult.txt",
			);
			runOnlyForDeploymentPostprocessing = 0;
			shellPath = /bin/sh;
			shellScript = "diff \"${PODS_PODFILE_DIR_PATH}/Podfile.lock\" \"${PODS_ROOT}/Manifest.lock\" > /dev/null\nif [ $? != 0 ] ; then\n    # print error to STDERR\n    echo \"error: The sandbox is not in sync with the Podfile.lock. Run 'pod install' or update your CocoaPods installation.\" >&2\n    exit 1\nfi\n# This output is used by Xcode 'outputs' to avoid re-running this script phase.\necho \"SUCCESS\" > \"${SCRIPT_OUTPUT_FILE_0}\"\n";
			showEnvVarsInLog = 0;
		};
		78409FB602D7E5A8BB0D890D /* [CP] Embed Pods Frameworks */ = {
			isa = PBXShellScriptBuildPhase;
			buildActionMask = 2147483647;
			files = (
			);
			inputPaths = (
				"${PODS_ROOT}/Target Support Files/Pods-ItaliaApp/Pods-ItaliaApp-frameworks.sh",
				"${PODS_XCFRAMEWORKS_BUILD_DIR}/Flipper-DoubleConversion/double-conversion.framework/double-conversion",
				"${PODS_XCFRAMEWORKS_BUILD_DIR}/Flipper-Glog/glog.framework/glog",
				"${PODS_XCFRAMEWORKS_BUILD_DIR}/OpenSSL-Universal/OpenSSL.framework/OpenSSL",
				"${PODS_XCFRAMEWORKS_BUILD_DIR}/ZendeskAnswerBotProvidersSDK/AnswerBotProvidersSDK.framework/AnswerBotProvidersSDK",
				"${PODS_XCFRAMEWORKS_BUILD_DIR}/ZendeskAnswerBotSDK/AnswerBotSDK.framework/AnswerBotSDK",
				"${PODS_XCFRAMEWORKS_BUILD_DIR}/ZendeskChatProvidersSDK/ChatProvidersSDK.framework/ChatProvidersSDK",
				"${PODS_XCFRAMEWORKS_BUILD_DIR}/ZendeskChatSDK/ChatSDK.framework/ChatSDK",
				"${PODS_XCFRAMEWORKS_BUILD_DIR}/ZendeskCommonUISDK/CommonUISDK.framework/CommonUISDK",
				"${PODS_XCFRAMEWORKS_BUILD_DIR}/ZendeskCoreSDK/ZendeskCoreSDK.framework/ZendeskCoreSDK",
				"${PODS_XCFRAMEWORKS_BUILD_DIR}/ZendeskMessagingAPISDK/MessagingAPI.framework/MessagingAPI",
				"${PODS_XCFRAMEWORKS_BUILD_DIR}/ZendeskMessagingSDK/MessagingSDK.framework/MessagingSDK",
				"${PODS_XCFRAMEWORKS_BUILD_DIR}/ZendeskSDKConfigurationsSDK/SDKConfigurations.framework/SDKConfigurations",
				"${PODS_XCFRAMEWORKS_BUILD_DIR}/ZendeskSupportProvidersSDK/SupportProvidersSDK.framework/SupportProvidersSDK",
				"${PODS_XCFRAMEWORKS_BUILD_DIR}/ZendeskSupportSDK/SupportSDK.framework/SupportSDK",
				"${PODS_XCFRAMEWORKS_BUILD_DIR}/hermes-engine/hermes.framework/hermes",
			);
			name = "[CP] Embed Pods Frameworks";
			outputPaths = (
				"${TARGET_BUILD_DIR}/${FRAMEWORKS_FOLDER_PATH}/double-conversion.framework",
				"${TARGET_BUILD_DIR}/${FRAMEWORKS_FOLDER_PATH}/glog.framework",
				"${TARGET_BUILD_DIR}/${FRAMEWORKS_FOLDER_PATH}/OpenSSL.framework",
				"${TARGET_BUILD_DIR}/${FRAMEWORKS_FOLDER_PATH}/AnswerBotProvidersSDK.framework",
				"${TARGET_BUILD_DIR}/${FRAMEWORKS_FOLDER_PATH}/AnswerBotSDK.framework",
				"${TARGET_BUILD_DIR}/${FRAMEWORKS_FOLDER_PATH}/ChatProvidersSDK.framework",
				"${TARGET_BUILD_DIR}/${FRAMEWORKS_FOLDER_PATH}/ChatSDK.framework",
				"${TARGET_BUILD_DIR}/${FRAMEWORKS_FOLDER_PATH}/CommonUISDK.framework",
				"${TARGET_BUILD_DIR}/${FRAMEWORKS_FOLDER_PATH}/ZendeskCoreSDK.framework",
				"${TARGET_BUILD_DIR}/${FRAMEWORKS_FOLDER_PATH}/MessagingAPI.framework",
				"${TARGET_BUILD_DIR}/${FRAMEWORKS_FOLDER_PATH}/MessagingSDK.framework",
				"${TARGET_BUILD_DIR}/${FRAMEWORKS_FOLDER_PATH}/SDKConfigurations.framework",
				"${TARGET_BUILD_DIR}/${FRAMEWORKS_FOLDER_PATH}/SupportProvidersSDK.framework",
				"${TARGET_BUILD_DIR}/${FRAMEWORKS_FOLDER_PATH}/SupportSDK.framework",
				"${TARGET_BUILD_DIR}/${FRAMEWORKS_FOLDER_PATH}/hermes.framework",
			);
			runOnlyForDeploymentPostprocessing = 0;
			shellPath = /bin/sh;
			shellScript = "\"${PODS_ROOT}/Target Support Files/Pods-ItaliaApp/Pods-ItaliaApp-frameworks.sh\"\n";
			showEnvVarsInLog = 0;
		};
		798F586C1A40477B6340BEA7 /* [CP] Embed Pods Frameworks */ = {
			isa = PBXShellScriptBuildPhase;
			buildActionMask = 2147483647;
			files = (
			);
			inputPaths = (
				"${PODS_ROOT}/Target Support Files/Pods-ItaliaApp-ItaliaAppTests/Pods-ItaliaApp-ItaliaAppTests-frameworks.sh",
				"${PODS_XCFRAMEWORKS_BUILD_DIR}/Flipper-DoubleConversion/double-conversion.framework/double-conversion",
				"${PODS_XCFRAMEWORKS_BUILD_DIR}/Flipper-Glog/glog.framework/glog",
				"${PODS_XCFRAMEWORKS_BUILD_DIR}/OpenSSL-Universal/OpenSSL.framework/OpenSSL",
				"${PODS_XCFRAMEWORKS_BUILD_DIR}/ZendeskAnswerBotProvidersSDK/AnswerBotProvidersSDK.framework/AnswerBotProvidersSDK",
				"${PODS_XCFRAMEWORKS_BUILD_DIR}/ZendeskAnswerBotSDK/AnswerBotSDK.framework/AnswerBotSDK",
				"${PODS_XCFRAMEWORKS_BUILD_DIR}/ZendeskChatProvidersSDK/ChatProvidersSDK.framework/ChatProvidersSDK",
				"${PODS_XCFRAMEWORKS_BUILD_DIR}/ZendeskChatSDK/ChatSDK.framework/ChatSDK",
				"${PODS_XCFRAMEWORKS_BUILD_DIR}/ZendeskCommonUISDK/CommonUISDK.framework/CommonUISDK",
				"${PODS_XCFRAMEWORKS_BUILD_DIR}/ZendeskCoreSDK/ZendeskCoreSDK.framework/ZendeskCoreSDK",
				"${PODS_XCFRAMEWORKS_BUILD_DIR}/ZendeskMessagingAPISDK/MessagingAPI.framework/MessagingAPI",
				"${PODS_XCFRAMEWORKS_BUILD_DIR}/ZendeskMessagingSDK/MessagingSDK.framework/MessagingSDK",
				"${PODS_XCFRAMEWORKS_BUILD_DIR}/ZendeskSDKConfigurationsSDK/SDKConfigurations.framework/SDKConfigurations",
				"${PODS_XCFRAMEWORKS_BUILD_DIR}/ZendeskSupportProvidersSDK/SupportProvidersSDK.framework/SupportProvidersSDK",
				"${PODS_XCFRAMEWORKS_BUILD_DIR}/ZendeskSupportSDK/SupportSDK.framework/SupportSDK",
				"${PODS_XCFRAMEWORKS_BUILD_DIR}/hermes-engine/hermes.framework/hermes",
			);
			name = "[CP] Embed Pods Frameworks";
			outputPaths = (
				"${TARGET_BUILD_DIR}/${FRAMEWORKS_FOLDER_PATH}/double-conversion.framework",
				"${TARGET_BUILD_DIR}/${FRAMEWORKS_FOLDER_PATH}/glog.framework",
				"${TARGET_BUILD_DIR}/${FRAMEWORKS_FOLDER_PATH}/OpenSSL.framework",
				"${TARGET_BUILD_DIR}/${FRAMEWORKS_FOLDER_PATH}/AnswerBotProvidersSDK.framework",
				"${TARGET_BUILD_DIR}/${FRAMEWORKS_FOLDER_PATH}/AnswerBotSDK.framework",
				"${TARGET_BUILD_DIR}/${FRAMEWORKS_FOLDER_PATH}/ChatProvidersSDK.framework",
				"${TARGET_BUILD_DIR}/${FRAMEWORKS_FOLDER_PATH}/ChatSDK.framework",
				"${TARGET_BUILD_DIR}/${FRAMEWORKS_FOLDER_PATH}/CommonUISDK.framework",
				"${TARGET_BUILD_DIR}/${FRAMEWORKS_FOLDER_PATH}/ZendeskCoreSDK.framework",
				"${TARGET_BUILD_DIR}/${FRAMEWORKS_FOLDER_PATH}/MessagingAPI.framework",
				"${TARGET_BUILD_DIR}/${FRAMEWORKS_FOLDER_PATH}/MessagingSDK.framework",
				"${TARGET_BUILD_DIR}/${FRAMEWORKS_FOLDER_PATH}/SDKConfigurations.framework",
				"${TARGET_BUILD_DIR}/${FRAMEWORKS_FOLDER_PATH}/SupportProvidersSDK.framework",
				"${TARGET_BUILD_DIR}/${FRAMEWORKS_FOLDER_PATH}/SupportSDK.framework",
				"${TARGET_BUILD_DIR}/${FRAMEWORKS_FOLDER_PATH}/hermes.framework",
			);
			runOnlyForDeploymentPostprocessing = 0;
			shellPath = /bin/sh;
			shellScript = "\"${PODS_ROOT}/Target Support Files/Pods-ItaliaApp-ItaliaAppTests/Pods-ItaliaApp-ItaliaAppTests-frameworks.sh\"\n";
			showEnvVarsInLog = 0;
		};
		7A034949213D55CA0064B689 /* Work around InputMask.xcodeproj embedding an extra set of Swift libraries */ = {
			isa = PBXShellScriptBuildPhase;
			buildActionMask = 2147483647;
			files = (
			);
			inputPaths = (
			);
			name = "Work around InputMask.xcodeproj embedding an extra set of Swift libraries";
			outputPaths = (
			);
			runOnlyForDeploymentPostprocessing = 0;
			shellPath = /bin/sh;
			shellScript = "# see https://github.com/react-native-community/react-native-text-input-mask/issues/22#issuecomment-344765116\n\nEXTRA_DIR=\"${CONFIGURATION_BUILD_DIR}/${UNLOCALIZED_RESOURCES_FOLDER_PATH}/Frameworks/InputMask.framework/Frameworks\"\n\nif [[ -d \"${EXTRA_DIR}\" ]]; then\n  rm -rf \"${EXTRA_DIR}\"\nfi\n";
		};
		93CC51473253477B8DB84D24 /* [CP] Copy Pods Resources */ = {
			isa = PBXShellScriptBuildPhase;
			buildActionMask = 2147483647;
			files = (
			);
			inputPaths = (
				"${PODS_ROOT}/Target Support Files/Pods-ItaliaApp/Pods-ItaliaApp-resources.sh",
				"${PODS_ROOT}/Mixpanel/Mixpanel/Images/MPArrowLeft.png",
				"${PODS_ROOT}/Mixpanel/Mixpanel/Images/MPArrowLeft@2x.png",
				"${PODS_ROOT}/Mixpanel/Mixpanel/Images/MPArrowRight.png",
				"${PODS_ROOT}/Mixpanel/Mixpanel/Images/MPArrowRight@2x.png",
				"${PODS_ROOT}/Mixpanel/Mixpanel/Images/MPCheckmark.png",
				"${PODS_ROOT}/Mixpanel/Mixpanel/Images/MPCheckmark@2x.png",
				"${PODS_ROOT}/Mixpanel/Mixpanel/Images/MPCloseButton.png",
				"${PODS_ROOT}/Mixpanel/Mixpanel/Images/MPCloseButton@2x.png",
				"${PODS_ROOT}/Mixpanel/Mixpanel/Images/MPCloseButton@3x.png",
				"${PODS_ROOT}/Mixpanel/Mixpanel/Images/MPDismissKeyboard.png",
				"${PODS_ROOT}/Mixpanel/Mixpanel/Images/MPDismissKeyboard@2x.png",
				"${PODS_ROOT}/Mixpanel/Mixpanel/Images/MPLogo.png",
				"${PODS_ROOT}/Mixpanel/Mixpanel/Images/MPLogo@2x.png",
				"${PODS_ROOT}/Mixpanel/Mixpanel/Images/placeholder-image.png",
				"${PODS_ROOT}/Mixpanel/Mixpanel/MPTakeoverNotificationViewController~ipad.xib",
				"${PODS_ROOT}/Mixpanel/Mixpanel/MPTakeoverNotificationViewController~iphonelandscape.xib",
				"${PODS_ROOT}/Mixpanel/Mixpanel/MPTakeoverNotificationViewController~iphoneportrait.xib",
				"${PODS_ROOT}/../../node_modules/react-native-vector-icons/Fonts/AntDesign.ttf",
				"${PODS_ROOT}/../../node_modules/react-native-vector-icons/Fonts/Entypo.ttf",
				"${PODS_ROOT}/../../node_modules/react-native-vector-icons/Fonts/EvilIcons.ttf",
				"${PODS_ROOT}/../../node_modules/react-native-vector-icons/Fonts/Feather.ttf",
				"${PODS_ROOT}/../../node_modules/react-native-vector-icons/Fonts/FontAwesome.ttf",
				"${PODS_ROOT}/../../node_modules/react-native-vector-icons/Fonts/FontAwesome5_Brands.ttf",
				"${PODS_ROOT}/../../node_modules/react-native-vector-icons/Fonts/FontAwesome5_Regular.ttf",
				"${PODS_ROOT}/../../node_modules/react-native-vector-icons/Fonts/FontAwesome5_Solid.ttf",
				"${PODS_ROOT}/../../node_modules/react-native-vector-icons/Fonts/Fontisto.ttf",
				"${PODS_ROOT}/../../node_modules/react-native-vector-icons/Fonts/Foundation.ttf",
				"${PODS_ROOT}/../../node_modules/react-native-vector-icons/Fonts/Ionicons.ttf",
				"${PODS_ROOT}/../../node_modules/react-native-vector-icons/Fonts/MaterialCommunityIcons.ttf",
				"${PODS_ROOT}/../../node_modules/react-native-vector-icons/Fonts/MaterialIcons.ttf",
				"${PODS_ROOT}/../../node_modules/react-native-vector-icons/Fonts/Octicons.ttf",
				"${PODS_ROOT}/../../node_modules/react-native-vector-icons/Fonts/SimpleLineIcons.ttf",
				"${PODS_ROOT}/../../node_modules/react-native-vector-icons/Fonts/Zocial.ttf",
				"${PODS_CONFIGURATION_BUILD_DIR}/React-Core/AccessibilityResources.bundle",
			);
			name = "[CP] Copy Pods Resources";
			outputPaths = (
				"${TARGET_BUILD_DIR}/${UNLOCALIZED_RESOURCES_FOLDER_PATH}/MPArrowLeft.png",
				"${TARGET_BUILD_DIR}/${UNLOCALIZED_RESOURCES_FOLDER_PATH}/MPArrowLeft@2x.png",
				"${TARGET_BUILD_DIR}/${UNLOCALIZED_RESOURCES_FOLDER_PATH}/MPArrowRight.png",
				"${TARGET_BUILD_DIR}/${UNLOCALIZED_RESOURCES_FOLDER_PATH}/MPArrowRight@2x.png",
				"${TARGET_BUILD_DIR}/${UNLOCALIZED_RESOURCES_FOLDER_PATH}/MPCheckmark.png",
				"${TARGET_BUILD_DIR}/${UNLOCALIZED_RESOURCES_FOLDER_PATH}/MPCheckmark@2x.png",
				"${TARGET_BUILD_DIR}/${UNLOCALIZED_RESOURCES_FOLDER_PATH}/MPCloseButton.png",
				"${TARGET_BUILD_DIR}/${UNLOCALIZED_RESOURCES_FOLDER_PATH}/MPCloseButton@2x.png",
				"${TARGET_BUILD_DIR}/${UNLOCALIZED_RESOURCES_FOLDER_PATH}/MPCloseButton@3x.png",
				"${TARGET_BUILD_DIR}/${UNLOCALIZED_RESOURCES_FOLDER_PATH}/MPDismissKeyboard.png",
				"${TARGET_BUILD_DIR}/${UNLOCALIZED_RESOURCES_FOLDER_PATH}/MPDismissKeyboard@2x.png",
				"${TARGET_BUILD_DIR}/${UNLOCALIZED_RESOURCES_FOLDER_PATH}/MPLogo.png",
				"${TARGET_BUILD_DIR}/${UNLOCALIZED_RESOURCES_FOLDER_PATH}/MPLogo@2x.png",
				"${TARGET_BUILD_DIR}/${UNLOCALIZED_RESOURCES_FOLDER_PATH}/placeholder-image.png",
				"${TARGET_BUILD_DIR}/${UNLOCALIZED_RESOURCES_FOLDER_PATH}/MPTakeoverNotificationViewController~ipad.nib",
				"${TARGET_BUILD_DIR}/${UNLOCALIZED_RESOURCES_FOLDER_PATH}/MPTakeoverNotificationViewController~iphonelandscape.nib",
				"${TARGET_BUILD_DIR}/${UNLOCALIZED_RESOURCES_FOLDER_PATH}/MPTakeoverNotificationViewController~iphoneportrait.nib",
				"${TARGET_BUILD_DIR}/${UNLOCALIZED_RESOURCES_FOLDER_PATH}/AntDesign.ttf",
				"${TARGET_BUILD_DIR}/${UNLOCALIZED_RESOURCES_FOLDER_PATH}/Entypo.ttf",
				"${TARGET_BUILD_DIR}/${UNLOCALIZED_RESOURCES_FOLDER_PATH}/EvilIcons.ttf",
				"${TARGET_BUILD_DIR}/${UNLOCALIZED_RESOURCES_FOLDER_PATH}/Feather.ttf",
				"${TARGET_BUILD_DIR}/${UNLOCALIZED_RESOURCES_FOLDER_PATH}/FontAwesome.ttf",
				"${TARGET_BUILD_DIR}/${UNLOCALIZED_RESOURCES_FOLDER_PATH}/FontAwesome5_Brands.ttf",
				"${TARGET_BUILD_DIR}/${UNLOCALIZED_RESOURCES_FOLDER_PATH}/FontAwesome5_Regular.ttf",
				"${TARGET_BUILD_DIR}/${UNLOCALIZED_RESOURCES_FOLDER_PATH}/FontAwesome5_Solid.ttf",
				"${TARGET_BUILD_DIR}/${UNLOCALIZED_RESOURCES_FOLDER_PATH}/Fontisto.ttf",
				"${TARGET_BUILD_DIR}/${UNLOCALIZED_RESOURCES_FOLDER_PATH}/Foundation.ttf",
				"${TARGET_BUILD_DIR}/${UNLOCALIZED_RESOURCES_FOLDER_PATH}/Ionicons.ttf",
				"${TARGET_BUILD_DIR}/${UNLOCALIZED_RESOURCES_FOLDER_PATH}/MaterialCommunityIcons.ttf",
				"${TARGET_BUILD_DIR}/${UNLOCALIZED_RESOURCES_FOLDER_PATH}/MaterialIcons.ttf",
				"${TARGET_BUILD_DIR}/${UNLOCALIZED_RESOURCES_FOLDER_PATH}/Octicons.ttf",
				"${TARGET_BUILD_DIR}/${UNLOCALIZED_RESOURCES_FOLDER_PATH}/SimpleLineIcons.ttf",
				"${TARGET_BUILD_DIR}/${UNLOCALIZED_RESOURCES_FOLDER_PATH}/Zocial.ttf",
				"${TARGET_BUILD_DIR}/${UNLOCALIZED_RESOURCES_FOLDER_PATH}/AccessibilityResources.bundle",
			);
			runOnlyForDeploymentPostprocessing = 0;
			shellPath = /bin/sh;
			shellScript = "\"${PODS_ROOT}/Target Support Files/Pods-ItaliaApp/Pods-ItaliaApp-resources.sh\"\n";
			showEnvVarsInLog = 0;
		};
		95AEBF4A23D0A295000598A9 /* Start Packager */ = {
			isa = PBXShellScriptBuildPhase;
			buildActionMask = 2147483647;
			files = (
			);
			inputFileListPaths = (
			);
			inputPaths = (
			);
			name = "Start Packager";
			outputFileListPaths = (
			);
			outputPaths = (
			);
			runOnlyForDeploymentPostprocessing = 0;
			shellPath = /bin/sh;
			shellScript = "# Type a script or drag a script file from your workspace to insert its path.\nexport RCT_METRO_PORT=\"${RCT_METRO_PORT:=8081}\"\necho \"export RCT_METRO_PORT=${RCT_METRO_PORT}\" > \"${SRCROOT}/../node_modules/react-native/scripts/.packager.env\"\nif [ -z \"${RCT_NO_LAUNCH_PACKAGER+xxx}\" ] ; then\nif nc -w 5 -z localhost ${RCT_METRO_PORT} ; then\nif ! curl -s \"http://localhost:${RCT_METRO_PORT}/status\" | grep -q \"packager-status:running\" ; then\necho \"Port ${RCT_METRO_PORT} already in use, packager is either not running or not running correctly\"\nexit 2\nfi\nelse\nopen \"$SRCROOT/../node_modules/react-native/scripts/launchPackager.command\" || echo \"Can't start packager automatically\"\nfi\nfi\n";
		};
		CC25A055C342FAAE3D4A7914 /* [CP] Check Pods Manifest.lock */ = {
			isa = PBXShellScriptBuildPhase;
			buildActionMask = 2147483647;
			files = (
			);
			inputFileListPaths = (
			);
			inputPaths = (
				"${PODS_PODFILE_DIR_PATH}/Podfile.lock",
				"${PODS_ROOT}/Manifest.lock",
			);
			name = "[CP] Check Pods Manifest.lock";
			outputFileListPaths = (
			);
			outputPaths = (
				"$(DERIVED_FILE_DIR)/Pods-ItaliaApp-ItaliaAppTests-checkManifestLockResult.txt",
			);
			runOnlyForDeploymentPostprocessing = 0;
			shellPath = /bin/sh;
			shellScript = "diff \"${PODS_PODFILE_DIR_PATH}/Podfile.lock\" \"${PODS_ROOT}/Manifest.lock\" > /dev/null\nif [ $? != 0 ] ; then\n    # print error to STDERR\n    echo \"error: The sandbox is not in sync with the Podfile.lock. Run 'pod install' or update your CocoaPods installation.\" >&2\n    exit 1\nfi\n# This output is used by Xcode 'outputs' to avoid re-running this script phase.\necho \"SUCCESS\" > \"${SCRIPT_OUTPUT_FILE_0}\"\n";
			showEnvVarsInLog = 0;
		};
		F162F3AB6F2574EDC5D74D51 /* [CP] Copy Pods Resources */ = {
			isa = PBXShellScriptBuildPhase;
			buildActionMask = 2147483647;
			files = (
			);
			inputPaths = (
				"${PODS_ROOT}/Target Support Files/Pods-ItaliaApp-ItaliaAppTests/Pods-ItaliaApp-ItaliaAppTests-resources.sh",
				"${PODS_ROOT}/Mixpanel/Mixpanel/Images/MPArrowLeft.png",
				"${PODS_ROOT}/Mixpanel/Mixpanel/Images/MPArrowLeft@2x.png",
				"${PODS_ROOT}/Mixpanel/Mixpanel/Images/MPArrowRight.png",
				"${PODS_ROOT}/Mixpanel/Mixpanel/Images/MPArrowRight@2x.png",
				"${PODS_ROOT}/Mixpanel/Mixpanel/Images/MPCheckmark.png",
				"${PODS_ROOT}/Mixpanel/Mixpanel/Images/MPCheckmark@2x.png",
				"${PODS_ROOT}/Mixpanel/Mixpanel/Images/MPCloseButton.png",
				"${PODS_ROOT}/Mixpanel/Mixpanel/Images/MPCloseButton@2x.png",
				"${PODS_ROOT}/Mixpanel/Mixpanel/Images/MPCloseButton@3x.png",
				"${PODS_ROOT}/Mixpanel/Mixpanel/Images/MPDismissKeyboard.png",
				"${PODS_ROOT}/Mixpanel/Mixpanel/Images/MPDismissKeyboard@2x.png",
				"${PODS_ROOT}/Mixpanel/Mixpanel/Images/MPLogo.png",
				"${PODS_ROOT}/Mixpanel/Mixpanel/Images/MPLogo@2x.png",
				"${PODS_ROOT}/Mixpanel/Mixpanel/Images/placeholder-image.png",
				"${PODS_ROOT}/Mixpanel/Mixpanel/MPTakeoverNotificationViewController~ipad.xib",
				"${PODS_ROOT}/Mixpanel/Mixpanel/MPTakeoverNotificationViewController~iphonelandscape.xib",
				"${PODS_ROOT}/Mixpanel/Mixpanel/MPTakeoverNotificationViewController~iphoneportrait.xib",
				"${PODS_ROOT}/../../node_modules/react-native-vector-icons/Fonts/AntDesign.ttf",
				"${PODS_ROOT}/../../node_modules/react-native-vector-icons/Fonts/Entypo.ttf",
				"${PODS_ROOT}/../../node_modules/react-native-vector-icons/Fonts/EvilIcons.ttf",
				"${PODS_ROOT}/../../node_modules/react-native-vector-icons/Fonts/Feather.ttf",
				"${PODS_ROOT}/../../node_modules/react-native-vector-icons/Fonts/FontAwesome.ttf",
				"${PODS_ROOT}/../../node_modules/react-native-vector-icons/Fonts/FontAwesome5_Brands.ttf",
				"${PODS_ROOT}/../../node_modules/react-native-vector-icons/Fonts/FontAwesome5_Regular.ttf",
				"${PODS_ROOT}/../../node_modules/react-native-vector-icons/Fonts/FontAwesome5_Solid.ttf",
				"${PODS_ROOT}/../../node_modules/react-native-vector-icons/Fonts/Fontisto.ttf",
				"${PODS_ROOT}/../../node_modules/react-native-vector-icons/Fonts/Foundation.ttf",
				"${PODS_ROOT}/../../node_modules/react-native-vector-icons/Fonts/Ionicons.ttf",
				"${PODS_ROOT}/../../node_modules/react-native-vector-icons/Fonts/MaterialCommunityIcons.ttf",
				"${PODS_ROOT}/../../node_modules/react-native-vector-icons/Fonts/MaterialIcons.ttf",
				"${PODS_ROOT}/../../node_modules/react-native-vector-icons/Fonts/Octicons.ttf",
				"${PODS_ROOT}/../../node_modules/react-native-vector-icons/Fonts/SimpleLineIcons.ttf",
				"${PODS_ROOT}/../../node_modules/react-native-vector-icons/Fonts/Zocial.ttf",
				"${PODS_CONFIGURATION_BUILD_DIR}/React-Core/AccessibilityResources.bundle",
			);
			name = "[CP] Copy Pods Resources";
			outputPaths = (
				"${TARGET_BUILD_DIR}/${UNLOCALIZED_RESOURCES_FOLDER_PATH}/MPArrowLeft.png",
				"${TARGET_BUILD_DIR}/${UNLOCALIZED_RESOURCES_FOLDER_PATH}/MPArrowLeft@2x.png",
				"${TARGET_BUILD_DIR}/${UNLOCALIZED_RESOURCES_FOLDER_PATH}/MPArrowRight.png",
				"${TARGET_BUILD_DIR}/${UNLOCALIZED_RESOURCES_FOLDER_PATH}/MPArrowRight@2x.png",
				"${TARGET_BUILD_DIR}/${UNLOCALIZED_RESOURCES_FOLDER_PATH}/MPCheckmark.png",
				"${TARGET_BUILD_DIR}/${UNLOCALIZED_RESOURCES_FOLDER_PATH}/MPCheckmark@2x.png",
				"${TARGET_BUILD_DIR}/${UNLOCALIZED_RESOURCES_FOLDER_PATH}/MPCloseButton.png",
				"${TARGET_BUILD_DIR}/${UNLOCALIZED_RESOURCES_FOLDER_PATH}/MPCloseButton@2x.png",
				"${TARGET_BUILD_DIR}/${UNLOCALIZED_RESOURCES_FOLDER_PATH}/MPCloseButton@3x.png",
				"${TARGET_BUILD_DIR}/${UNLOCALIZED_RESOURCES_FOLDER_PATH}/MPDismissKeyboard.png",
				"${TARGET_BUILD_DIR}/${UNLOCALIZED_RESOURCES_FOLDER_PATH}/MPDismissKeyboard@2x.png",
				"${TARGET_BUILD_DIR}/${UNLOCALIZED_RESOURCES_FOLDER_PATH}/MPLogo.png",
				"${TARGET_BUILD_DIR}/${UNLOCALIZED_RESOURCES_FOLDER_PATH}/MPLogo@2x.png",
				"${TARGET_BUILD_DIR}/${UNLOCALIZED_RESOURCES_FOLDER_PATH}/placeholder-image.png",
				"${TARGET_BUILD_DIR}/${UNLOCALIZED_RESOURCES_FOLDER_PATH}/MPTakeoverNotificationViewController~ipad.nib",
				"${TARGET_BUILD_DIR}/${UNLOCALIZED_RESOURCES_FOLDER_PATH}/MPTakeoverNotificationViewController~iphonelandscape.nib",
				"${TARGET_BUILD_DIR}/${UNLOCALIZED_RESOURCES_FOLDER_PATH}/MPTakeoverNotificationViewController~iphoneportrait.nib",
				"${TARGET_BUILD_DIR}/${UNLOCALIZED_RESOURCES_FOLDER_PATH}/AntDesign.ttf",
				"${TARGET_BUILD_DIR}/${UNLOCALIZED_RESOURCES_FOLDER_PATH}/Entypo.ttf",
				"${TARGET_BUILD_DIR}/${UNLOCALIZED_RESOURCES_FOLDER_PATH}/EvilIcons.ttf",
				"${TARGET_BUILD_DIR}/${UNLOCALIZED_RESOURCES_FOLDER_PATH}/Feather.ttf",
				"${TARGET_BUILD_DIR}/${UNLOCALIZED_RESOURCES_FOLDER_PATH}/FontAwesome.ttf",
				"${TARGET_BUILD_DIR}/${UNLOCALIZED_RESOURCES_FOLDER_PATH}/FontAwesome5_Brands.ttf",
				"${TARGET_BUILD_DIR}/${UNLOCALIZED_RESOURCES_FOLDER_PATH}/FontAwesome5_Regular.ttf",
				"${TARGET_BUILD_DIR}/${UNLOCALIZED_RESOURCES_FOLDER_PATH}/FontAwesome5_Solid.ttf",
				"${TARGET_BUILD_DIR}/${UNLOCALIZED_RESOURCES_FOLDER_PATH}/Fontisto.ttf",
				"${TARGET_BUILD_DIR}/${UNLOCALIZED_RESOURCES_FOLDER_PATH}/Foundation.ttf",
				"${TARGET_BUILD_DIR}/${UNLOCALIZED_RESOURCES_FOLDER_PATH}/Ionicons.ttf",
				"${TARGET_BUILD_DIR}/${UNLOCALIZED_RESOURCES_FOLDER_PATH}/MaterialCommunityIcons.ttf",
				"${TARGET_BUILD_DIR}/${UNLOCALIZED_RESOURCES_FOLDER_PATH}/MaterialIcons.ttf",
				"${TARGET_BUILD_DIR}/${UNLOCALIZED_RESOURCES_FOLDER_PATH}/Octicons.ttf",
				"${TARGET_BUILD_DIR}/${UNLOCALIZED_RESOURCES_FOLDER_PATH}/SimpleLineIcons.ttf",
				"${TARGET_BUILD_DIR}/${UNLOCALIZED_RESOURCES_FOLDER_PATH}/Zocial.ttf",
				"${TARGET_BUILD_DIR}/${UNLOCALIZED_RESOURCES_FOLDER_PATH}/AccessibilityResources.bundle",
			);
			runOnlyForDeploymentPostprocessing = 0;
			shellPath = /bin/sh;
			shellScript = "\"${PODS_ROOT}/Target Support Files/Pods-ItaliaApp-ItaliaAppTests/Pods-ItaliaApp-ItaliaAppTests-resources.sh\"\n";
			showEnvVarsInLog = 0;
		};
/* End PBXShellScriptBuildPhase section */

/* Begin PBXSourcesBuildPhase section */
		00E356EA1AD99517003FC87E /* Sources */ = {
			isa = PBXSourcesBuildPhase;
			buildActionMask = 2147483647;
			files = (
				00E356F31AD99517003FC87E /* ItaliaAppTests.m in Sources */,
			);
			runOnlyForDeploymentPostprocessing = 0;
		};
		13B07F871A680F5B00A75B9A /* Sources */ = {
			isa = PBXSourcesBuildPhase;
			buildActionMask = 2147483647;
			files = (
				13B07FBC1A68108700A75B9A /* AppDelegate.mm in Sources */,
				13B07FC11A68108700A75B9A /* main.m in Sources */,
			);
			runOnlyForDeploymentPostprocessing = 0;
		};
/* End PBXSourcesBuildPhase section */

/* Begin PBXTargetDependency section */
		00E356F51AD99517003FC87E /* PBXTargetDependency */ = {
			isa = PBXTargetDependency;
			target = 13B07F861A680F5B00A75B9A /* ItaliaApp */;
			targetProxy = 00E356F41AD99517003FC87E /* PBXContainerItemProxy */;
		};
/* End PBXTargetDependency section */

/* Begin PBXVariantGroup section */
		133638FC213D788900B0C079 /* InfoPlist.strings */ = {
			isa = PBXVariantGroup;
			children = (
				133638FB213D788900B0C079 /* en */,
				133638FD213D78DB00B0C079 /* it */,
			);
			name = InfoPlist.strings;
			path = ItaliaApp;
			sourceTree = "<group>";
		};
		F09FEB0D231818E3007071DB /* Localizable.strings */ = {
			isa = PBXVariantGroup;
			children = (
				F09FEB0E231818E3007071DB /* en */,
				F09FEB3D231818F0007071DB /* it */,
			);
			name = Localizable.strings;
			sourceTree = "<group>";
		};
/* End PBXVariantGroup section */

/* Begin XCBuildConfiguration section */
		00E356F61AD99517003FC87E /* Debug */ = {
			isa = XCBuildConfiguration;
			baseConfigurationReference = FCE075AF22EBCD57D83AD630 /* Pods-ItaliaApp-ItaliaAppTests.debug.xcconfig */;
			buildSettings = {
				BUNDLE_LOADER = "$(TEST_HOST)";
				DEVELOPMENT_TEAM = M2X5YQ4BJ7;
				GCC_PREPROCESSOR_DEFINITIONS = (
					"DEBUG=1",
					"$(inherited)",
				);
				HEADER_SEARCH_PATHS = "$(inherited)";
				INFOPLIST_FILE = ItaliaAppTests/Info.plist;
				IPHONEOS_DEPLOYMENT_TARGET = 11.0;
				LD_RUNPATH_SEARCH_PATHS = "$(inherited) @executable_path/Frameworks @loader_path/Frameworks";
				LIBRARY_SEARCH_PATHS = "$(inherited)";
				OTHER_LDFLAGS = (
					"-ObjC",
					"-lc++",
				);
				PRODUCT_BUNDLE_IDENTIFIER = "it.teamdigitale.app.$(PRODUCT_NAME:rfc1034identifier)";
				PRODUCT_NAME = "$(TARGET_NAME)";
				TEST_HOST = "$(BUILT_PRODUCTS_DIR)/ItaliaApp.app/ItaliaApp";
			};
			name = Debug;
		};
		00E356F71AD99517003FC87E /* Release */ = {
			isa = XCBuildConfiguration;
			baseConfigurationReference = AE2A89F5F6A57BDBD22D81D9 /* Pods-ItaliaApp-ItaliaAppTests.release.xcconfig */;
			buildSettings = {
				BUNDLE_LOADER = "$(TEST_HOST)";
				COPY_PHASE_STRIP = NO;
				DEVELOPMENT_TEAM = QWLSX4D6KP;
				HEADER_SEARCH_PATHS = "$(inherited)";
				INFOPLIST_FILE = ItaliaAppTests/Info.plist;
				IPHONEOS_DEPLOYMENT_TARGET = 11.0;
				LD_RUNPATH_SEARCH_PATHS = "$(inherited) @executable_path/Frameworks @loader_path/Frameworks";
				LIBRARY_SEARCH_PATHS = "$(inherited)";
				OTHER_LDFLAGS = (
					"-ObjC",
					"-lc++",
				);
				PRODUCT_BUNDLE_IDENTIFIER = "it.teamdigitale.app.$(PRODUCT_NAME:rfc1034identifier)";
				PRODUCT_NAME = "$(TARGET_NAME)";
				TEST_HOST = "$(BUILT_PRODUCTS_DIR)/ItaliaApp.app/ItaliaApp";
			};
			name = Release;
		};
		13B07F941A680F5B00A75B9A /* Debug */ = {
			isa = XCBuildConfiguration;
			baseConfigurationReference = 4F044D1214BF98AC6510D261 /* Pods-ItaliaApp.debug.xcconfig */;
			buildSettings = {
				ALWAYS_EMBED_SWIFT_STANDARD_LIBRARIES = YES;
				ASSETCATALOG_COMPILER_APPICON_NAME = AppIcon;
				CLANG_ENABLE_MODULES = YES;
				CODE_SIGN_ENTITLEMENTS = ItaliaApp/ItaliaApp.entitlements;
				CODE_SIGN_IDENTITY = "iPhone Developer";
				"CODE_SIGN_IDENTITY[sdk=iphoneos*]" = "iPhone Developer";
				CURRENT_PROJECT_VERSION = 1;
				DEAD_CODE_STRIPPING = YES;
				DEVELOPMENT_TEAM = M2X5YQ4BJ7;
				ENABLE_BITCODE = NO;
				FRAMEWORK_SEARCH_PATHS = (
					"$(inherited)",
					"../node_modules/instabug-reactnative/ios",
				);
				HEADER_SEARCH_PATHS = "$(inherited)";
				INFOPLIST_FILE = ItaliaApp/Info.plist;
				INFOPLIST_OTHER_PREPROCESSOR_FLAGS = "-traditional";
				INFOPLIST_PREFIX_HEADER = "${BUILD_DIR}/GeneratedInfoPlistDotEnv.h";
				INFOPLIST_PREPROCESS = NO;
				IPHONEOS_DEPLOYMENT_TARGET = 11.0;
				LD_RUNPATH_SEARCH_PATHS = "$(inherited) @executable_path/Frameworks";
				OTHER_LDFLAGS = (
					"$(inherited)",
					"-ObjC",
					"-lc++",
				);
				PRODUCT_BUNDLE_IDENTIFIER = it.pagopa.app.io;
				PRODUCT_NAME = ItaliaApp;
				PROVISIONING_PROFILE = "0848c226-68ec-4314-ad27-50803db95257";
				PROVISIONING_PROFILE_SPECIFIER = "match Development it.pagopa.app.io";
				SWIFT_OBJC_BRIDGING_HEADER = "ItaliaApp-Bridging-Header.h";
				SWIFT_OPTIMIZATION_LEVEL = "-Onone";
				SWIFT_VERSION = 5.2;
				VERSIONING_SYSTEM = "apple-generic";
			};
			name = Debug;
		};
		13B07F951A680F5B00A75B9A /* Release */ = {
			isa = XCBuildConfiguration;
			baseConfigurationReference = B7EF7760029EB39299B837EA /* Pods-ItaliaApp.release.xcconfig */;
			buildSettings = {
				ALWAYS_EMBED_SWIFT_STANDARD_LIBRARIES = YES;
				ASSETCATALOG_COMPILER_APPICON_NAME = AppIcon;
				CLANG_ENABLE_MODULES = YES;
				CODE_SIGN_ENTITLEMENTS = ItaliaApp/ItaliaApp.entitlements;
				CODE_SIGN_IDENTITY = "iPhone Distribution";
				"CODE_SIGN_IDENTITY[sdk=iphoneos*]" = "iPhone Distribution";
				CURRENT_PROJECT_VERSION = 1;
				DEAD_CODE_STRIPPING = YES;
				DEVELOPMENT_TEAM = M2X5YQ4BJ7;
				ENABLE_BITCODE = NO;
				FRAMEWORK_SEARCH_PATHS = (
					"$(inherited)",
					"../node_modules/instabug-reactnative/ios",
				);
				HEADER_SEARCH_PATHS = "$(inherited)";
				INFOPLIST_FILE = ItaliaApp/Info.plist;
				INFOPLIST_OTHER_PREPROCESSOR_FLAGS = "-traditional";
				INFOPLIST_PREFIX_HEADER = "${BUILD_DIR}/GeneratedInfoPlistDotEnv.h";
				INFOPLIST_PREPROCESS = NO;
				IPHONEOS_DEPLOYMENT_TARGET = 11.0;
				LD_RUNPATH_SEARCH_PATHS = "$(inherited) @executable_path/Frameworks";
				OTHER_LDFLAGS = (
					"$(inherited)",
					"-ObjC",
					"-lc++",
				);
				PRODUCT_BUNDLE_IDENTIFIER = it.pagopa.app.io;
				PRODUCT_NAME = ItaliaApp;
				PROVISIONING_PROFILE = "0848c226-68ec-4314-ad27-50803db95257";
				PROVISIONING_PROFILE_SPECIFIER = "match AppStore it.pagopa.app.io";
				SWIFT_OBJC_BRIDGING_HEADER = "ItaliaApp-Bridging-Header.h";
				SWIFT_VERSION = 5.2;
				VERSIONING_SYSTEM = "apple-generic";
			};
			name = Release;
		};
		83CBBA201A601CBA00E9B192 /* Debug */ = {
			isa = XCBuildConfiguration;
			buildSettings = {
				ALWAYS_SEARCH_USER_PATHS = NO;
				CLANG_ANALYZER_LOCALIZABILITY_NONLOCALIZED = YES;
				CLANG_CXX_LANGUAGE_STANDARD = "gnu++0x";
				CLANG_CXX_LIBRARY = "libc++";
				CLANG_ENABLE_MODULES = YES;
				CLANG_ENABLE_OBJC_ARC = YES;
				CLANG_WARN_BLOCK_CAPTURE_AUTORELEASING = YES;
				CLANG_WARN_BOOL_CONVERSION = YES;
				CLANG_WARN_COMMA = YES;
				CLANG_WARN_CONSTANT_CONVERSION = YES;
				CLANG_WARN_DEPRECATED_OBJC_IMPLEMENTATIONS = YES;
				CLANG_WARN_DIRECT_OBJC_ISA_USAGE = YES_ERROR;
				CLANG_WARN_EMPTY_BODY = YES;
				CLANG_WARN_ENUM_CONVERSION = YES;
				CLANG_WARN_INFINITE_RECURSION = YES;
				CLANG_WARN_INT_CONVERSION = YES;
				CLANG_WARN_NON_LITERAL_NULL_CONVERSION = YES;
				CLANG_WARN_OBJC_IMPLICIT_RETAIN_SELF = YES;
				CLANG_WARN_OBJC_LITERAL_CONVERSION = YES;
				CLANG_WARN_OBJC_ROOT_CLASS = YES_ERROR;
				CLANG_WARN_RANGE_LOOP_ANALYSIS = YES;
				CLANG_WARN_STRICT_PROTOTYPES = YES;
				CLANG_WARN_SUSPICIOUS_MOVE = YES;
				CLANG_WARN_UNREACHABLE_CODE = YES;
				CLANG_WARN__DUPLICATE_METHOD_MATCH = YES;
				COPY_PHASE_STRIP = NO;
				ENABLE_STRICT_OBJC_MSGSEND = YES;
				ENABLE_TESTABILITY = YES;
				"EXCLUDED_ARCHS[sdk=iphonesimulator*]" = i386;
				GCC_C_LANGUAGE_STANDARD = gnu99;
				GCC_DYNAMIC_NO_PIC = NO;
				GCC_NO_COMMON_BLOCKS = YES;
				GCC_OPTIMIZATION_LEVEL = 0;
				GCC_PREPROCESSOR_DEFINITIONS = (
					"DEBUG=1",
					"$(inherited)",
				);
				GCC_SYMBOLS_PRIVATE_EXTERN = NO;
				GCC_WARN_64_TO_32_BIT_CONVERSION = YES;
				GCC_WARN_ABOUT_RETURN_TYPE = YES_ERROR;
				GCC_WARN_UNDECLARED_SELECTOR = YES;
				GCC_WARN_UNINITIALIZED_AUTOS = YES_AGGRESSIVE;
				GCC_WARN_UNUSED_FUNCTION = YES;
				GCC_WARN_UNUSED_VARIABLE = YES;
				IPHONEOS_DEPLOYMENT_TARGET = 11.0;
				LD_RUNPATH_SEARCH_PATHS = "/usr/lib/swift $(inherited)";
				LIBRARY_SEARCH_PATHS = (
					"\"$(TOOLCHAIN_DIR)/usr/lib/swift/$(PLATFORM_NAME)\"",
					"\"$(inherited)\"",
					"\"$(SDKROOT)/usr/lib/swift\"",
				);
				MTL_ENABLE_DEBUG_INFO = YES;
				ONLY_ACTIVE_ARCH = YES;
				REACT_NATIVE_PATH = "${PODS_ROOT}/../../node_modules/react-native";
				SDKROOT = iphoneos;
			};
			name = Debug;
		};
		83CBBA211A601CBA00E9B192 /* Release */ = {
			isa = XCBuildConfiguration;
			buildSettings = {
				ALWAYS_SEARCH_USER_PATHS = NO;
				CLANG_ANALYZER_LOCALIZABILITY_NONLOCALIZED = YES;
				CLANG_CXX_LANGUAGE_STANDARD = "gnu++0x";
				CLANG_CXX_LIBRARY = "libc++";
				CLANG_ENABLE_MODULES = YES;
				CLANG_ENABLE_OBJC_ARC = YES;
				CLANG_WARN_BLOCK_CAPTURE_AUTORELEASING = YES;
				CLANG_WARN_BOOL_CONVERSION = YES;
				CLANG_WARN_COMMA = YES;
				CLANG_WARN_CONSTANT_CONVERSION = YES;
				CLANG_WARN_DEPRECATED_OBJC_IMPLEMENTATIONS = YES;
				CLANG_WARN_DIRECT_OBJC_ISA_USAGE = YES_ERROR;
				CLANG_WARN_EMPTY_BODY = YES;
				CLANG_WARN_ENUM_CONVERSION = YES;
				CLANG_WARN_INFINITE_RECURSION = YES;
				CLANG_WARN_INT_CONVERSION = YES;
				CLANG_WARN_NON_LITERAL_NULL_CONVERSION = YES;
				CLANG_WARN_OBJC_IMPLICIT_RETAIN_SELF = YES;
				CLANG_WARN_OBJC_LITERAL_CONVERSION = YES;
				CLANG_WARN_OBJC_ROOT_CLASS = YES_ERROR;
				CLANG_WARN_RANGE_LOOP_ANALYSIS = YES;
				CLANG_WARN_STRICT_PROTOTYPES = YES;
				CLANG_WARN_SUSPICIOUS_MOVE = YES;
				CLANG_WARN_UNREACHABLE_CODE = YES;
				CLANG_WARN__DUPLICATE_METHOD_MATCH = YES;
				"CODE_SIGN_IDENTITY[sdk=iphoneos*]" = "iPhone Developer";
				COPY_PHASE_STRIP = YES;
				ENABLE_NS_ASSERTIONS = NO;
				ENABLE_STRICT_OBJC_MSGSEND = YES;
				"EXCLUDED_ARCHS[sdk=iphonesimulator*]" = i386;
				GCC_C_LANGUAGE_STANDARD = gnu99;
				GCC_NO_COMMON_BLOCKS = YES;
				GCC_WARN_64_TO_32_BIT_CONVERSION = YES;
				GCC_WARN_ABOUT_RETURN_TYPE = YES_ERROR;
				GCC_WARN_UNDECLARED_SELECTOR = YES;
				GCC_WARN_UNINITIALIZED_AUTOS = YES_AGGRESSIVE;
				GCC_WARN_UNUSED_FUNCTION = YES;
				GCC_WARN_UNUSED_VARIABLE = YES;
				IPHONEOS_DEPLOYMENT_TARGET = 11.0;
				LD_RUNPATH_SEARCH_PATHS = "/usr/lib/swift $(inherited)";
				LIBRARY_SEARCH_PATHS = (
					"\"$(TOOLCHAIN_DIR)/usr/lib/swift/$(PLATFORM_NAME)\"",
					"\"$(inherited)\"",
					"\"$(SDKROOT)/usr/lib/swift\"",
				);
				MTL_ENABLE_DEBUG_INFO = NO;
				REACT_NATIVE_PATH = "${PODS_ROOT}/../../node_modules/react-native";
				SDKROOT = iphoneos;
				VALIDATE_PRODUCT = YES;
			};
			name = Release;
		};
/* End XCBuildConfiguration section */

/* Begin XCConfigurationList section */
		00E357021AD99517003FC87E /* Build configuration list for PBXNativeTarget "ItaliaAppTests" */ = {
			isa = XCConfigurationList;
			buildConfigurations = (
				00E356F61AD99517003FC87E /* Debug */,
				00E356F71AD99517003FC87E /* Release */,
			);
			defaultConfigurationIsVisible = 0;
			defaultConfigurationName = Release;
		};
		13B07F931A680F5B00A75B9A /* Build configuration list for PBXNativeTarget "ItaliaApp" */ = {
			isa = XCConfigurationList;
			buildConfigurations = (
				13B07F941A680F5B00A75B9A /* Debug */,
				13B07F951A680F5B00A75B9A /* Release */,
			);
			defaultConfigurationIsVisible = 0;
			defaultConfigurationName = Release;
		};
		83CBB9FA1A601CBA00E9B192 /* Build configuration list for PBXProject "ItaliaApp" */ = {
			isa = XCConfigurationList;
			buildConfigurations = (
				83CBBA201A601CBA00E9B192 /* Debug */,
				83CBBA211A601CBA00E9B192 /* Release */,
			);
			defaultConfigurationIsVisible = 0;
			defaultConfigurationName = Release;
		};
/* End XCConfigurationList section */
	};
	rootObject = 83CBB9F71A601CBA00E9B192 /* Project object */;
}
