// !$*UTF8*$!
{
	archiveVersion = 1;
	classes = {
	};
	objectVersion = 46;
	objects = {

/* Begin PBXBuildFile section */
		1024B7E387E34295AFBA19B6 /* TitilliumSansPro-LightItalic.otf in Resources */ = {isa = PBXBuildFile; fileRef = 3CA5B0F4CFD44E78900FE43A /* TitilliumSansPro-LightItalic.otf */; };
		133638FA213D788900B0C079 /* InfoPlist.strings in Resources */ = {isa = PBXBuildFile; fileRef = 133638FC213D788900B0C079 /* InfoPlist.strings */; };
		13F005FA91AA4EF5BAD12096 /* Titillio-Black.otf in Resources */ = {isa = PBXBuildFile; fileRef = 9205B2AD16D94BDAA69E880E /* Titillio-Black.otf */; };
		16471906574A44719FD557C5 /* TitilliumSansPro-BoldItalic.otf in Resources */ = {isa = PBXBuildFile; fileRef = 872A6A79E0CF4C4DA0AEAF3E /* TitilliumSansPro-BoldItalic.otf */; };
		194A5D2B1F027F5A0078620E /* Podfile in Resources */ = {isa = PBXBuildFile; fileRef = 194A5D2A1F027F5A0078620E /* Podfile */; };
		1CB9A62CD91A4933BB5021C6 /* Titillio-ThinItalic.otf in Resources */ = {isa = PBXBuildFile; fileRef = 3E5721DADB56490699700FBF /* Titillio-ThinItalic.otf */; };
		2A46841EACB44850AD32CBA1 /* Titillio-Semibold.otf in Resources */ = {isa = PBXBuildFile; fileRef = 6B0E3E090B0347B6BD0A41A2 /* Titillio-Semibold.otf */; };
		2AD40B9924CB049500E4124A /* LaunchScreen.storyboard in Resources */ = {isa = PBXBuildFile; fileRef = 2AD40B9824CB049500E4124A /* LaunchScreen.storyboard */; };
		45678F6126F1401FB03B1B02 /* TitilliumSansPro-ThinItalic.otf in Resources */ = {isa = PBXBuildFile; fileRef = F820513E31C7443CB7F5A99E /* TitilliumSansPro-ThinItalic.otf */; };
		58585030D26943298D52B5A5 /* Titillio-LightItalic.otf in Resources */ = {isa = PBXBuildFile; fileRef = 7206342A24764B138D864DFF /* Titillio-LightItalic.otf */; };
		65FE1313CE69411888425831 /* Titillio-ExtrablackItalic.otf in Resources */ = {isa = PBXBuildFile; fileRef = 96C2E93186814D36AD451D83 /* Titillio-ExtrablackItalic.otf */; };
		68CE798678EF43669BE56D51 /* Titillio-Bold.otf in Resources */ = {isa = PBXBuildFile; fileRef = B58BBAC865EA4651B828C92B /* Titillio-Bold.otf */; };
		697EE758195E4C198755B4EE /* Titillio-Thin.otf in Resources */ = {isa = PBXBuildFile; fileRef = C9E629838F224B4F9823D692 /* Titillio-Thin.otf */; };
		72B66C3DDD7D46A08B942038 /* Titillio-BoldItalic.otf in Resources */ = {isa = PBXBuildFile; fileRef = 4F54E8E3A56A4E139D5DC82D /* Titillio-BoldItalic.otf */; };
		73C78AB456BA498FA470EE9E /* FiraCode-Medium.ttf in Resources */ = {isa = PBXBuildFile; fileRef = F9BF48C6EC30493DBDB754CA /* FiraCode-Medium.ttf */; };
		76D9756A42724A6C9E607D7F /* Titillio-RegularItalic.otf in Resources */ = {isa = PBXBuildFile; fileRef = 18809C19D0B945658C774D0D /* Titillio-RegularItalic.otf */; };
		7C18455047A64AC0A9DD442A /* TitilliumSansPro-BlackItalic.otf in Resources */ = {isa = PBXBuildFile; fileRef = 132CADD7BDBB46C7AB1DC348 /* TitilliumSansPro-BlackItalic.otf */; };
		8D51BCD77547410BBC7E6050 /* TitilliumSansPro-Italic.otf in Resources */ = {isa = PBXBuildFile; fileRef = 148E8F80A1D5448DAD5263B7 /* TitilliumSansPro-Italic.otf */; };
		8DCB405D579147AAB059BEE6 /* Titillio-BlackItalic.otf in Resources */ = {isa = PBXBuildFile; fileRef = E8C4B91357FA47018EE5ACF0 /* Titillio-BlackItalic.otf */; };
		A5C4E8CE93074865A66DFAC1 /* TitilliumSansPro-SemiboldItalic.otf in Resources */ = {isa = PBXBuildFile; fileRef = 015E4FBE7D1D4C2485C73321 /* TitilliumSansPro-SemiboldItalic.otf */; };
		B551AC412DA55A0E00A4E30F /* AppDelegate.swift in Sources */ = {isa = PBXBuildFile; fileRef = B551AC402DA55A0E00A4E30F /* AppDelegate.swift */; };
		B572E1E42DC12161009BA244 /* Images.xcassets in Resources */ = {isa = PBXBuildFile; fileRef = 13B07FB51A68108700A75B9A /* Images.xcassets */; };
		B57C5DCD2D8B12A500173EF4 /* AppReviewModule.m in Sources */ = {isa = PBXBuildFile; fileRef = B57C5DCC2D8B129A00173EF4 /* AppReviewModule.m */; };
		B57C5DCF2D8B12DC00173EF4 /* AppReviewModule.swift in Sources */ = {isa = PBXBuildFile; fileRef = B57C5DCE2D8B12D200173EF4 /* AppReviewModule.swift */; };
		B7B71EAAE496484488FE3751 /* Titillio-Extrabold.otf in Resources */ = {isa = PBXBuildFile; fileRef = 59423B676D254801BFAA4C5E /* Titillio-Extrabold.otf */; };
		D2245B924B42442CAF4944D5 /* Titillio-SemiboldItalic.otf in Resources */ = {isa = PBXBuildFile; fileRef = D688263BB87C4DFBA007CD92 /* Titillio-SemiboldItalic.otf */; };
		D3577FD00169492CB2980CE3 /* Titillio-Extrablack.otf in Resources */ = {isa = PBXBuildFile; fileRef = 71A3E9FDB4AD4D74AB491DA4 /* Titillio-Extrablack.otf */; };
		EC056373020AA03F7D8532D9 /* libPods-ItaliaApp.a in Frameworks */ = {isa = PBXBuildFile; fileRef = 22DB90684FEFB1CA71467FD6 /* libPods-ItaliaApp.a */; };
		EE925F079133484AB8E0D5D8 /* Titillio-Light.otf in Resources */ = {isa = PBXBuildFile; fileRef = 710E428774CA4C718ED747ED /* Titillio-Light.otf */; };
		F0625E7F2326825600EDEF90 /* JavaScriptCore.framework in Frameworks */ = {isa = PBXBuildFile; fileRef = ED297162215061F000B7C4FE /* JavaScriptCore.framework */; };
		F09FEB3C231818E3007071DB /* Localizable.strings in Resources */ = {isa = PBXBuildFile; fileRef = F09FEB0D231818E3007071DB /* Localizable.strings */; };
		F2B1630E2B753C9D00F6E487 /* TitilliumSansPro-Black.otf in Resources */ = {isa = PBXBuildFile; fileRef = F2B163022B753C9D00F6E487 /* TitilliumSansPro-Black.otf */; };
		F2B1630F2B753C9D00F6E487 /* TitilliumSansPro-Semibold.otf in Resources */ = {isa = PBXBuildFile; fileRef = F2B163032B753C9D00F6E487 /* TitilliumSansPro-Semibold.otf */; };
		F2B163132B753C9D00F6E487 /* TitilliumSansPro-Thin.otf in Resources */ = {isa = PBXBuildFile; fileRef = F2B163072B753C9D00F6E487 /* TitilliumSansPro-Thin.otf */; };
		F2B163152B753C9D00F6E487 /* TitilliumSansPro-Light.otf in Resources */ = {isa = PBXBuildFile; fileRef = F2B163092B753C9D00F6E487 /* TitilliumSansPro-Light.otf */; };
		F2B163162B753C9D00F6E487 /* TitilliumSansPro-Regular.otf in Resources */ = {isa = PBXBuildFile; fileRef = F2B1630A2B753C9D00F6E487 /* TitilliumSansPro-Regular.otf */; };
		F2B163182B753C9D00F6E487 /* TitilliumSansPro-Bold.otf in Resources */ = {isa = PBXBuildFile; fileRef = F2B1630C2B753C9D00F6E487 /* TitilliumSansPro-Bold.otf */; };
		F6095D192BC6E01F000EA253 /* PrivacyInfo.xcprivacy in Resources */ = {isa = PBXBuildFile; fileRef = F6095D182BC6E01F000EA253 /* PrivacyInfo.xcprivacy */; };
		FA71BB1E6520449EBC6545D5 /* Titillio-Regular.otf in Resources */ = {isa = PBXBuildFile; fileRef = A245EDE7064D4143BF1857DB /* Titillio-Regular.otf */; };
		FFED86DEE24140A79B50B6A5 /* Titillio-ExtraboldItalic.otf in Resources */ = {isa = PBXBuildFile; fileRef = 094EE36E37734495BB363E62 /* Titillio-ExtraboldItalic.otf */; };
/* End PBXBuildFile section */

/* Begin PBXCopyFilesBuildPhase section */
		61CC933C2135818C00206602 /* Embed Frameworks */ = {
			isa = PBXCopyFilesBuildPhase;
			buildActionMask = 2147483647;
			dstPath = "";
			dstSubfolderSpec = 10;
			files = (
			);
			name = "Embed Frameworks";
			runOnlyForDeploymentPostprocessing = 0;
		};
/* End PBXCopyFilesBuildPhase section */

/* Begin PBXFileReference section */
		008F07F21AC5B25A0029DE68 /* main.jsbundle */ = {isa = PBXFileReference; fileEncoding = 4; lastKnownFileType = text; path = main.jsbundle; sourceTree = "<group>"; };
		015E4FBE7D1D4C2485C73321 /* TitilliumSansPro-SemiboldItalic.otf */ = {isa = PBXFileReference; explicitFileType = undefined; fileEncoding = 9; includeInIndex = 0; lastKnownFileType = unknown; name = "TitilliumSansPro-SemiboldItalic.otf"; path = "../assets/fonts/TitilliumSansPro/TitilliumSansPro-SemiboldItalic.otf"; sourceTree = "<group>"; };
		094EE36E37734495BB363E62 /* Titillio-ExtraboldItalic.otf */ = {isa = PBXFileReference; explicitFileType = undefined; fileEncoding = 9; includeInIndex = 0; lastKnownFileType = unknown; name = "Titillio-ExtraboldItalic.otf"; path = "../assets/fonts/Titillio/Titillio-ExtraboldItalic.otf"; sourceTree = "<group>"; };
		132CADD7BDBB46C7AB1DC348 /* TitilliumSansPro-BlackItalic.otf */ = {isa = PBXFileReference; explicitFileType = undefined; fileEncoding = 9; includeInIndex = 0; lastKnownFileType = unknown; name = "TitilliumSansPro-BlackItalic.otf"; path = "../assets/fonts/TitilliumSansPro/TitilliumSansPro-BlackItalic.otf"; sourceTree = "<group>"; };
		133638FB213D788900B0C079 /* en */ = {isa = PBXFileReference; lastKnownFileType = text.plist.strings; name = en; path = en.lproj/InfoPlist.strings; sourceTree = "<group>"; };
		133638FD213D78DB00B0C079 /* it */ = {isa = PBXFileReference; lastKnownFileType = text.plist.strings; name = it; path = it.lproj/InfoPlist.strings; sourceTree = "<group>"; };
		13B07F961A680F5B00A75B9A /* IO.app */ = {isa = PBXFileReference; explicitFileType = wrapper.application; includeInIndex = 0; path = IO.app; sourceTree = BUILT_PRODUCTS_DIR; };
		13B07FB51A68108700A75B9A /* Images.xcassets */ = {isa = PBXFileReference; lastKnownFileType = folder.assetcatalog; name = Images.xcassets; path = ItaliaApp/Images.xcassets; sourceTree = "<group>"; };
		13B07FB61A68108700A75B9A /* Info.plist */ = {isa = PBXFileReference; fileEncoding = 4; lastKnownFileType = text.plist.xml; name = Info.plist; path = ItaliaApp/Info.plist; sourceTree = "<group>"; };
		148E8F80A1D5448DAD5263B7 /* TitilliumSansPro-Italic.otf */ = {isa = PBXFileReference; explicitFileType = undefined; fileEncoding = 9; includeInIndex = 0; lastKnownFileType = unknown; name = "TitilliumSansPro-Italic.otf"; path = "../assets/fonts/TitilliumSansPro/TitilliumSansPro-Italic.otf"; sourceTree = "<group>"; };
		18809C19D0B945658C774D0D /* Titillio-RegularItalic.otf */ = {isa = PBXFileReference; explicitFileType = undefined; fileEncoding = 9; includeInIndex = 0; lastKnownFileType = unknown; name = "Titillio-RegularItalic.otf"; path = "../assets/fonts/Titillio/Titillio-RegularItalic.otf"; sourceTree = "<group>"; };
		194A5D2A1F027F5A0078620E /* Podfile */ = {isa = PBXFileReference; fileEncoding = 4; lastKnownFileType = text; path = Podfile; sourceTree = "<group>"; xcLanguageSpecificationIdentifier = xcode.lang.ruby; };
		22DB90684FEFB1CA71467FD6 /* libPods-ItaliaApp.a */ = {isa = PBXFileReference; explicitFileType = archive.ar; includeInIndex = 0; path = "libPods-ItaliaApp.a"; sourceTree = BUILT_PRODUCTS_DIR; };
		2AD40B9824CB049500E4124A /* LaunchScreen.storyboard */ = {isa = PBXFileReference; fileEncoding = 4; lastKnownFileType = file.storyboard; name = LaunchScreen.storyboard; path = ItaliaApp/LaunchScreen.storyboard; sourceTree = "<group>"; };
		2AFAC65324C9B7C300E85199 /* ItaliaApp-Bridging-Header.h */ = {isa = PBXFileReference; lastKnownFileType = sourcecode.c.h; path = "ItaliaApp-Bridging-Header.h"; sourceTree = "<group>"; };
		3CA5B0F4CFD44E78900FE43A /* TitilliumSansPro-LightItalic.otf */ = {isa = PBXFileReference; explicitFileType = undefined; fileEncoding = 9; includeInIndex = 0; lastKnownFileType = unknown; name = "TitilliumSansPro-LightItalic.otf"; path = "../assets/fonts/TitilliumSansPro/TitilliumSansPro-LightItalic.otf"; sourceTree = "<group>"; };
		3E5721DADB56490699700FBF /* Titillio-ThinItalic.otf */ = {isa = PBXFileReference; explicitFileType = undefined; fileEncoding = 9; includeInIndex = 0; lastKnownFileType = unknown; name = "Titillio-ThinItalic.otf"; path = "../assets/fonts/Titillio/Titillio-ThinItalic.otf"; sourceTree = "<group>"; };
		4F54E8E3A56A4E139D5DC82D /* Titillio-BoldItalic.otf */ = {isa = PBXFileReference; explicitFileType = undefined; fileEncoding = 9; includeInIndex = 0; lastKnownFileType = unknown; name = "Titillio-BoldItalic.otf"; path = "../assets/fonts/Titillio/Titillio-BoldItalic.otf"; sourceTree = "<group>"; };
		59423B676D254801BFAA4C5E /* Titillio-Extrabold.otf */ = {isa = PBXFileReference; explicitFileType = undefined; fileEncoding = 9; includeInIndex = 0; lastKnownFileType = unknown; name = "Titillio-Extrabold.otf"; path = "../assets/fonts/Titillio/Titillio-Extrabold.otf"; sourceTree = "<group>"; };
		63C062964A43B2B6E44AA4D0 /* Pods-ItaliaApp.canary.xcconfig */ = {isa = PBXFileReference; includeInIndex = 1; lastKnownFileType = text.xcconfig; name = "Pods-ItaliaApp.canary.xcconfig"; path = "Target Support Files/Pods-ItaliaApp/Pods-ItaliaApp.canary.xcconfig"; sourceTree = "<group>"; };
		6B0E3E090B0347B6BD0A41A2 /* Titillio-Semibold.otf */ = {isa = PBXFileReference; explicitFileType = undefined; fileEncoding = 9; includeInIndex = 0; lastKnownFileType = unknown; name = "Titillio-Semibold.otf"; path = "../assets/fonts/Titillio/Titillio-Semibold.otf"; sourceTree = "<group>"; };
		710E428774CA4C718ED747ED /* Titillio-Light.otf */ = {isa = PBXFileReference; explicitFileType = undefined; fileEncoding = 9; includeInIndex = 0; lastKnownFileType = unknown; name = "Titillio-Light.otf"; path = "../assets/fonts/Titillio/Titillio-Light.otf"; sourceTree = "<group>"; };
		71A3E9FDB4AD4D74AB491DA4 /* Titillio-Extrablack.otf */ = {isa = PBXFileReference; explicitFileType = undefined; fileEncoding = 9; includeInIndex = 0; lastKnownFileType = unknown; name = "Titillio-Extrablack.otf"; path = "../assets/fonts/Titillio/Titillio-Extrablack.otf"; sourceTree = "<group>"; };
		7206342A24764B138D864DFF /* Titillio-LightItalic.otf */ = {isa = PBXFileReference; explicitFileType = undefined; fileEncoding = 9; includeInIndex = 0; lastKnownFileType = unknown; name = "Titillio-LightItalic.otf"; path = "../assets/fonts/Titillio/Titillio-LightItalic.otf"; sourceTree = "<group>"; };
		7A83F0572152B12C000C6389 /* ItaliaApp.entitlements */ = {isa = PBXFileReference; lastKnownFileType = text.plist.entitlements; name = ItaliaApp.entitlements; path = ItaliaApp/ItaliaApp.entitlements; sourceTree = "<group>"; };
		872A6A79E0CF4C4DA0AEAF3E /* TitilliumSansPro-BoldItalic.otf */ = {isa = PBXFileReference; explicitFileType = undefined; fileEncoding = 9; includeInIndex = 0; lastKnownFileType = unknown; name = "TitilliumSansPro-BoldItalic.otf"; path = "../assets/fonts/TitilliumSansPro/TitilliumSansPro-BoldItalic.otf"; sourceTree = "<group>"; };
		9205B2AD16D94BDAA69E880E /* Titillio-Black.otf */ = {isa = PBXFileReference; explicitFileType = undefined; fileEncoding = 9; includeInIndex = 0; lastKnownFileType = unknown; name = "Titillio-Black.otf"; path = "../assets/fonts/Titillio/Titillio-Black.otf"; sourceTree = "<group>"; };
		96C2E93186814D36AD451D83 /* Titillio-ExtrablackItalic.otf */ = {isa = PBXFileReference; explicitFileType = undefined; fileEncoding = 9; includeInIndex = 0; lastKnownFileType = unknown; name = "Titillio-ExtrablackItalic.otf"; path = "../assets/fonts/Titillio/Titillio-ExtrablackItalic.otf"; sourceTree = "<group>"; };
		A245EDE7064D4143BF1857DB /* Titillio-Regular.otf */ = {isa = PBXFileReference; explicitFileType = undefined; fileEncoding = 9; includeInIndex = 0; lastKnownFileType = unknown; name = "Titillio-Regular.otf"; path = "../assets/fonts/Titillio/Titillio-Regular.otf"; sourceTree = "<group>"; };
		B242A588B065130DE65386E4 /* Pods-ItaliaApp.debug.xcconfig */ = {isa = PBXFileReference; includeInIndex = 1; lastKnownFileType = text.xcconfig; name = "Pods-ItaliaApp.debug.xcconfig"; path = "Target Support Files/Pods-ItaliaApp/Pods-ItaliaApp.debug.xcconfig"; sourceTree = "<group>"; };
		B551AC402DA55A0E00A4E30F /* AppDelegate.swift */ = {isa = PBXFileReference; lastKnownFileType = sourcecode.swift; path = AppDelegate.swift; sourceTree = "<group>"; };
		B57593872B70FFA400674515 /* de */ = {isa = PBXFileReference; lastKnownFileType = text.plist.strings; name = de; path = de.lproj/InfoPlist.strings; sourceTree = "<group>"; };
		B57593882B70FFA400674515 /* de */ = {isa = PBXFileReference; lastKnownFileType = text.plist.strings; name = de; path = ItaliaApp/de.lproj/Localizable.strings; sourceTree = "<group>"; };
		B57C5DCC2D8B129A00173EF4 /* AppReviewModule.m */ = {isa = PBXFileReference; lastKnownFileType = sourcecode.c.objc; path = AppReviewModule.m; sourceTree = "<group>"; };
		B57C5DCE2D8B12D200173EF4 /* AppReviewModule.swift */ = {isa = PBXFileReference; lastKnownFileType = sourcecode.swift; path = AppReviewModule.swift; sourceTree = "<group>"; };
		B58BBAC865EA4651B828C92B /* Titillio-Bold.otf */ = {isa = PBXFileReference; explicitFileType = undefined; fileEncoding = 9; includeInIndex = 0; lastKnownFileType = unknown; name = "Titillio-Bold.otf"; path = "../assets/fonts/Titillio/Titillio-Bold.otf"; sourceTree = "<group>"; };
		C9E629838F224B4F9823D692 /* Titillio-Thin.otf */ = {isa = PBXFileReference; explicitFileType = undefined; fileEncoding = 9; includeInIndex = 0; lastKnownFileType = unknown; name = "Titillio-Thin.otf"; path = "../assets/fonts/Titillio/Titillio-Thin.otf"; sourceTree = "<group>"; };
		D688263BB87C4DFBA007CD92 /* Titillio-SemiboldItalic.otf */ = {isa = PBXFileReference; explicitFileType = undefined; fileEncoding = 9; includeInIndex = 0; lastKnownFileType = unknown; name = "Titillio-SemiboldItalic.otf"; path = "../assets/fonts/Titillio/Titillio-SemiboldItalic.otf"; sourceTree = "<group>"; };
		E65EB458FCBA5EA05FA80A1F /* Pods-ItaliaApp.release.xcconfig */ = {isa = PBXFileReference; includeInIndex = 1; lastKnownFileType = text.xcconfig; name = "Pods-ItaliaApp.release.xcconfig"; path = "Target Support Files/Pods-ItaliaApp/Pods-ItaliaApp.release.xcconfig"; sourceTree = "<group>"; };
		E8C4B91357FA47018EE5ACF0 /* Titillio-BlackItalic.otf */ = {isa = PBXFileReference; explicitFileType = undefined; fileEncoding = 9; includeInIndex = 0; lastKnownFileType = unknown; name = "Titillio-BlackItalic.otf"; path = "../assets/fonts/Titillio/Titillio-BlackItalic.otf"; sourceTree = "<group>"; };
		ED297162215061F000B7C4FE /* JavaScriptCore.framework */ = {isa = PBXFileReference; lastKnownFileType = wrapper.framework; name = JavaScriptCore.framework; path = System/Library/Frameworks/JavaScriptCore.framework; sourceTree = SDKROOT; };
		F0625E792326820B00EDEF90 /* libReact-RCTImage.a */ = {isa = PBXFileReference; explicitFileType = archive.ar; path = "libReact-RCTImage.a"; sourceTree = BUILT_PRODUCTS_DIR; };
		F0625E7B2326822400EDEF90 /* libReact-RCTImage.a */ = {isa = PBXFileReference; explicitFileType = archive.ar; path = "libReact-RCTImage.a"; sourceTree = BUILT_PRODUCTS_DIR; };
		F09FEB0E231818E3007071DB /* en */ = {isa = PBXFileReference; lastKnownFileType = text.plist.strings; name = en; path = ItaliaApp/en.lproj/Localizable.strings; sourceTree = "<group>"; };
		F09FEB3D231818F0007071DB /* it */ = {isa = PBXFileReference; lastKnownFileType = text.plist.strings; name = it; path = ItaliaApp/it.lproj/Localizable.strings; sourceTree = "<group>"; };
		F2B163022B753C9D00F6E487 /* TitilliumSansPro-Black.otf */ = {isa = PBXFileReference; lastKnownFileType = file; name = "TitilliumSansPro-Black.otf"; path = "../assets/fonts/TitilliumSansPro/TitilliumSansPro-Black.otf"; sourceTree = "<group>"; };
		F2B163032B753C9D00F6E487 /* TitilliumSansPro-Semibold.otf */ = {isa = PBXFileReference; lastKnownFileType = file; name = "TitilliumSansPro-Semibold.otf"; path = "../assets/fonts/TitilliumSansPro/TitilliumSansPro-Semibold.otf"; sourceTree = "<group>"; };
		F2B163072B753C9D00F6E487 /* TitilliumSansPro-Thin.otf */ = {isa = PBXFileReference; lastKnownFileType = file; name = "TitilliumSansPro-Thin.otf"; path = "../assets/fonts/TitilliumSansPro/TitilliumSansPro-Thin.otf"; sourceTree = "<group>"; };
		F2B163092B753C9D00F6E487 /* TitilliumSansPro-Light.otf */ = {isa = PBXFileReference; lastKnownFileType = file; name = "TitilliumSansPro-Light.otf"; path = "../assets/fonts/TitilliumSansPro/TitilliumSansPro-Light.otf"; sourceTree = "<group>"; };
		F2B1630A2B753C9D00F6E487 /* TitilliumSansPro-Regular.otf */ = {isa = PBXFileReference; lastKnownFileType = file; name = "TitilliumSansPro-Regular.otf"; path = "../assets/fonts/TitilliumSansPro/TitilliumSansPro-Regular.otf"; sourceTree = "<group>"; };
		F2B1630C2B753C9D00F6E487 /* TitilliumSansPro-Bold.otf */ = {isa = PBXFileReference; lastKnownFileType = file; name = "TitilliumSansPro-Bold.otf"; path = "../assets/fonts/TitilliumSansPro/TitilliumSansPro-Bold.otf"; sourceTree = "<group>"; };
		F6095D182BC6E01F000EA253 /* PrivacyInfo.xcprivacy */ = {isa = PBXFileReference; fileEncoding = 4; lastKnownFileType = text.xml; name = PrivacyInfo.xcprivacy; path = ItaliaApp/PrivacyInfo.xcprivacy; sourceTree = "<group>"; };
		F820513E31C7443CB7F5A99E /* TitilliumSansPro-ThinItalic.otf */ = {isa = PBXFileReference; explicitFileType = undefined; fileEncoding = 9; includeInIndex = 0; lastKnownFileType = unknown; name = "TitilliumSansPro-ThinItalic.otf"; path = "../assets/fonts/TitilliumSansPro/TitilliumSansPro-ThinItalic.otf"; sourceTree = "<group>"; };
		F9BF48C6EC30493DBDB754CA /* FiraCode-Medium.ttf */ = {isa = PBXFileReference; explicitFileType = undefined; fileEncoding = undefined; includeInIndex = 0; lastKnownFileType = unknown; name = "FiraCode-Medium.ttf"; path = "../assets/fonts/FiraCode/FiraCode-Medium.ttf"; sourceTree = "<group>"; };
/* End PBXFileReference section */

/* Begin PBXFrameworksBuildPhase section */
		13B07F8C1A680F5B00A75B9A /* Frameworks */ = {
			isa = PBXFrameworksBuildPhase;
			buildActionMask = 2147483647;
			files = (
				F0625E7F2326825600EDEF90 /* JavaScriptCore.framework in Frameworks */,
				EC056373020AA03F7D8532D9 /* libPods-ItaliaApp.a in Frameworks */,
			);
			runOnlyForDeploymentPostprocessing = 0;
		};
/* End PBXFrameworksBuildPhase section */

/* Begin PBXGroup section */
		132A5D6B2032B79F00AB7333 /* Recovered References */ = {
			isa = PBXGroup;
			children = (
				ED297162215061F000B7C4FE /* JavaScriptCore.framework */,
			);
			name = "Recovered References";
			sourceTree = "<group>";
		};
		13B07FAE1A68108700A75B9A /* ItaliaApp */ = {
			isa = PBXGroup;
			children = (
				2AD40B9824CB049500E4124A /* LaunchScreen.storyboard */,
				F6095D182BC6E01F000EA253 /* PrivacyInfo.xcprivacy */,
				7A83F0572152B12C000C6389 /* ItaliaApp.entitlements */,
				133638FC213D788900B0C079 /* InfoPlist.strings */,
				008F07F21AC5B25A0029DE68 /* main.jsbundle */,
				13B07FB51A68108700A75B9A /* Images.xcassets */,
				13B07FB61A68108700A75B9A /* Info.plist */,
				F09FEB0D231818E3007071DB /* Localizable.strings */,
				2AFAC65324C9B7C300E85199 /* ItaliaApp-Bridging-Header.h */,
				B551AC402DA55A0E00A4E30F /* AppDelegate.swift */,
			);
			name = ItaliaApp;
			sourceTree = "<group>";
		};
		36F229EFB63F4CD98EF610EC /* Resources */ = {
			isa = PBXGroup;
			children = (
				F2B163022B753C9D00F6E487 /* TitilliumSansPro-Black.otf */,
				F2B1630C2B753C9D00F6E487 /* TitilliumSansPro-Bold.otf */,
				F2B163092B753C9D00F6E487 /* TitilliumSansPro-Light.otf */,
				F2B1630A2B753C9D00F6E487 /* TitilliumSansPro-Regular.otf */,
				F2B163032B753C9D00F6E487 /* TitilliumSansPro-Semibold.otf */,
				F2B163072B753C9D00F6E487 /* TitilliumSansPro-Thin.otf */,
				132CADD7BDBB46C7AB1DC348 /* TitilliumSansPro-BlackItalic.otf */,
				872A6A79E0CF4C4DA0AEAF3E /* TitilliumSansPro-BoldItalic.otf */,
				148E8F80A1D5448DAD5263B7 /* TitilliumSansPro-Italic.otf */,
				3CA5B0F4CFD44E78900FE43A /* TitilliumSansPro-LightItalic.otf */,
				015E4FBE7D1D4C2485C73321 /* TitilliumSansPro-SemiboldItalic.otf */,
				F820513E31C7443CB7F5A99E /* TitilliumSansPro-ThinItalic.otf */,
				9205B2AD16D94BDAA69E880E /* Titillio-Black.otf */,
				E8C4B91357FA47018EE5ACF0 /* Titillio-BlackItalic.otf */,
				B58BBAC865EA4651B828C92B /* Titillio-Bold.otf */,
				4F54E8E3A56A4E139D5DC82D /* Titillio-BoldItalic.otf */,
				71A3E9FDB4AD4D74AB491DA4 /* Titillio-Extrablack.otf */,
				96C2E93186814D36AD451D83 /* Titillio-ExtrablackItalic.otf */,
				59423B676D254801BFAA4C5E /* Titillio-Extrabold.otf */,
				094EE36E37734495BB363E62 /* Titillio-ExtraboldItalic.otf */,
				710E428774CA4C718ED747ED /* Titillio-Light.otf */,
				7206342A24764B138D864DFF /* Titillio-LightItalic.otf */,
				A245EDE7064D4143BF1857DB /* Titillio-Regular.otf */,
				18809C19D0B945658C774D0D /* Titillio-RegularItalic.otf */,
				6B0E3E090B0347B6BD0A41A2 /* Titillio-Semibold.otf */,
				D688263BB87C4DFBA007CD92 /* Titillio-SemiboldItalic.otf */,
				C9E629838F224B4F9823D692 /* Titillio-Thin.otf */,
				3E5721DADB56490699700FBF /* Titillio-ThinItalic.otf */,
				F9BF48C6EC30493DBDB754CA /* FiraCode-Medium.ttf */,
			);
			name = Resources;
			sourceTree = "<group>";
		};
		591602A69619994F43D34A93 /* Pods */ = {
			isa = PBXGroup;
			children = (
				B242A588B065130DE65386E4 /* Pods-ItaliaApp.debug.xcconfig */,
				E65EB458FCBA5EA05FA80A1F /* Pods-ItaliaApp.release.xcconfig */,
				63C062964A43B2B6E44AA4D0 /* Pods-ItaliaApp.canary.xcconfig */,
			);
			path = Pods;
			sourceTree = "<group>";
		};
		832341AE1AAA6A7D00B99B32 /* Libraries */ = {
			isa = PBXGroup;
			children = (
			);
			name = Libraries;
			sourceTree = "<group>";
		};
		83CBB9F61A601CBA00E9B192 = {
			isa = PBXGroup;
			children = (
				B57C5DCE2D8B12D200173EF4 /* AppReviewModule.swift */,
				B57C5DCC2D8B129A00173EF4 /* AppReviewModule.m */,
				194A5D2A1F027F5A0078620E /* Podfile */,
				13B07FAE1A68108700A75B9A /* ItaliaApp */,
				832341AE1AAA6A7D00B99B32 /* Libraries */,
				83CBBA001A601CBA00E9B192 /* Products */,
				36F229EFB63F4CD98EF610EC /* Resources */,
				132A5D6B2032B79F00AB7333 /* Recovered References */,
				D4DC8E1B3B2C5EA1E4968752 /* Frameworks */,
				591602A69619994F43D34A93 /* Pods */,
			);
			indentWidth = 2;
			sourceTree = "<group>";
			tabWidth = 2;
			usesTabs = 0;
		};
		83CBBA001A601CBA00E9B192 /* Products */ = {
			isa = PBXGroup;
			children = (
				13B07F961A680F5B00A75B9A /* IO.app */,
			);
			name = Products;
			sourceTree = "<group>";
		};
		D4DC8E1B3B2C5EA1E4968752 /* Frameworks */ = {
			isa = PBXGroup;
			children = (
				F0625E7B2326822400EDEF90 /* libReact-RCTImage.a */,
				F0625E792326820B00EDEF90 /* libReact-RCTImage.a */,
				22DB90684FEFB1CA71467FD6 /* libPods-ItaliaApp.a */,
			);
			name = Frameworks;
			sourceTree = "<group>";
		};
/* End PBXGroup section */

/* Begin PBXNativeTarget section */
		13B07F861A680F5B00A75B9A /* ItaliaApp */ = {
			isa = PBXNativeTarget;
			buildConfigurationList = 13B07F931A680F5B00A75B9A /* Build configuration list for PBXNativeTarget "ItaliaApp" */;
			buildPhases = (
				0F252B699C890B1793DA31B8 /* [CP] Check Pods Manifest.lock */,
				95AEBF4A23D0A295000598A9 /* Start Packager */,
				13B07F871A680F5B00A75B9A /* Sources */,
				13B07F8C1A680F5B00A75B9A /* Frameworks */,
				13B07F8E1A680F5B00A75B9A /* Resources */,
				00DD1BFF1BD5951E006B06BC /* Bundle React Native code and images */,
				61CC933C2135818C00206602 /* Embed Frameworks */,
				749771495C064EBF91231ED5 /* Upload Debug Symbols to Sentry */,
				E23AA837AE8C328E85F7E88A /* [CP] Embed Pods Frameworks */,
				E75456F6CF8A80246F68EAA7 /* [CP] Copy Pods Resources */,
			);
			buildRules = (
			);
			dependencies = (
			);
			name = ItaliaApp;
			productName = "Hello World";
			productReference = 13B07F961A680F5B00A75B9A /* IO.app */;
			productType = "com.apple.product-type.application";
		};
/* End PBXNativeTarget section */

/* Begin PBXProject section */
		83CBB9F71A601CBA00E9B192 /* Project object */ = {
			isa = PBXProject;
			attributes = {
				LastUpgradeCheck = 1160;
				ORGANIZATIONNAME = "";
				TargetAttributes = {
					00E356ED1AD99517003FC87E = {
						CreatedOnToolsVersion = 6.2;
						DevelopmentTeam = M2X5YQ4BJ7;
						TestTargetID = 13B07F861A680F5B00A75B9A;
					};
					13B07F861A680F5B00A75B9A = {
						DevelopmentTeam = M2X5YQ4BJ7;
						LastSwiftMigration = 1160;
						ProvisioningStyle = Manual;
						SystemCapabilities = {
							com.apple.Push = {
								enabled = 1;
							};
						};
					};
				};
			};
			buildConfigurationList = 83CBB9FA1A601CBA00E9B192 /* Build configuration list for PBXProject "ItaliaApp" */;
			compatibilityVersion = "Xcode 3.2";
			developmentRegion = en;
			hasScannedForEncodings = 0;
			knownRegions = (
				en,
				Base,
				it,
				de,
			);
			mainGroup = 83CBB9F61A601CBA00E9B192;
			productRefGroup = 83CBBA001A601CBA00E9B192 /* Products */;
			projectDirPath = "";
			projectRoot = "";
			targets = (
				13B07F861A680F5B00A75B9A /* ItaliaApp */,
			);
		};
/* End PBXProject section */

/* Begin PBXResourcesBuildPhase section */
		13B07F8E1A680F5B00A75B9A /* Resources */ = {
			isa = PBXResourcesBuildPhase;
			buildActionMask = 2147483647;
			files = (
				133638FA213D788900B0C079 /* InfoPlist.strings in Resources */,
				F2B163152B753C9D00F6E487 /* TitilliumSansPro-Light.otf in Resources */,
				194A5D2B1F027F5A0078620E /* Podfile in Resources */,
				F2B1630F2B753C9D00F6E487 /* TitilliumSansPro-Semibold.otf in Resources */,
				2AD40B9924CB049500E4124A /* LaunchScreen.storyboard in Resources */,
				F09FEB3C231818E3007071DB /* Localizable.strings in Resources */,
				F2B163162B753C9D00F6E487 /* TitilliumSansPro-Regular.otf in Resources */,
				F2B163182B753C9D00F6E487 /* TitilliumSansPro-Bold.otf in Resources */,
				F6095D192BC6E01F000EA253 /* PrivacyInfo.xcprivacy in Resources */,
				F2B1630E2B753C9D00F6E487 /* TitilliumSansPro-Black.otf in Resources */,
				F2B163132B753C9D00F6E487 /* TitilliumSansPro-Thin.otf in Resources */,
				7C18455047A64AC0A9DD442A /* TitilliumSansPro-BlackItalic.otf in Resources */,
				16471906574A44719FD557C5 /* TitilliumSansPro-BoldItalic.otf in Resources */,
				8D51BCD77547410BBC7E6050 /* TitilliumSansPro-Italic.otf in Resources */,
				1024B7E387E34295AFBA19B6 /* TitilliumSansPro-LightItalic.otf in Resources */,
				B572E1E42DC12161009BA244 /* Images.xcassets in Resources */,
				A5C4E8CE93074865A66DFAC1 /* TitilliumSansPro-SemiboldItalic.otf in Resources */,
				45678F6126F1401FB03B1B02 /* TitilliumSansPro-ThinItalic.otf in Resources */,
				13F005FA91AA4EF5BAD12096 /* Titillio-Black.otf in Resources */,
				8DCB405D579147AAB059BEE6 /* Titillio-BlackItalic.otf in Resources */,
				68CE798678EF43669BE56D51 /* Titillio-Bold.otf in Resources */,
				72B66C3DDD7D46A08B942038 /* Titillio-BoldItalic.otf in Resources */,
				D3577FD00169492CB2980CE3 /* Titillio-Extrablack.otf in Resources */,
				65FE1313CE69411888425831 /* Titillio-ExtrablackItalic.otf in Resources */,
				B7B71EAAE496484488FE3751 /* Titillio-Extrabold.otf in Resources */,
				FFED86DEE24140A79B50B6A5 /* Titillio-ExtraboldItalic.otf in Resources */,
				EE925F079133484AB8E0D5D8 /* Titillio-Light.otf in Resources */,
				58585030D26943298D52B5A5 /* Titillio-LightItalic.otf in Resources */,
				FA71BB1E6520449EBC6545D5 /* Titillio-Regular.otf in Resources */,
				76D9756A42724A6C9E607D7F /* Titillio-RegularItalic.otf in Resources */,
				2A46841EACB44850AD32CBA1 /* Titillio-Semibold.otf in Resources */,
				D2245B924B42442CAF4944D5 /* Titillio-SemiboldItalic.otf in Resources */,
				697EE758195E4C198755B4EE /* Titillio-Thin.otf in Resources */,
				1CB9A62CD91A4933BB5021C6 /* Titillio-ThinItalic.otf in Resources */,
				73C78AB456BA498FA470EE9E /* FiraCode-Medium.ttf in Resources */,
			);
			runOnlyForDeploymentPostprocessing = 0;
		};
/* End PBXResourcesBuildPhase section */

/* Begin PBXShellScriptBuildPhase section */
		00DD1BFF1BD5951E006B06BC /* Bundle React Native code and images */ = {
			isa = PBXShellScriptBuildPhase;
			buildActionMask = 2147483647;
			files = (
			);
			inputPaths = (
			);
			name = "Bundle React Native code and images";
			outputPaths = (
			);
			runOnlyForDeploymentPostprocessing = 0;
			shellPath = /bin/sh;
			shellScript = "set -e\n\nWITH_ENVIRONMENT=\"$REACT_NATIVE_PATH/scripts/xcode/with-environment.sh\"\nREACT_NATIVE_XCODE=\"$REACT_NATIVE_PATH/scripts/react-native-xcode.sh\"\n\n/bin/sh -c \"$WITH_ENVIRONMENT $REACT_NATIVE_XCODE\"\n";
		};
		0F252B699C890B1793DA31B8 /* [CP] Check Pods Manifest.lock */ = {
			isa = PBXShellScriptBuildPhase;
			buildActionMask = 2147483647;
			files = (
			);
			inputFileListPaths = (
			);
			inputPaths = (
				"${PODS_PODFILE_DIR_PATH}/Podfile.lock",
				"${PODS_ROOT}/Manifest.lock",
			);
			name = "[CP] Check Pods Manifest.lock";
			outputFileListPaths = (
			);
			outputPaths = (
				"$(DERIVED_FILE_DIR)/Pods-ItaliaApp-checkManifestLockResult.txt",
			);
			runOnlyForDeploymentPostprocessing = 0;
			shellPath = /bin/sh;
			shellScript = "diff \"${PODS_PODFILE_DIR_PATH}/Podfile.lock\" \"${PODS_ROOT}/Manifest.lock\" > /dev/null\nif [ $? != 0 ] ; then\n    # print error to STDERR\n    echo \"error: The sandbox is not in sync with the Podfile.lock. Run 'pod install' or update your CocoaPods installation.\" >&2\n    exit 1\nfi\n# This output is used by Xcode 'outputs' to avoid re-running this script phase.\necho \"SUCCESS\" > \"${SCRIPT_OUTPUT_FILE_0}\"\n";
			showEnvVarsInLog = 0;
		};
		749771495C064EBF91231ED5 /* Upload Debug Symbols to Sentry */ = {
			isa = PBXShellScriptBuildPhase;
			buildActionMask = 2147483647;
			files = (
			);
			inputPaths = (
			);
			name = "Upload Debug Symbols to Sentry";
			outputPaths = (
			);
			runOnlyForDeploymentPostprocessing = 0;
			shellPath = /bin/sh;
			shellScript = "/bin/sh ../node_modules/@sentry/react-native/scripts/sentry-xcode-debug-files.sh";
		};
		95AEBF4A23D0A295000598A9 /* Start Packager */ = {
			isa = PBXShellScriptBuildPhase;
			buildActionMask = 2147483647;
			files = (
			);
			inputFileListPaths = (
			);
			inputPaths = (
			);
			name = "Start Packager";
			outputFileListPaths = (
			);
			outputPaths = (
			);
			runOnlyForDeploymentPostprocessing = 0;
			shellPath = /bin/sh;
			shellScript = "# Type a script or drag a script file from your workspace to insert its path.\nexport RCT_METRO_PORT=\"${RCT_METRO_PORT:=8081}\"\necho \"export RCT_METRO_PORT=${RCT_METRO_PORT}\" > \"${SRCROOT}/../node_modules/react-native/scripts/.packager.env\"\nif [ -z \"${RCT_NO_LAUNCH_PACKAGER+xxx}\" ] ; then\nif nc -w 5 -z localhost ${RCT_METRO_PORT} ; then\nif ! curl -s \"http://localhost:${RCT_METRO_PORT}/status\" | grep -q \"packager-status:running\" ; then\necho \"Port ${RCT_METRO_PORT} already in use, packager is either not running or not running correctly\"\nexit 2\nfi\nelse\nopen \"$SRCROOT/../node_modules/react-native/scripts/launchPackager.command\" || echo \"Can't start packager automatically\"\nfi\nfi\n";
		};
		E23AA837AE8C328E85F7E88A /* [CP] Embed Pods Frameworks */ = {
			isa = PBXShellScriptBuildPhase;
			buildActionMask = 2147483647;
			files = (
			);
			inputPaths = (
				"${PODS_ROOT}/Target Support Files/Pods-ItaliaApp/Pods-ItaliaApp-frameworks.sh",
				"${PODS_XCFRAMEWORKS_BUILD_DIR}/CieSDK/CieSDK.framework/CieSDK",
				"${PODS_XCFRAMEWORKS_BUILD_DIR}/IOWalletCBOR/IOWalletCBOR.framework/IOWalletCBOR",
				"${PODS_XCFRAMEWORKS_BUILD_DIR}/IOWalletProximity/IOWalletProximity.framework/IOWalletProximity",
				"${PODS_XCFRAMEWORKS_BUILD_DIR}/OpenSSL-Universal/OpenSSL.framework/OpenSSL",
				"${PODS_XCFRAMEWORKS_BUILD_DIR}/ZendeskAnswerBotProvidersSDK/AnswerBotProvidersSDK.framework/AnswerBotProvidersSDK",
				"${PODS_XCFRAMEWORKS_BUILD_DIR}/ZendeskAnswerBotSDK/AnswerBotSDK.framework/AnswerBotSDK",
				"${PODS_XCFRAMEWORKS_BUILD_DIR}/ZendeskChatProvidersSDK/ChatProvidersSDK.framework/ChatProvidersSDK",
				"${PODS_XCFRAMEWORKS_BUILD_DIR}/ZendeskChatSDK/ChatSDK.framework/ChatSDK",
				"${PODS_XCFRAMEWORKS_BUILD_DIR}/ZendeskCommonUISDK/CommonUISDK.framework/CommonUISDK",
				"${PODS_XCFRAMEWORKS_BUILD_DIR}/ZendeskCoreSDK/ZendeskCoreSDK.framework/ZendeskCoreSDK",
				"${PODS_XCFRAMEWORKS_BUILD_DIR}/ZendeskMessagingAPISDK/MessagingAPI.framework/MessagingAPI",
				"${PODS_XCFRAMEWORKS_BUILD_DIR}/ZendeskMessagingSDK/MessagingSDK.framework/MessagingSDK",
				"${PODS_XCFRAMEWORKS_BUILD_DIR}/ZendeskSDKConfigurationsSDK/SDKConfigurations.framework/SDKConfigurations",
				"${PODS_XCFRAMEWORKS_BUILD_DIR}/ZendeskSupportProvidersSDK/SupportProvidersSDK.framework/SupportProvidersSDK",
				"${PODS_XCFRAMEWORKS_BUILD_DIR}/ZendeskSupportSDK/SupportSDK.framework/SupportSDK",
				"${PODS_XCFRAMEWORKS_BUILD_DIR}/hermes-engine/Pre-built/hermes.framework/hermes",
			);
			name = "[CP] Embed Pods Frameworks";
			outputPaths = (
				"${TARGET_BUILD_DIR}/${FRAMEWORKS_FOLDER_PATH}/CieSDK.framework",
				"${TARGET_BUILD_DIR}/${FRAMEWORKS_FOLDER_PATH}/IOWalletCBOR.framework",
				"${TARGET_BUILD_DIR}/${FRAMEWORKS_FOLDER_PATH}/IOWalletProximity.framework",
				"${TARGET_BUILD_DIR}/${FRAMEWORKS_FOLDER_PATH}/OpenSSL.framework",
				"${TARGET_BUILD_DIR}/${FRAMEWORKS_FOLDER_PATH}/AnswerBotProvidersSDK.framework",
				"${TARGET_BUILD_DIR}/${FRAMEWORKS_FOLDER_PATH}/AnswerBotSDK.framework",
				"${TARGET_BUILD_DIR}/${FRAMEWORKS_FOLDER_PATH}/ChatProvidersSDK.framework",
				"${TARGET_BUILD_DIR}/${FRAMEWORKS_FOLDER_PATH}/ChatSDK.framework",
				"${TARGET_BUILD_DIR}/${FRAMEWORKS_FOLDER_PATH}/CommonUISDK.framework",
				"${TARGET_BUILD_DIR}/${FRAMEWORKS_FOLDER_PATH}/ZendeskCoreSDK.framework",
				"${TARGET_BUILD_DIR}/${FRAMEWORKS_FOLDER_PATH}/MessagingAPI.framework",
				"${TARGET_BUILD_DIR}/${FRAMEWORKS_FOLDER_PATH}/MessagingSDK.framework",
				"${TARGET_BUILD_DIR}/${FRAMEWORKS_FOLDER_PATH}/SDKConfigurations.framework",
				"${TARGET_BUILD_DIR}/${FRAMEWORKS_FOLDER_PATH}/SupportProvidersSDK.framework",
				"${TARGET_BUILD_DIR}/${FRAMEWORKS_FOLDER_PATH}/SupportSDK.framework",
				"${TARGET_BUILD_DIR}/${FRAMEWORKS_FOLDER_PATH}/hermes.framework",
			);
			runOnlyForDeploymentPostprocessing = 0;
			shellPath = /bin/sh;
			shellScript = "\"${PODS_ROOT}/Target Support Files/Pods-ItaliaApp/Pods-ItaliaApp-frameworks.sh\"\n";
			showEnvVarsInLog = 0;
		};
		E75456F6CF8A80246F68EAA7 /* [CP] Copy Pods Resources */ = {
			isa = PBXShellScriptBuildPhase;
			buildActionMask = 2147483647;
			files = (
			);
			inputPaths = (
				"${PODS_ROOT}/Target Support Files/Pods-ItaliaApp/Pods-ItaliaApp-resources.sh",
				"${PODS_CONFIGURATION_BUILD_DIR}/Alamofire/Alamofire.bundle",
				"${PODS_CONFIGURATION_BUILD_DIR}/RCT-Folly/RCT-Folly_privacy.bundle",
				"${PODS_CONFIGURATION_BUILD_DIR}/RNCAsyncStorage/RNCAsyncStorage_resources.bundle",
				"${PODS_CONFIGURATION_BUILD_DIR}/RNDeviceInfo/RNDeviceInfoPrivacyInfo.bundle",
				"${PODS_CONFIGURATION_BUILD_DIR}/RNPermissions/RNPermissionsPrivacyInfo.bundle",
				"${PODS_CONFIGURATION_BUILD_DIR}/RNSVG/RNSVGFilters.bundle",
				"${PODS_CONFIGURATION_BUILD_DIR}/React-Core/React-Core_privacy.bundle",
				"${PODS_CONFIGURATION_BUILD_DIR}/React-cxxreact/React-cxxreact_privacy.bundle",
				"${PODS_CONFIGURATION_BUILD_DIR}/Sentry/Sentry.bundle",
				"${PODS_CONFIGURATION_BUILD_DIR}/boost/boost_privacy.bundle",
				"${PODS_CONFIGURATION_BUILD_DIR}/glog/glog_privacy.bundle",
				"${PODS_CONFIGURATION_BUILD_DIR}/react-native-image-picker/RNImagePickerPrivacyInfo.bundle",
			);
			name = "[CP] Copy Pods Resources";
			outputPaths = (
				"${TARGET_BUILD_DIR}/${UNLOCALIZED_RESOURCES_FOLDER_PATH}/Alamofire.bundle",
				"${TARGET_BUILD_DIR}/${UNLOCALIZED_RESOURCES_FOLDER_PATH}/RCT-Folly_privacy.bundle",
				"${TARGET_BUILD_DIR}/${UNLOCALIZED_RESOURCES_FOLDER_PATH}/RNCAsyncStorage_resources.bundle",
				"${TARGET_BUILD_DIR}/${UNLOCALIZED_RESOURCES_FOLDER_PATH}/RNDeviceInfoPrivacyInfo.bundle",
				"${TARGET_BUILD_DIR}/${UNLOCALIZED_RESOURCES_FOLDER_PATH}/RNPermissionsPrivacyInfo.bundle",
				"${TARGET_BUILD_DIR}/${UNLOCALIZED_RESOURCES_FOLDER_PATH}/RNSVGFilters.bundle",
				"${TARGET_BUILD_DIR}/${UNLOCALIZED_RESOURCES_FOLDER_PATH}/React-Core_privacy.bundle",
				"${TARGET_BUILD_DIR}/${UNLOCALIZED_RESOURCES_FOLDER_PATH}/React-cxxreact_privacy.bundle",
				"${TARGET_BUILD_DIR}/${UNLOCALIZED_RESOURCES_FOLDER_PATH}/Sentry.bundle",
				"${TARGET_BUILD_DIR}/${UNLOCALIZED_RESOURCES_FOLDER_PATH}/boost_privacy.bundle",
				"${TARGET_BUILD_DIR}/${UNLOCALIZED_RESOURCES_FOLDER_PATH}/glog_privacy.bundle",
				"${TARGET_BUILD_DIR}/${UNLOCALIZED_RESOURCES_FOLDER_PATH}/RNImagePickerPrivacyInfo.bundle",
			);
			runOnlyForDeploymentPostprocessing = 0;
			shellPath = /bin/sh;
			shellScript = "\"${PODS_ROOT}/Target Support Files/Pods-ItaliaApp/Pods-ItaliaApp-resources.sh\"\n";
			showEnvVarsInLog = 0;
		};
/* End PBXShellScriptBuildPhase section */

/* Begin PBXSourcesBuildPhase section */
		13B07F871A680F5B00A75B9A /* Sources */ = {
			isa = PBXSourcesBuildPhase;
			buildActionMask = 2147483647;
			files = (
				B57C5DCD2D8B12A500173EF4 /* AppReviewModule.m in Sources */,
				B57C5DCF2D8B12DC00173EF4 /* AppReviewModule.swift in Sources */,
				B551AC412DA55A0E00A4E30F /* AppDelegate.swift in Sources */,
			);
			runOnlyForDeploymentPostprocessing = 0;
		};
/* End PBXSourcesBuildPhase section */

/* Begin PBXVariantGroup section */
		133638FC213D788900B0C079 /* InfoPlist.strings */ = {
			isa = PBXVariantGroup;
			children = (
				133638FB213D788900B0C079 /* en */,
				133638FD213D78DB00B0C079 /* it */,
				B57593872B70FFA400674515 /* de */,
			);
			name = InfoPlist.strings;
			path = ItaliaApp;
			sourceTree = "<group>";
		};
		F09FEB0D231818E3007071DB /* Localizable.strings */ = {
			isa = PBXVariantGroup;
			children = (
				F09FEB0E231818E3007071DB /* en */,
				F09FEB3D231818F0007071DB /* it */,
				B57593882B70FFA400674515 /* de */,
			);
			name = Localizable.strings;
			sourceTree = "<group>";
		};
/* End PBXVariantGroup section */

/* Begin XCBuildConfiguration section */
		13B07F941A680F5B00A75B9A /* Debug */ = {
			isa = XCBuildConfiguration;
			baseConfigurationReference = B242A588B065130DE65386E4 /* Pods-ItaliaApp.debug.xcconfig */;
			buildSettings = {
				ALWAYS_EMBED_SWIFT_STANDARD_LIBRARIES = YES;
				ASSETCATALOG_COMPILER_APPICON_NAME = AppIcon;
				ASSETCATALOG_COMPILER_INCLUDE_ALL_APPICON_ASSETS = YES;
				CLANG_ENABLE_MODULES = YES;
				CODE_SIGN_ENTITLEMENTS = ItaliaApp/ItaliaApp.entitlements;
				CODE_SIGN_IDENTITY = "iPhone Developer";
				"CODE_SIGN_IDENTITY[sdk=iphoneos*]" = "iPhone Developer";
				CURRENT_PROJECT_VERSION = 7677;
				DEAD_CODE_STRIPPING = YES;
				DEVELOPMENT_TEAM = M2X5YQ4BJ7;
				ENABLE_BITCODE = NO;
				HEADER_SEARCH_PATHS = "$(inherited)";
				INFOPLIST_FILE = ItaliaApp/Info.plist;
				INFOPLIST_OTHER_PREPROCESSOR_FLAGS = "-traditional";
				INFOPLIST_PREFIX_HEADER = "${BUILD_DIR}/GeneratedInfoPlistDotEnv.h";
				INFOPLIST_PREPROCESS = NO;
				IPHONEOS_DEPLOYMENT_TARGET = 14.0;
				LD_RUNPATH_SEARCH_PATHS = "$(inherited) @executable_path/Frameworks";
				OTHER_LDFLAGS = (
					"$(inherited)",
					"-ObjC",
					"-lc++",
				);
				PRODUCT_BUNDLE_IDENTIFIER = it.pagopa.app.io;
				PRODUCT_NAME = IO;
				PROVISIONING_PROFILE = "0848c226-68ec-4314-ad27-50803db95257";
				PROVISIONING_PROFILE_SPECIFIER = "match Development it.pagopa.app.io";
				SWIFT_OBJC_BRIDGING_HEADER = "ItaliaApp-Bridging-Header.h";
				SWIFT_OPTIMIZATION_LEVEL = "-Onone";
				SWIFT_VERSION = 5.2;
				VERSIONING_SYSTEM = "apple-generic";
			};
			name = Debug;
		};
		13B07F951A680F5B00A75B9A /* Release */ = {
			isa = XCBuildConfiguration;
			baseConfigurationReference = E65EB458FCBA5EA05FA80A1F /* Pods-ItaliaApp.release.xcconfig */;
			buildSettings = {
				ALWAYS_EMBED_SWIFT_STANDARD_LIBRARIES = YES;
				ASSETCATALOG_COMPILER_APPICON_NAME = AppIcon;
				ASSETCATALOG_COMPILER_INCLUDE_ALL_APPICON_ASSETS = YES;
				CLANG_ENABLE_MODULES = YES;
				CODE_SIGN_ENTITLEMENTS = ItaliaApp/ItaliaApp.entitlements;
				CODE_SIGN_IDENTITY = "iPhone Distribution";
				"CODE_SIGN_IDENTITY[sdk=iphoneos*]" = "iPhone Distribution";
				CURRENT_PROJECT_VERSION = 7677;
				DEAD_CODE_STRIPPING = YES;
				DEVELOPMENT_TEAM = M2X5YQ4BJ7;
				ENABLE_BITCODE = NO;
				HEADER_SEARCH_PATHS = "$(inherited)";
				INFOPLIST_FILE = ItaliaApp/Info.plist;
				INFOPLIST_OTHER_PREPROCESSOR_FLAGS = "-traditional";
				INFOPLIST_PREFIX_HEADER = "${BUILD_DIR}/GeneratedInfoPlistDotEnv.h";
				INFOPLIST_PREPROCESS = NO;
				IPHONEOS_DEPLOYMENT_TARGET = 14.0;
				LD_RUNPATH_SEARCH_PATHS = "$(inherited) @executable_path/Frameworks";
				OTHER_LDFLAGS = (
					"$(inherited)",
					"-ObjC",
					"-lc++",
				);
				PRODUCT_BUNDLE_IDENTIFIER = it.pagopa.app.io;
				PRODUCT_NAME = IO;
				PROVISIONING_PROFILE = "0848c226-68ec-4314-ad27-50803db95257";
				PROVISIONING_PROFILE_SPECIFIER = "match AppStore it.pagopa.app.io";
				SWIFT_OBJC_BRIDGING_HEADER = "ItaliaApp-Bridging-Header.h";
				SWIFT_VERSION = 5.2;
				VERSIONING_SYSTEM = "apple-generic";
			};
			name = Release;
		};
		83CBBA201A601CBA00E9B192 /* Debug */ = {
			isa = XCBuildConfiguration;
			buildSettings = {
				ALWAYS_SEARCH_USER_PATHS = NO;
				CC = "";
				CLANG_ANALYZER_LOCALIZABILITY_NONLOCALIZED = YES;
				CLANG_CXX_LANGUAGE_STANDARD = "c++20";
				CLANG_CXX_LIBRARY = "libc++";
				CLANG_ENABLE_MODULES = YES;
				CLANG_ENABLE_OBJC_ARC = YES;
				CLANG_WARN_BLOCK_CAPTURE_AUTORELEASING = YES;
				CLANG_WARN_BOOL_CONVERSION = YES;
				CLANG_WARN_COMMA = YES;
				CLANG_WARN_CONSTANT_CONVERSION = YES;
				CLANG_WARN_DEPRECATED_OBJC_IMPLEMENTATIONS = YES;
				CLANG_WARN_DIRECT_OBJC_ISA_USAGE = YES_ERROR;
				CLANG_WARN_EMPTY_BODY = YES;
				CLANG_WARN_ENUM_CONVERSION = YES;
				CLANG_WARN_INFINITE_RECURSION = YES;
				CLANG_WARN_INT_CONVERSION = YES;
				CLANG_WARN_NON_LITERAL_NULL_CONVERSION = YES;
				CLANG_WARN_OBJC_IMPLICIT_RETAIN_SELF = YES;
				CLANG_WARN_OBJC_LITERAL_CONVERSION = YES;
				CLANG_WARN_OBJC_ROOT_CLASS = YES_ERROR;
				CLANG_WARN_RANGE_LOOP_ANALYSIS = YES;
				CLANG_WARN_STRICT_PROTOTYPES = YES;
				CLANG_WARN_SUSPICIOUS_MOVE = YES;
				CLANG_WARN_UNREACHABLE_CODE = YES;
				CLANG_WARN__DUPLICATE_METHOD_MATCH = YES;
				COPY_PHASE_STRIP = NO;
				CXX = "";
				ENABLE_STRICT_OBJC_MSGSEND = YES;
				ENABLE_TESTABILITY = YES;
				"EXCLUDED_ARCHS[sdk=iphonesimulator*]" = i386;
				GCC_C_LANGUAGE_STANDARD = gnu99;
				GCC_DYNAMIC_NO_PIC = NO;
				GCC_NO_COMMON_BLOCKS = YES;
				GCC_OPTIMIZATION_LEVEL = 0;
				GCC_PREPROCESSOR_DEFINITIONS = (
					"DEBUG=1",
					"$(inherited)",
					_LIBCPP_ENABLE_CXX17_REMOVED_UNARY_BINARY_FUNCTION,
				);
				GCC_SYMBOLS_PRIVATE_EXTERN = NO;
				GCC_WARN_64_TO_32_BIT_CONVERSION = YES;
				GCC_WARN_ABOUT_RETURN_TYPE = YES_ERROR;
				GCC_WARN_UNDECLARED_SELECTOR = YES;
				GCC_WARN_UNINITIALIZED_AUTOS = YES_AGGRESSIVE;
				GCC_WARN_UNUSED_FUNCTION = YES;
				GCC_WARN_UNUSED_VARIABLE = YES;
				IPHONEOS_DEPLOYMENT_TARGET = 14.0;
				LD = "";
				LDPLUSPLUS = "";
				LD_RUNPATH_SEARCH_PATHS = "/usr/lib/swift $(inherited)";
				LIBRARY_SEARCH_PATHS = (
					"\"$(TOOLCHAIN_DIR)/usr/lib/swift/$(PLATFORM_NAME)\"",
					"\"$(inherited)\"",
					"\"$(SDKROOT)/usr/lib/swift\"",
				);
				MTL_ENABLE_DEBUG_INFO = YES;
				ONLY_ACTIVE_ARCH = YES;
				OTHER_CFLAGS = "$(inherited)";
				OTHER_CPLUSPLUSFLAGS = "$(inherited)";
				OTHER_LDFLAGS = "$(inherited)";
				REACT_NATIVE_PATH = "${PODS_ROOT}/../../node_modules/react-native";
				SDKROOT = iphoneos;
				SWIFT_ACTIVE_COMPILATION_CONDITIONS = "$(inherited) DEBUG";
				USE_HERMES = true;
			};
			name = Debug;
		};
		83CBBA211A601CBA00E9B192 /* Release */ = {
			isa = XCBuildConfiguration;
			buildSettings = {
				ALWAYS_SEARCH_USER_PATHS = NO;
				CC = "";
				CLANG_ANALYZER_LOCALIZABILITY_NONLOCALIZED = YES;
				CLANG_CXX_LANGUAGE_STANDARD = "c++20";
				CLANG_CXX_LIBRARY = "libc++";
				CLANG_ENABLE_MODULES = YES;
				CLANG_ENABLE_OBJC_ARC = YES;
				CLANG_WARN_BLOCK_CAPTURE_AUTORELEASING = YES;
				CLANG_WARN_BOOL_CONVERSION = YES;
				CLANG_WARN_COMMA = YES;
				CLANG_WARN_CONSTANT_CONVERSION = YES;
				CLANG_WARN_DEPRECATED_OBJC_IMPLEMENTATIONS = YES;
				CLANG_WARN_DIRECT_OBJC_ISA_USAGE = YES_ERROR;
				CLANG_WARN_EMPTY_BODY = YES;
				CLANG_WARN_ENUM_CONVERSION = YES;
				CLANG_WARN_INFINITE_RECURSION = YES;
				CLANG_WARN_INT_CONVERSION = YES;
				CLANG_WARN_NON_LITERAL_NULL_CONVERSION = YES;
				CLANG_WARN_OBJC_IMPLICIT_RETAIN_SELF = YES;
				CLANG_WARN_OBJC_LITERAL_CONVERSION = YES;
				CLANG_WARN_OBJC_ROOT_CLASS = YES_ERROR;
				CLANG_WARN_RANGE_LOOP_ANALYSIS = YES;
				CLANG_WARN_STRICT_PROTOTYPES = YES;
				CLANG_WARN_SUSPICIOUS_MOVE = YES;
				CLANG_WARN_UNREACHABLE_CODE = YES;
				CLANG_WARN__DUPLICATE_METHOD_MATCH = YES;
				"CODE_SIGN_IDENTITY[sdk=iphoneos*]" = "iPhone Developer";
				COPY_PHASE_STRIP = YES;
				CXX = "";
				ENABLE_NS_ASSERTIONS = NO;
				ENABLE_STRICT_OBJC_MSGSEND = YES;
				"EXCLUDED_ARCHS[sdk=iphonesimulator*]" = i386;
				GCC_C_LANGUAGE_STANDARD = gnu99;
				GCC_NO_COMMON_BLOCKS = YES;
				GCC_PREPROCESSOR_DEFINITIONS = (
					"$(inherited)",
					_LIBCPP_ENABLE_CXX17_REMOVED_UNARY_BINARY_FUNCTION,
				);
				GCC_WARN_64_TO_32_BIT_CONVERSION = YES;
				GCC_WARN_ABOUT_RETURN_TYPE = YES_ERROR;
				GCC_WARN_UNDECLARED_SELECTOR = YES;
				GCC_WARN_UNINITIALIZED_AUTOS = YES_AGGRESSIVE;
				GCC_WARN_UNUSED_FUNCTION = YES;
				GCC_WARN_UNUSED_VARIABLE = YES;
				IPHONEOS_DEPLOYMENT_TARGET = 14.0;
				LD = "";
				LDPLUSPLUS = "";
				LD_RUNPATH_SEARCH_PATHS = "/usr/lib/swift $(inherited)";
				LIBRARY_SEARCH_PATHS = (
					"\"$(TOOLCHAIN_DIR)/usr/lib/swift/$(PLATFORM_NAME)\"",
					"\"$(inherited)\"",
					"\"$(SDKROOT)/usr/lib/swift\"",
				);
				MTL_ENABLE_DEBUG_INFO = NO;
				OTHER_CFLAGS = "$(inherited)";
				OTHER_CPLUSPLUSFLAGS = "$(inherited)";
				OTHER_LDFLAGS = "$(inherited)";
				REACT_NATIVE_PATH = "${PODS_ROOT}/../../node_modules/react-native";
				SDKROOT = iphoneos;
				USE_HERMES = true;
				VALIDATE_PRODUCT = YES;
			};
			name = Release;
		};
		B5B0AB482D09EF680022D03F /* Canary */ = {
			isa = XCBuildConfiguration;
			buildSettings = {
				ALWAYS_SEARCH_USER_PATHS = NO;
				CC = "";
				CLANG_ANALYZER_LOCALIZABILITY_NONLOCALIZED = YES;
				CLANG_CXX_LANGUAGE_STANDARD = "c++20";
				CLANG_CXX_LIBRARY = "libc++";
				CLANG_ENABLE_MODULES = YES;
				CLANG_ENABLE_OBJC_ARC = YES;
				CLANG_WARN_BLOCK_CAPTURE_AUTORELEASING = YES;
				CLANG_WARN_BOOL_CONVERSION = YES;
				CLANG_WARN_COMMA = YES;
				CLANG_WARN_CONSTANT_CONVERSION = YES;
				CLANG_WARN_DEPRECATED_OBJC_IMPLEMENTATIONS = YES;
				CLANG_WARN_DIRECT_OBJC_ISA_USAGE = YES_ERROR;
				CLANG_WARN_EMPTY_BODY = YES;
				CLANG_WARN_ENUM_CONVERSION = YES;
				CLANG_WARN_INFINITE_RECURSION = YES;
				CLANG_WARN_INT_CONVERSION = YES;
				CLANG_WARN_NON_LITERAL_NULL_CONVERSION = YES;
				CLANG_WARN_OBJC_IMPLICIT_RETAIN_SELF = YES;
				CLANG_WARN_OBJC_LITERAL_CONVERSION = YES;
				CLANG_WARN_OBJC_ROOT_CLASS = YES_ERROR;
				CLANG_WARN_RANGE_LOOP_ANALYSIS = YES;
				CLANG_WARN_STRICT_PROTOTYPES = YES;
				CLANG_WARN_SUSPICIOUS_MOVE = YES;
				CLANG_WARN_UNREACHABLE_CODE = YES;
				CLANG_WARN__DUPLICATE_METHOD_MATCH = YES;
				"CODE_SIGN_IDENTITY[sdk=iphoneos*]" = "iPhone Developer";
				COPY_PHASE_STRIP = YES;
				CXX = "";
				ENABLE_NS_ASSERTIONS = NO;
				ENABLE_STRICT_OBJC_MSGSEND = YES;
				"EXCLUDED_ARCHS[sdk=iphonesimulator*]" = i386;
				GCC_C_LANGUAGE_STANDARD = gnu99;
				GCC_NO_COMMON_BLOCKS = YES;
				GCC_PREPROCESSOR_DEFINITIONS = (
					"$(inherited)",
					_LIBCPP_ENABLE_CXX17_REMOVED_UNARY_BINARY_FUNCTION,
				);
				GCC_WARN_64_TO_32_BIT_CONVERSION = YES;
				GCC_WARN_ABOUT_RETURN_TYPE = YES_ERROR;
				GCC_WARN_UNDECLARED_SELECTOR = YES;
				GCC_WARN_UNINITIALIZED_AUTOS = YES_AGGRESSIVE;
				GCC_WARN_UNUSED_FUNCTION = YES;
				GCC_WARN_UNUSED_VARIABLE = YES;
				IPHONEOS_DEPLOYMENT_TARGET = 14.0;
				LD = "";
				LDPLUSPLUS = "";
				LD_RUNPATH_SEARCH_PATHS = "/usr/lib/swift $(inherited)";
				LIBRARY_SEARCH_PATHS = (
					"\"$(TOOLCHAIN_DIR)/usr/lib/swift/$(PLATFORM_NAME)\"",
					"\"$(inherited)\"",
					"\"$(SDKROOT)/usr/lib/swift\"",
				);
				MTL_ENABLE_DEBUG_INFO = NO;
				OTHER_CFLAGS = "$(inherited)";
				OTHER_CPLUSPLUSFLAGS = "$(inherited)";
				OTHER_LDFLAGS = "$(inherited)";
				REACT_NATIVE_PATH = "${PODS_ROOT}/../../node_modules/react-native";
				SDKROOT = iphoneos;
				USE_HERMES = true;
				VALIDATE_PRODUCT = YES;
			};
			name = Canary;
		};
		B5B0AB492D09EF680022D03F /* Canary */ = {
			isa = XCBuildConfiguration;
			baseConfigurationReference = 63C062964A43B2B6E44AA4D0 /* Pods-ItaliaApp.canary.xcconfig */;
			buildSettings = {
				ALWAYS_EMBED_SWIFT_STANDARD_LIBRARIES = YES;
				ASSETCATALOG_COMPILER_APPICON_NAME = AppIconCanary;
				ASSETCATALOG_COMPILER_INCLUDE_ALL_APPICON_ASSETS = YES;
				CLANG_ENABLE_MODULES = YES;
				CODE_SIGN_ENTITLEMENTS = ItaliaApp/ItaliaApp.entitlements;
				CODE_SIGN_IDENTITY = "Apple Development";
				"CODE_SIGN_IDENTITY[sdk=iphoneos*]" = "iPhone Distribution";
				CODE_SIGN_STYLE = Manual;
				CURRENT_PROJECT_VERSION = 7677;
				DEAD_CODE_STRIPPING = YES;
				DEVELOPMENT_TEAM = "";
				"DEVELOPMENT_TEAM[sdk=iphoneos*]" = M2X5YQ4BJ7;
				ENABLE_BITCODE = NO;
				HEADER_SEARCH_PATHS = "$(inherited)";
				INFOPLIST_FILE = ItaliaApp/Info.plist;
				INFOPLIST_OTHER_PREPROCESSOR_FLAGS = "-traditional";
				INFOPLIST_PREFIX_HEADER = "${BUILD_DIR}/GeneratedInfoPlistDotEnv.h";
				INFOPLIST_PREPROCESS = NO;
				IPHONEOS_DEPLOYMENT_TARGET = 14.0;
				LD_RUNPATH_SEARCH_PATHS = "$(inherited) @executable_path/Frameworks";
				OTHER_LDFLAGS = (
					"$(inherited)",
					"-ObjC",
					"-lc++",
				);
				PRODUCT_BUNDLE_IDENTIFIER = it.pagopa.app.io.canary;
				PRODUCT_NAME = IO;
				PROVISIONING_PROFILE = "0848c226-68ec-4314-ad27-50803db95257";
				PROVISIONING_PROFILE_SPECIFIER = "";
				"PROVISIONING_PROFILE_SPECIFIER[sdk=iphoneos*]" = "match AppStore it.pagopa.app.io.canary";
				SWIFT_OBJC_BRIDGING_HEADER = "ItaliaApp-Bridging-Header.h";
				SWIFT_VERSION = 5.2;
				VERSIONING_SYSTEM = "apple-generic";
			};
			name = Canary;
		};
/* End XCBuildConfiguration section */

/* Begin XCConfigurationList section */
		13B07F931A680F5B00A75B9A /* Build configuration list for PBXNativeTarget "ItaliaApp" */ = {
			isa = XCConfigurationList;
			buildConfigurations = (
				13B07F941A680F5B00A75B9A /* Debug */,
				13B07F951A680F5B00A75B9A /* Release */,
				B5B0AB492D09EF680022D03F /* Canary */,
			);
			defaultConfigurationIsVisible = 0;
			defaultConfigurationName = Release;
		};
		83CBB9FA1A601CBA00E9B192 /* Build configuration list for PBXProject "ItaliaApp" */ = {
			isa = XCConfigurationList;
			buildConfigurations = (
				83CBBA201A601CBA00E9B192 /* Debug */,
				83CBBA211A601CBA00E9B192 /* Release */,
				B5B0AB482D09EF680022D03F /* Canary */,
			);
			defaultConfigurationIsVisible = 0;
			defaultConfigurationName = Release;
		};
/* End XCConfigurationList section */
	};
	rootObject = 83CBB9F71A601CBA00E9B192 /* Project object */;
}
